{
  "version": 4,
  "terraform_version": "1.12.2",
  "serial": 88,
  "lineage": "8bfd5987-157f-52f3-1934-a49c4891e091",
  "outputs": {
    "aurora_cluster_arn": {
      "value": "arn:aws:rds:us-east-1:376337229415:cluster:litellm-aurora-postgresql",
      "type": "string"
    },
    "aurora_cluster_endpoint": {
      "value": "litellm-aurora-postgresql.cluster-cg9we74vymgv.us-east-1.rds.amazonaws.com",
      "type": "string"
    },
    "aurora_cluster_reader_endpoint": {
      "value": "litellm-aurora-postgresql.cluster-ro-cg9we74vymgv.us-east-1.rds.amazonaws.com",
      "type": "string"
    },
    "bedrock_guardrail_arn": {
      "value": "arn:aws:bedrock:us-east-1:376337229415:guardrail/ydj1l5blfas4",
      "type": "string"
    },
    "bedrock_guardrail_id": {
      "value": "ydj1l5blfas4",
      "type": "string"
    },
    "bedrock_guardrail_version": {
      "value": "1",
      "type": "string"
    },
    "cert_secret_arn": {
      "value": "arn:aws:secretsmanager:us-east-1:376337229415:secret:litellm-secrets-962fFs",
      "type": "string"
    },
    "cloudfront_distribution_arn": {
      "value": "arn:aws:cloudfront::376337229415:distribution/E31JZELRLUGC7A",
      "type": "string"
    },
    "cloudfront_distribution_domain_name": {
      "value": "d2uvupybu0w8hy.cloudfront.net",
      "type": "string"
    },
    "cloudfront_distribution_id": {
      "value": "E31JZELRLUGC7A",
      "type": "string"
    },
    "cloudfront_route53_fqdn": {
      "value": "cdn.litellmdemo.com",
      "type": "string"
    },
    "litellm_aurora_secret_arn": {
      "value": "arn:aws:secretsmanager:us-east-1:376337229415:secret:litellm-aurora-secret-icCXcu",
      "type": "string"
    },
    "litellm_main_secret_arn": {
      "value": "arn:aws:secretsmanager:us-east-1:376337229415:secret:litellm-secrets-962fFs",
      "type": "string"
    },
    "litellm_redis_secret_arn": {
      "value": "arn:aws:secretsmanager:us-east-1:376337229415:secret:litellm-redis-secret-LYbsln",
      "type": "string"
    }
  },
  "resources": [
    {
      "mode": "data",
      "type": "aws_availability_zones",
      "name": "available",
      "provider": "provider[\"registry.terraform.io/hashicorp/aws\"]",
      "instances": [
        {
          "schema_version": 0,
          "attributes": {
            "all_availability_zones": null,
            "exclude_names": null,
            "exclude_zone_ids": null,
            "filter": null,
            "group_names": [
              "us-east-1-zg-1"
            ],
            "id": "us-east-1",
            "names": [
              "us-east-1a",
              "us-east-1b",
              "us-east-1c",
              "us-east-1d",
              "us-east-1e",
              "us-east-1f"
            ],
            "region": "us-east-1",
            "state": "available",
            "timeouts": null,
            "zone_ids": [
              "use1-az4",
              "use1-az6",
              "use1-az1",
              "use1-az2",
              "use1-az3",
              "use1-az5"
            ]
          },
          "sensitive_attributes": [],
          "identity_schema_version": 0
        }
      ]
    },
    {
      "mode": "data",
      "type": "aws_caller_identity",
      "name": "current",
      "provider": "provider[\"registry.terraform.io/hashicorp/aws\"]",
      "instances": [
        {
          "schema_version": 0,
          "attributes": {
            "account_id": "376337229415",
            "arn": "arn:aws:iam::376337229415:user/ryankarlos",
            "id": "376337229415",
            "user_id": "AIDAVPH3SMZTWPJBBVECF"
          },
          "sensitive_attributes": [],
          "identity_schema_version": 0
        }
      ]
    },
    {
      "mode": "data",
      "type": "aws_cloudfront_cache_policy",
      "name": "caching_disabled",
      "provider": "provider[\"registry.terraform.io/hashicorp/aws\"]",
      "instances": [
        {
          "schema_version": 0,
          "attributes": {
            "arn": "arn:aws:cloudfront::376337229415:cache-policy/4135ea2d-6df8-44a3-9df3-4b5a84be39ad",
            "comment": "Policy with caching disabled",
            "default_ttl": 0,
            "etag": "E23ZP02F085DFQ",
            "id": "4135ea2d-6df8-44a3-9df3-4b5a84be39ad",
            "max_ttl": 0,
            "min_ttl": 0,
            "name": "Managed-CachingDisabled",
            "parameters_in_cache_key_and_forwarded_to_origin": [
              {
                "cookies_config": [
                  {
                    "cookie_behavior": "none",
                    "cookies": []
                  }
                ],
                "enable_accept_encoding_brotli": false,
                "enable_accept_encoding_gzip": false,
                "headers_config": [
                  {
                    "header_behavior": "none",
                    "headers": []
                  }
                ],
                "query_strings_config": [
                  {
                    "query_string_behavior": "none",
                    "query_strings": []
                  }
                ]
              }
            ]
          },
          "sensitive_attributes": [],
          "identity_schema_version": 0
        }
      ]
    },
    {
      "mode": "data",
      "type": "aws_cloudfront_cache_policy",
      "name": "caching_optimized",
      "provider": "provider[\"registry.terraform.io/hashicorp/aws\"]",
      "instances": [
        {
          "schema_version": 0,
          "attributes": {
            "arn": "arn:aws:cloudfront::376337229415:cache-policy/658327ea-f89d-4fab-a63d-7e88639e58f6",
            "comment": "Policy with caching enabled. Supports Gzip and Brotli compression.",
            "default_ttl": 86400,
            "etag": "E23ZP02F085DFQ",
            "id": "658327ea-f89d-4fab-a63d-7e88639e58f6",
            "max_ttl": 31536000,
            "min_ttl": 1,
            "name": "Managed-CachingOptimized",
            "parameters_in_cache_key_and_forwarded_to_origin": [
              {
                "cookies_config": [
                  {
                    "cookie_behavior": "none",
                    "cookies": []
                  }
                ],
                "enable_accept_encoding_brotli": true,
                "enable_accept_encoding_gzip": true,
                "headers_config": [
                  {
                    "header_behavior": "none",
                    "headers": []
                  }
                ],
                "query_strings_config": [
                  {
                    "query_string_behavior": "none",
                    "query_strings": []
                  }
                ]
              }
            ]
          },
          "sensitive_attributes": [],
          "identity_schema_version": 0
        }
      ]
    },
    {
      "mode": "data",
      "type": "aws_cloudfront_origin_request_policy",
      "name": "all_viewer",
      "provider": "provider[\"registry.terraform.io/hashicorp/aws\"]",
      "instances": [
        {
          "schema_version": 0,
          "attributes": {
            "arn": "arn:aws:cloudfront::376337229415:origin-request-policy/216adef6-5c7f-47e4-b989-5492eafa07d3",
            "comment": "Policy to forward all parameters in viewer requests",
            "cookies_config": [
              {
                "cookie_behavior": "all",
                "cookies": []
              }
            ],
            "etag": "E23ZP02F085DFQ",
            "headers_config": [
              {
                "header_behavior": "allViewer",
                "headers": []
              }
            ],
            "id": "216adef6-5c7f-47e4-b989-5492eafa07d3",
            "name": "Managed-AllViewer",
            "query_strings_config": [
              {
                "query_string_behavior": "all",
                "query_strings": []
              }
            ]
          },
          "sensitive_attributes": [],
          "identity_schema_version": 0
        }
      ]
    },
    {
      "mode": "data",
      "type": "aws_iam_policy_document",
      "name": "this",
      "provider": "provider[\"registry.terraform.io/hashicorp/aws\"]",
      "instances": [
        {
          "schema_version": 0,
          "attributes": {
            "id": "1252290363",
            "json": "{\n  \"Version\": \"2012-10-17\",\n  \"Statement\": [\n    {\n      \"Sid\": \"RootAccess\",\n      \"Effect\": \"Allow\",\n      \"Action\": \"kms:*\",\n      \"Resource\": \"*\",\n      \"Principal\": {\n        \"AWS\": \"arn:aws:iam::376337229415:root\"\n      }\n    },\n    {\n      \"Sid\": \"AWSEC2ResourcePolicy\",\n      \"Effect\": \"Allow\",\n      \"Action\": [\n        \"kms:DescribeKey\",\n        \"kms:Decrypt\"\n      ],\n      \"Resource\": \"*\",\n      \"Principal\": {\n        \"Service\": \"ec2.amazonaws.com\"\n      },\n      \"Condition\": {\n        \"StringEquals\": {\n          \"kms:CallerAccount\": \"376337229415\"\n        }\n      }\n    },\n    {\n      \"Sid\": \"ElastiCacheServicePolicy\",\n      \"Effect\": \"Allow\",\n      \"Action\": [\n        \"kms:ReEncrypt*\",\n        \"kms:GenerateDataKey*\",\n        \"kms:Encrypt\",\n        \"kms:DescribeKey\",\n        \"kms:Decrypt\",\n        \"kms:CreateGrant\"\n      ],\n      \"Resource\": \"*\",\n      \"Principal\": {\n        \"Service\": \"elasticache.amazonaws.com\"\n      },\n      \"Condition\": {\n        \"StringEquals\": {\n          \"kms:CallerAccount\": \"376337229415\"\n        }\n      }\n    }\n  ]\n}",
            "minified_json": "{\"Version\":\"2012-10-17\",\"Statement\":[{\"Sid\":\"RootAccess\",\"Effect\":\"Allow\",\"Action\":\"kms:*\",\"Resource\":\"*\",\"Principal\":{\"AWS\":\"arn:aws:iam::376337229415:root\"}},{\"Sid\":\"AWSEC2ResourcePolicy\",\"Effect\":\"Allow\",\"Action\":[\"kms:DescribeKey\",\"kms:Decrypt\"],\"Resource\":\"*\",\"Principal\":{\"Service\":\"ec2.amazonaws.com\"},\"Condition\":{\"StringEquals\":{\"kms:CallerAccount\":\"376337229415\"}}},{\"Sid\":\"ElastiCacheServicePolicy\",\"Effect\":\"Allow\",\"Action\":[\"kms:ReEncrypt*\",\"kms:GenerateDataKey*\",\"kms:Encrypt\",\"kms:DescribeKey\",\"kms:Decrypt\",\"kms:CreateGrant\"],\"Resource\":\"*\",\"Principal\":{\"Service\":\"elasticache.amazonaws.com\"},\"Condition\":{\"StringEquals\":{\"kms:CallerAccount\":\"376337229415\"}}}]}",
            "override_json": null,
            "override_policy_documents": null,
            "policy_id": null,
            "source_json": null,
            "source_policy_documents": null,
            "statement": [
              {
                "actions": [
                  "kms:*"
                ],
                "condition": [],
                "effect": "Allow",
                "not_actions": [],
                "not_principals": [],
                "not_resources": [],
                "principals": [
                  {
                    "identifiers": [
                      "arn:aws:iam::376337229415:root"
                    ],
                    "type": "AWS"
                  }
                ],
                "resources": [
                  "*"
                ],
                "sid": "RootAccess"
              },
              {
                "actions": [
                  "kms:Decrypt",
                  "kms:DescribeKey"
                ],
                "condition": [
                  {
                    "test": "StringEquals",
                    "values": [
                      "376337229415"
                    ],
                    "variable": "kms:CallerAccount"
                  }
                ],
                "effect": "Allow",
                "not_actions": [],
                "not_principals": [],
                "not_resources": [],
                "principals": [
                  {
                    "identifiers": [
                      "ec2.amazonaws.com"
                    ],
                    "type": "Service"
                  }
                ],
                "resources": [
                  "*"
                ],
                "sid": "AWSEC2ResourcePolicy"
              },
              {
                "actions": [
                  "kms:CreateGrant",
                  "kms:Decrypt",
                  "kms:DescribeKey",
                  "kms:Encrypt",
                  "kms:GenerateDataKey*",
                  "kms:ReEncrypt*"
                ],
                "condition": [
                  {
                    "test": "StringEquals",
                    "values": [
                      "376337229415"
                    ],
                    "variable": "kms:CallerAccount"
                  }
                ],
                "effect": "Allow",
                "not_actions": [],
                "not_principals": [],
                "not_resources": [],
                "principals": [
                  {
                    "identifiers": [
                      "elasticache.amazonaws.com"
                    ],
                    "type": "Service"
                  }
                ],
                "resources": [
                  "*"
                ],
                "sid": "ElastiCacheServicePolicy"
              }
            ],
            "version": "2012-10-17"
          },
          "sensitive_attributes": [],
          "identity_schema_version": 0
        }
      ]
    },
    {
      "mode": "data",
      "type": "aws_iam_session_context",
      "name": "current",
      "provider": "provider[\"registry.terraform.io/hashicorp/aws\"]",
      "instances": [
        {
          "schema_version": 0,
          "attributes": {
            "arn": "arn:aws:iam::376337229415:user/ryankarlos",
            "id": "arn:aws:iam::376337229415:user/ryankarlos",
            "issuer_arn": "arn:aws:iam::376337229415:user/ryankarlos",
            "issuer_id": "",
            "issuer_name": "",
            "session_name": ""
          },
          "sensitive_attributes": [],
          "identity_schema_version": 0
        }
      ]
    },
    {
      "mode": "data",
      "type": "aws_region",
      "name": "current",
      "provider": "provider[\"registry.terraform.io/hashicorp/aws\"]",
      "instances": [
        {
          "schema_version": 0,
          "attributes": {
            "description": "US East (N. Virginia)",
            "endpoint": "ec2.us-east-1.amazonaws.com",
            "id": "us-east-1",
            "name": "us-east-1",
            "region": "us-east-1"
          },
          "sensitive_attributes": [],
          "identity_schema_version": 0
        }
      ]
    },
    {
      "mode": "data",
      "type": "aws_security_group",
      "name": "workload_security_group",
      "provider": "provider[\"registry.terraform.io/hashicorp/aws\"]",
      "instances": [
        {
          "schema_version": 0,
          "attributes": {
            "arn": "arn:aws:ec2:us-east-1:376337229415:security-group/sg-048d64314bdae5e24",
            "description": "default VPC security group",
            "filter": null,
            "id": "sg-048d64314bdae5e24",
            "name": "default",
            "region": "us-east-1",
            "tags": {},
            "timeouts": null,
            "vpc_id": "vpc-05c7628a7a70e7e0f"
          },
          "sensitive_attributes": [],
          "identity_schema_version": 0
        }
      ]
    },
    {
      "mode": "data",
      "type": "aws_subnets",
      "name": "private_subnets",
      "provider": "provider[\"registry.terraform.io/hashicorp/aws\"]",
      "instances": [
        {
          "schema_version": 0,
          "attributes": {
            "filter": [
              {
                "name": "tag:Name",
                "values": [
                  "*private*"
                ]
              },
              {
                "name": "vpc-id",
                "values": [
                  "vpc-05c7628a7a70e7e0f"
                ]
              }
            ],
            "id": "us-east-1",
            "ids": [
              "subnet-0d52c6f2a1e754f4e",
              "subnet-0b84a76c5e30c472a"
            ],
            "region": "us-east-1",
            "tags": null,
            "timeouts": null
          },
          "sensitive_attributes": [],
          "identity_schema_version": 0
        }
      ]
    },
    {
      "mode": "data",
      "type": "aws_subnets",
      "name": "public_subnets",
      "provider": "provider[\"registry.terraform.io/hashicorp/aws\"]",
      "instances": [
        {
          "schema_version": 0,
          "attributes": {
            "filter": [
              {
                "name": "tag:Name",
                "values": [
                  "*public*"
                ]
              },
              {
                "name": "vpc-id",
                "values": [
                  "vpc-05c7628a7a70e7e0f"
                ]
              }
            ],
            "id": "us-east-1",
            "ids": [
              "subnet-04fd3ba1aa9d56cb0",
              "subnet-0e165015f85692b36"
            ],
            "region": "us-east-1",
            "tags": null,
            "timeouts": null
          },
          "sensitive_attributes": [],
          "identity_schema_version": 0
        }
      ]
    },
    {
      "mode": "data",
      "type": "aws_vpc",
      "name": "main",
      "provider": "provider[\"registry.terraform.io/hashicorp/aws\"]",
      "instances": [
        {
          "schema_version": 0,
          "attributes": {
            "arn": "arn:aws:ec2:us-east-1:376337229415:vpc/vpc-05c7628a7a70e7e0f",
            "cidr_block": "10.0.0.0/16",
            "cidr_block_associations": [
              {
                "association_id": "vpc-cidr-assoc-006b60c536b827041",
                "cidr_block": "10.0.0.0/16",
                "state": "associated"
              }
            ],
            "default": false,
            "dhcp_options_id": "dopt-7e9cbb1a",
            "enable_dns_hostnames": true,
            "enable_dns_support": true,
            "enable_network_address_usage_metrics": false,
            "filter": [
              {
                "name": "tag:Name",
                "values": [
                  "project-vpc"
                ]
              }
            ],
            "id": "vpc-05c7628a7a70e7e0f",
            "instance_tenancy": "default",
            "ipv6_association_id": "vpc-cidr-assoc-08783759aa651a78b",
            "ipv6_cidr_block": "2600:1f18:42b4:a300::/56",
            "main_route_table_id": "rtb-02ac9401349996d38",
            "owner_id": "376337229415",
            "region": "us-east-1",
            "state": null,
            "tags": {
              "Name": "project-vpc"
            },
            "timeouts": null
          },
          "sensitive_attributes": [],
          "identity_schema_version": 0
        }
      ]
    },
    {
      "mode": "managed",
      "type": "aws_acm_certificate",
      "name": "self_signed",
      "provider": "provider[\"registry.terraform.io/hashicorp/aws\"]",
      "instances": [
        {
          "schema_version": 0,
          "attributes": {
            "arn": "arn:aws:acm:us-east-1:376337229415:certificate/a41b4d28-289d-4c67-9294-37428c1f3e8d",
            "certificate_authority_arn": "",
            "certificate_body": "-----BEGIN CERTIFICATE-----\nMIIDKTCCAhGgAwIBAgIQURS5wkkH+tAEnYQByPtl3TANBgkqhkiG9w0BAQsFADA1\nMRUwEwYDVQQKEwxsaXRlbGxtLWRlbW8xHDAaBgNVBAMTE2FwaS5saXRlbGxtZGVt\nby5jb20wHhcNMjYwMTA2MDM0MDM2WhcNMjcwMTA2MDM0MDM2WjA1MRUwEwYDVQQK\nEwxsaXRlbGxtLWRlbW8xHDAaBgNVBAMTE2FwaS5saXRlbGxtZGVtby5jb20wggEi\nMA0GCSqGSIb3DQEBAQUAA4IBDwAwggEKAoIBAQDFjOxpGl+eRCxnoSNCBGjFF4TA\n8Yo/GxC5pkmiGHgLageH3pJmkt+XUAVtmRQ3IS2B1dI+8CJ0DAS4azz04Ndw0Ubq\nCoRbNm+B0pMQoFyRdVGtQam/rmRauWu7cm3O/Bz7ZL8oshmSJuyaZbn91tCZ5Qno\nm4hDn5eH7ngz4MTF5L2ydTmf7UBcCqENWUWYJEm2SBhqiNtPbkdY4ks+hd2vJO/C\nSWXGRWP4QcuEMPvTUtR4G63dj0kUe6/dpccD3b3eAGhqhPhawKf8nvAdE2rjCRPa\n/1Scb5dawp2M9HC5zFSkwdp76QkHr673aV8W5pCUQ9Y+c8MxWiJwO93EJoRnAgMB\nAAGjNTAzMA4GA1UdDwEB/wQEAwIFoDATBgNVHSUEDDAKBggrBgEFBQcDATAMBgNV\nHRMBAf8EAjAAMA0GCSqGSIb3DQEBCwUAA4IBAQAnCzO7mZliBsQdG1jS0bJpsm/s\nl5PPaEs7uUpJrvIqe5Waul0zAJ1KcNxgpiaH5rkx5hRubv+3et4XHHRlo1JVKqHP\nerM/FTrJLpsR6zE4ryTgK1G4yee9zorfrdEkOuXOhFzxbEyLVFCNnIYv6Nz+xEuI\nR2aH1dgs9dRQMtln4tb6l9/K3ZCvyc2seP5fI/hKUyvq8VxaKvgzJOQd3BOnZiUN\nm++kzs/g5M5IHSlBCp13VSvfjTJGYUzfPnCplSH5IOw6I6mR1BYJ6OM7ZIA/B2DY\nzRAZQ4siaz8u10ZOfYwMXBP9IU+SZ+B1L36I7Jqg5X9Fpnge1LSU21X+kwMU\n-----END CERTIFICATE-----\n",
            "certificate_chain": null,
            "domain_name": "api.litellmdemo.com",
            "domain_validation_options": [],
            "early_renewal_duration": "",
            "id": "arn:aws:acm:us-east-1:376337229415:certificate/a41b4d28-289d-4c67-9294-37428c1f3e8d",
            "key_algorithm": "RSA_2048",
            "not_after": "2027-01-06T03:40:36Z",
            "not_before": "2026-01-06T03:40:36Z",
            "options": [
              {
                "certificate_transparency_logging_preference": "DISABLED",
                "export": "DISABLED"
              }
            ],
            "pending_renewal": false,
            "private_key": "-----BEGIN RSA PRIVATE KEY-----\nMIIEowIBAAKCAQEAxYzsaRpfnkQsZ6EjQgRoxReEwPGKPxsQuaZJohh4C2oHh96S\nZpLfl1AFbZkUNyEtgdXSPvAidAwEuGs89ODXcNFG6gqEWzZvgdKTEKBckXVRrUGp\nv65kWrlru3Jtzvwc+2S/KLIZkibsmmW5/dbQmeUJ6JuIQ5+Xh+54M+DExeS9snU5\nn+1AXAqhDVlFmCRJtkgYaojbT25HWOJLPoXdryTvwkllxkVj+EHLhDD701LUeBut\n3Y9JFHuv3aXHA9293gBoaoT4WsCn/J7wHRNq4wkT2v9UnG+XWsKdjPRwucxUpMHa\ne+kJB6+u92lfFuaQlEPWPnPDMVoicDvdxCaEZwIDAQABAoIBACARBfbxjv/TtRmF\nMIHw0UjcznG7Q2OG8yoPcfhb3HCN33cQi9cWlDCtjpQBuyRPwGFI4f3RYOZRZRrC\nXXyqWo43ijlHR8C+j08VbUXPofcCgiWLeRBiMGwBmRkuM+DbT6EG83iZoEj3BITz\nakNn8Shp4zfctzuy1hf8f4p8O7SbaZx/uyORGHlbxzYeTr6GASIKX+z6jK2Y51JM\nfJCtgpc7ueaj8UEyXn8RyvCxH1W9ClWD20e00bBw3X9Y8WTjpSEm7EvcQqqYf5dA\nr2qwC9C9k6tGCjCOUmkl7PYJIVca1SDlgb9OhcspXUJenKYOnS2MTgaVbfiP6tOA\nm8t0BFECgYEA2gyYN9cfBMhe8VIiFxLQnIP8d2pkmy/2CO4ckV/GfCA/ifLyS1Kc\nJvARxqM0En7f0ysRx3wQIL3c4NMGjpGcKCZWBLA1/tf1Y/mVsH42PELH64xWTBGh\nD4LxVRXC0Iefis402jXI9lgi3GFfyoDlb5Q8KdE/Tc8fTt5BrwQol00CgYEA5+78\n1EVb1AootnjPAlFs55OHT2OEa9IiysgNObjFjyq7NYcBb4Re+3H4C11aSB+9Ewwb\ni1SkzywoK+C9I5w/g8tNFHzuIC+x2VCpgM2DpkGx6ibdREGjSYc9qvBt8mUwGo65\n/IxjPC5LgD5AqfzHP2n5oUmN3pg7zcKyoZXJeIMCgYEAsVrxLOpDBqbb4rmFlPLu\nz3/jiFX3guqd2mGixvP6A9hPFiuPvIhzDpDSRJlWr3yXHbG4gmN80sTbtdqvSKNT\nOq0D5khVgvWxWSIXCTl/b8B50DOTtcfZEz7UgPp0PR0zPbm/74Uz8nt5z3s8aQAy\nnnEaBoF2VhmUQ5gwIOTnBzkCgYAj17sa0t0uF6PTDzhuk0bRQutWSXrdbswRqnjg\nwr1FMsVbsFF4emxzT1mV6AdbvgvqNaTME3iky54pqcGRD0SBiZmP4P6r2rMRcnW/\nggMmXmCwXvEy6zHg2xWcpStYmmqksAnuDYQIeN8SIoy7uGTSV/5L/qH+FGipk70n\nW46XIQKBgHWVwChU7Y3HS6tXs+tkdW3F142+CRYKGiZYwZOQpeKzSsbndNwKKHik\nK6Kqe+z9th8+gBbUm/orV8udCp9LwoIf017fTiOGdlg7g/iHz+HbBDKy07jg/vAl\nMUNXb+/k5JO+ygJURKYAdNzikeZ/FRGKKul7wStVR1Zui8WuLmo4\n-----END RSA PRIVATE KEY-----\n",
            "region": "us-east-1",
            "renewal_eligibility": "INELIGIBLE",
            "renewal_summary": [],
            "status": "ISSUED",
            "subject_alternative_names": [
              "api.litellmdemo.com"
            ],
            "tags": {
              "Environment": "dev",
              "Project": "litellm-demo"
            },
            "tags_all": {
              "Environment": "dev",
              "Project": "litellm-demo"
            },
            "type": "IMPORTED",
            "validation_emails": [],
            "validation_method": "NONE",
            "validation_option": []
          },
          "sensitive_attributes": [
            [
              {
                "type": "get_attr",
                "value": "private_key"
              }
            ]
          ],
          "identity_schema_version": 0,
          "identity": {
            "arn": "arn:aws:acm:us-east-1:376337229415:certificate/a41b4d28-289d-4c67-9294-37428c1f3e8d"
          },
          "private": "bnVsbA==",
          "dependencies": [
            "tls_private_key.self_signed",
            "tls_self_signed_cert.self_signed"
          ],
          "create_before_destroy": true
        }
      ]
    },
    {
      "mode": "managed",
      "type": "aws_bedrock_guardrail",
      "name": "content_filter",
      "provider": "provider[\"registry.terraform.io/hashicorp/aws\"]",
      "instances": [
        {
          "schema_version": 0,
          "attributes": {
            "blocked_input_messaging": "Your request contains content that cannot be processed due to content policy restrictions.",
            "blocked_outputs_messaging": "The response was filtered due to content policy restrictions.",
            "content_policy_config": [
              {
                "filters_config": [
                  {
                    "input_action": null,
                    "input_enabled": null,
                    "input_modalities": null,
                    "input_strength": "HIGH",
                    "output_action": null,
                    "output_enabled": null,
                    "output_modalities": null,
                    "output_strength": "HIGH",
                    "type": "HATE"
                  },
                  {
                    "input_action": null,
                    "input_enabled": null,
                    "input_modalities": null,
                    "input_strength": "HIGH",
                    "output_action": null,
                    "output_enabled": null,
                    "output_modalities": null,
                    "output_strength": "HIGH",
                    "type": "SEXUAL"
                  },
                  {
                    "input_action": null,
                    "input_enabled": null,
                    "input_modalities": null,
                    "input_strength": "HIGH",
                    "output_action": null,
                    "output_enabled": null,
                    "output_modalities": null,
                    "output_strength": "HIGH",
                    "type": "VIOLENCE"
                  },
                  {
                    "input_action": null,
                    "input_enabled": null,
                    "input_modalities": null,
                    "input_strength": "HIGH",
                    "output_action": null,
                    "output_enabled": null,
                    "output_modalities": null,
                    "output_strength": "NONE",
                    "type": "PROMPT_ATTACK"
                  },
                  {
                    "input_action": null,
                    "input_enabled": null,
                    "input_modalities": null,
                    "input_strength": "MEDIUM",
                    "output_action": null,
                    "output_enabled": null,
                    "output_modalities": null,
                    "output_strength": "MEDIUM",
                    "type": "INSULTS"
                  },
                  {
                    "input_action": null,
                    "input_enabled": null,
                    "input_modalities": null,
                    "input_strength": "MEDIUM",
                    "output_action": null,
                    "output_enabled": null,
                    "output_modalities": null,
                    "output_strength": "MEDIUM",
                    "type": "MISCONDUCT"
                  }
                ],
                "tier_config": [
                  {
                    "tier_name": "CLASSIC"
                  }
                ]
              }
            ],
            "contextual_grounding_policy_config": [],
            "created_at": "2026-01-06T03:40:37Z",
            "cross_region_config": [],
            "description": "Content filtering guardrail for LiteLLM demo with hate, violence, sexual content filters and PII anonymization",
            "guardrail_arn": "arn:aws:bedrock:us-east-1:376337229415:guardrail/ydj1l5blfas4",
            "guardrail_id": "ydj1l5blfas4",
            "kms_key_arn": null,
            "name": "litellm-content-filter",
            "region": "us-east-1",
            "sensitive_information_policy_config": [
              {
                "pii_entities_config": [
                  {
                    "action": "ANONYMIZE",
                    "input_action": null,
                    "input_enabled": null,
                    "output_action": null,
                    "output_enabled": null,
                    "type": "EMAIL"
                  },
                  {
                    "action": "ANONYMIZE",
                    "input_action": null,
                    "input_enabled": null,
                    "output_action": null,
                    "output_enabled": null,
                    "type": "PHONE"
                  },
                  {
                    "action": "ANONYMIZE",
                    "input_action": null,
                    "input_enabled": null,
                    "output_action": null,
                    "output_enabled": null,
                    "type": "NAME"
                  },
                  {
                    "action": "BLOCK",
                    "input_action": null,
                    "input_enabled": null,
                    "output_action": null,
                    "output_enabled": null,
                    "type": "US_SOCIAL_SECURITY_NUMBER"
                  },
                  {
                    "action": "BLOCK",
                    "input_action": null,
                    "input_enabled": null,
                    "output_action": null,
                    "output_enabled": null,
                    "type": "CREDIT_DEBIT_CARD_NUMBER"
                  }
                ],
                "regexes_config": []
              }
            ],
            "status": "READY",
            "tags": {
              "Environment": "dev",
              "Name": "litellm-content-filter",
              "Project": "litellm-demo"
            },
            "tags_all": {
              "Environment": "dev",
              "Name": "litellm-content-filter",
              "Project": "litellm-demo"
            },
            "timeouts": null,
            "topic_policy_config": [],
            "version": "DRAFT",
            "word_policy_config": []
          },
          "sensitive_attributes": [],
          "identity_schema_version": 0
        }
      ]
    },
    {
      "mode": "managed",
      "type": "aws_bedrock_guardrail_version",
      "name": "content_filter",
      "provider": "provider[\"registry.terraform.io/hashicorp/aws\"]",
      "instances": [
        {
          "schema_version": 0,
          "attributes": {
            "description": "Initial version of LiteLLM content filter guardrail",
            "guardrail_arn": "arn:aws:bedrock:us-east-1:376337229415:guardrail/ydj1l5blfas4",
            "region": "us-east-1",
            "skip_destroy": null,
            "timeouts": null,
            "version": "1"
          },
          "sensitive_attributes": [],
          "identity_schema_version": 0,
          "dependencies": [
            "aws_bedrock_guardrail.content_filter"
          ]
        }
      ]
    },
    {
      "mode": "managed",
      "type": "aws_cloudfront_distribution",
      "name": "main",
      "provider": "provider[\"registry.terraform.io/hashicorp/aws\"]",
      "instances": [
        {
          "schema_version": 1,
          "attributes": {
            "aliases": [],
            "anycast_ip_list_id": "",
            "arn": "arn:aws:cloudfront::376337229415:distribution/E31JZELRLUGC7A",
            "caller_reference": "terraform-20260106034345274000000006",
            "comment": "CloudFront distribution for LiteLLM service",
            "continuous_deployment_policy_id": "",
            "custom_error_response": [],
            "default_cache_behavior": [
              {
                "allowed_methods": [
                  "DELETE",
                  "GET",
                  "HEAD",
                  "OPTIONS",
                  "PATCH",
                  "POST",
                  "PUT"
                ],
                "cache_policy_id": "4135ea2d-6df8-44a3-9df3-4b5a84be39ad",
                "cached_methods": [
                  "GET",
                  "HEAD"
                ],
                "compress": true,
                "default_ttl": 0,
                "field_level_encryption_id": "",
                "forwarded_values": [],
                "function_association": [],
                "grpc_config": [
                  {
                    "enabled": false
                  }
                ],
                "lambda_function_association": [],
                "max_ttl": 0,
                "min_ttl": 0,
                "origin_request_policy_id": "216adef6-5c7f-47e4-b989-5492eafa07d3",
                "realtime_log_config_arn": "",
                "response_headers_policy_id": "",
                "smooth_streaming": false,
                "target_origin_id": "alb-origin",
                "trusted_key_groups": [],
                "trusted_signers": [],
                "viewer_protocol_policy": "redirect-to-https"
              }
            ],
            "default_root_object": "",
            "domain_name": "d2uvupybu0w8hy.cloudfront.net",
            "enabled": true,
            "etag": "E1HB1IOSTJTPDU",
            "hosted_zone_id": "Z2FDTNDATAQYW2",
            "http_version": "http2",
            "id": "E31JZELRLUGC7A",
            "in_progress_validation_batches": 0,
            "is_ipv6_enabled": true,
            "last_modified_time": "2026-01-06 03:43:45.952 +0000 UTC",
            "logging_config": [],
            "logging_v1_enabled": false,
            "ordered_cache_behavior": [],
            "origin": [
              {
                "connection_attempts": 3,
                "connection_timeout": 10,
                "custom_header": [],
                "custom_origin_config": [
                  {
                    "http_port": 80,
                    "https_port": 443,
                    "ip_address_type": "",
                    "origin_keepalive_timeout": 5,
                    "origin_protocol_policy": "https-only",
                    "origin_read_timeout": 30,
                    "origin_ssl_protocols": [
                      "TLSv1.2"
                    ]
                  }
                ],
                "domain_name": "dualstack.internal-litellm-1915701886.us-east-1.elb.amazonaws.com",
                "origin_access_control_id": "",
                "origin_id": "alb-origin",
                "origin_path": "",
                "origin_shield": [],
                "response_completion_timeout": 0,
                "s3_origin_config": [],
                "vpc_origin_config": []
              }
            ],
            "origin_group": [],
            "price_class": "PriceClass_100",
            "restrictions": [
              {
                "geo_restriction": [
                  {
                    "locations": [],
                    "restriction_type": "none"
                  }
                ]
              }
            ],
            "retain_on_delete": false,
            "staging": false,
            "status": "Deployed",
            "tags": {
              "Environment": "dev",
              "Name": "litellm-cloudfront",
              "Project": "litellm-demo"
            },
            "tags_all": {
              "Environment": "dev",
              "Name": "litellm-cloudfront",
              "Project": "litellm-demo"
            },
            "trusted_key_groups": [
              {
                "enabled": false,
                "items": []
              }
            ],
            "trusted_signers": [
              {
                "enabled": false,
                "items": []
              }
            ],
            "viewer_certificate": [
              {
                "acm_certificate_arn": "",
                "cloudfront_default_certificate": true,
                "iam_certificate_id": "",
                "minimum_protocol_version": "TLSv1",
                "ssl_support_method": ""
              }
            ],
            "wait_for_deployment": true,
            "web_acl_id": ""
          },
          "sensitive_attributes": [],
          "identity_schema_version": 0,
          "private": "eyJzY2hlbWFfdmVyc2lvbiI6IjEifQ==",
          "dependencies": [
            "data.aws_cloudfront_cache_policy.caching_disabled",
            "data.aws_cloudfront_origin_request_policy.all_viewer",
            "data.aws_security_group.workload_security_group",
            "data.aws_subnets.public_subnets",
            "data.aws_vpc.main",
            "module.load_balancer_litellm.module.load_balancer.aws_lb.internal"
          ]
        }
      ]
    },
    {
      "mode": "managed",
      "type": "aws_cloudwatch_log_group",
      "name": "lex_lambda_logs",
      "provider": "provider[\"registry.terraform.io/hashicorp/aws\"]",
      "instances": [
        {
          "schema_version": 0,
          "attributes": {
            "arn": "arn:aws:logs:us-east-1:376337229415:log-group:/aws/lambda/lex-qa-fulfillment",
            "deletion_protection_enabled": false,
            "id": "/aws/lambda/lex-qa-fulfillment",
            "kms_key_id": "",
            "log_group_class": "STANDARD",
            "name": "/aws/lambda/lex-qa-fulfillment",
            "name_prefix": "",
            "region": "us-east-1",
            "retention_in_days": 14,
            "skip_destroy": false,
            "tags": {
              "Environment": "dev",
              "Project": "litellm-demo"
            },
            "tags_all": {
              "Environment": "dev",
              "Project": "litellm-demo"
            }
          },
          "sensitive_attributes": [],
          "identity_schema_version": 0,
          "identity": {
            "account_id": "376337229415",
            "name": "/aws/lambda/lex-qa-fulfillment",
            "region": "us-east-1"
          },
          "private": "bnVsbA=="
        }
      ]
    },
    {
      "mode": "managed",
      "type": "aws_db_subnet_group",
      "name": "aurora_subnet_group",
      "provider": "provider[\"registry.terraform.io/hashicorp/aws\"]",
      "instances": [
        {
          "schema_version": 0,
          "attributes": {
            "arn": "arn:aws:rds:us-east-1:376337229415:subgrp:aurora-subnet-group",
            "description": "Managed by Terraform",
            "id": "aurora-subnet-group",
            "name": "aurora-subnet-group",
            "name_prefix": "",
            "region": "us-east-1",
            "subnet_ids": [
              "subnet-0b84a76c5e30c472a",
              "subnet-0d52c6f2a1e754f4e"
            ],
            "supported_network_types": [
              "DUAL",
              "IPV4"
            ],
            "tags": {},
            "tags_all": {},
            "vpc_id": "vpc-05c7628a7a70e7e0f"
          },
          "sensitive_attributes": [],
          "identity_schema_version": 0,
          "private": "bnVsbA==",
          "dependencies": [
            "data.aws_subnets.private_subnets",
            "data.aws_vpc.main"
          ],
          "create_before_destroy": true
        }
      ]
    },
    {
      "mode": "managed",
      "type": "aws_iam_role",
      "name": "lex_bot_role",
      "provider": "provider[\"registry.terraform.io/hashicorp/aws\"]",
      "instances": [
        {
          "schema_version": 0,
          "attributes": {
            "arn": "arn:aws:iam::376337229415:role/lex-qa-assistant-role",
            "assume_role_policy": "{\"Statement\":[{\"Action\":\"sts:AssumeRole\",\"Effect\":\"Allow\",\"Principal\":{\"Service\":\"lexv2.amazonaws.com\"}}],\"Version\":\"2012-10-17\"}",
            "create_date": "2026-01-06T03:40:37Z",
            "description": "",
            "force_detach_policies": false,
            "id": "lex-qa-assistant-role",
            "inline_policy": [
              {
                "name": "lex-qa-assistant-policy",
                "policy": "{\"Version\":\"2012-10-17\",\"Statement\":[{\"Action\":[\"polly:SynthesizeSpeech\"],\"Effect\":\"Allow\",\"Resource\":\"*\"}]}"
              }
            ],
            "managed_policy_arns": [],
            "max_session_duration": 3600,
            "name": "lex-qa-assistant-role",
            "name_prefix": "",
            "path": "/",
            "permissions_boundary": "",
            "tags": {
              "Environment": "dev",
              "Project": "litellm-demo"
            },
            "tags_all": {
              "Environment": "dev",
              "Project": "litellm-demo"
            },
            "unique_id": "AROAVPH3SMZTXR3RVLNNX"
          },
          "sensitive_attributes": [],
          "identity_schema_version": 0,
          "identity": {
            "account_id": "376337229415",
            "name": "lex-qa-assistant-role"
          },
          "private": "bnVsbA=="
        }
      ]
    },
    {
      "mode": "managed",
      "type": "aws_iam_role",
      "name": "lex_lambda_role",
      "provider": "provider[\"registry.terraform.io/hashicorp/aws\"]",
      "instances": [
        {
          "schema_version": 0,
          "attributes": {
            "arn": "arn:aws:iam::376337229415:role/lex-fulfillment-lambda-role",
            "assume_role_policy": "{\"Statement\":[{\"Action\":\"sts:AssumeRole\",\"Effect\":\"Allow\",\"Principal\":{\"Service\":\"lambda.amazonaws.com\"}}],\"Version\":\"2012-10-17\"}",
            "create_date": "2026-01-06T03:40:37Z",
            "description": "",
            "force_detach_policies": false,
            "id": "lex-fulfillment-lambda-role",
            "inline_policy": [
              {
                "name": "lex-lambda-secrets-policy",
                "policy": "{\"Version\":\"2012-10-17\",\"Statement\":[{\"Action\":[\"secretsmanager:GetSecretValue\"],\"Effect\":\"Allow\",\"Resource\":\"arn:aws:secretsmanager:us-east-1:376337229415:secret:litellm-secrets-962fFs\"}]}"
              }
            ],
            "managed_policy_arns": [
              "arn:aws:iam::aws:policy/service-role/AWSLambdaBasicExecutionRole",
              "arn:aws:iam::aws:policy/service-role/AWSLambdaVPCAccessExecutionRole"
            ],
            "max_session_duration": 3600,
            "name": "lex-fulfillment-lambda-role",
            "name_prefix": "",
            "path": "/",
            "permissions_boundary": "",
            "tags": {
              "Environment": "dev",
              "Project": "litellm-demo"
            },
            "tags_all": {
              "Environment": "dev",
              "Project": "litellm-demo"
            },
            "unique_id": "AROAVPH3SMZTQUXJRS4BV"
          },
          "sensitive_attributes": [],
          "identity_schema_version": 0,
          "identity": {
            "account_id": "376337229415",
            "name": "lex-fulfillment-lambda-role"
          },
          "private": "bnVsbA=="
        }
      ]
    },
    {
      "mode": "managed",
      "type": "aws_iam_role_policy",
      "name": "lambda_secrets_policy",
      "provider": "provider[\"registry.terraform.io/hashicorp/aws\"]",
      "instances": [
        {
          "schema_version": 0,
          "attributes": {
            "id": "lex-fulfillment-lambda-role:lex-lambda-secrets-policy",
            "name": "lex-lambda-secrets-policy",
            "name_prefix": "",
            "policy": "{\"Version\":\"2012-10-17\",\"Statement\":[{\"Action\":[\"secretsmanager:GetSecretValue\"],\"Effect\":\"Allow\",\"Resource\":\"arn:aws:secretsmanager:us-east-1:376337229415:secret:litellm-secrets-962fFs\"}]}",
            "role": "lex-fulfillment-lambda-role"
          },
          "sensitive_attributes": [],
          "identity_schema_version": 0,
          "identity": {
            "account_id": "376337229415",
            "name": "lex-lambda-secrets-policy",
            "role": "lex-fulfillment-lambda-role"
          },
          "private": "bnVsbA==",
          "dependencies": [
            "aws_iam_role.lex_lambda_role",
            "aws_secretsmanager_secret.litellm_secrets"
          ]
        }
      ]
    },
    {
      "mode": "managed",
      "type": "aws_iam_role_policy",
      "name": "lex_bot_policy",
      "provider": "provider[\"registry.terraform.io/hashicorp/aws\"]",
      "instances": [
        {
          "schema_version": 0,
          "attributes": {
            "id": "lex-qa-assistant-role:lex-qa-assistant-policy",
            "name": "lex-qa-assistant-policy",
            "name_prefix": "",
            "policy": "{\"Version\":\"2012-10-17\",\"Statement\":[{\"Action\":[\"polly:SynthesizeSpeech\"],\"Effect\":\"Allow\",\"Resource\":\"*\"}]}",
            "role": "lex-qa-assistant-role"
          },
          "sensitive_attributes": [],
          "identity_schema_version": 0,
          "identity": {
            "account_id": "376337229415",
            "name": "lex-qa-assistant-policy",
            "role": "lex-qa-assistant-role"
          },
          "private": "bnVsbA==",
          "dependencies": [
            "aws_iam_role.lex_bot_role"
          ]
        }
      ]
    },
    {
      "mode": "managed",
      "type": "aws_iam_role_policy_attachment",
      "name": "lambda_basic_execution",
      "provider": "provider[\"registry.terraform.io/hashicorp/aws\"]",
      "instances": [
        {
          "schema_version": 0,
          "attributes": {
            "id": "lex-fulfillment-lambda-role/arn:aws:iam::aws:policy/service-role/AWSLambdaBasicExecutionRole",
            "policy_arn": "arn:aws:iam::aws:policy/service-role/AWSLambdaBasicExecutionRole",
            "role": "lex-fulfillment-lambda-role"
          },
          "sensitive_attributes": [],
          "identity_schema_version": 0,
          "identity": {
            "account_id": "376337229415",
            "policy_arn": "arn:aws:iam::aws:policy/service-role/AWSLambdaBasicExecutionRole",
            "role": "lex-fulfillment-lambda-role"
          },
          "private": "bnVsbA==",
          "dependencies": [
            "aws_iam_role.lex_lambda_role"
          ]
        }
      ]
    },
    {
      "mode": "managed",
      "type": "aws_iam_role_policy_attachment",
      "name": "lambda_vpc_access",
      "provider": "provider[\"registry.terraform.io/hashicorp/aws\"]",
      "instances": [
        {
          "schema_version": 0,
          "attributes": {
            "id": "lex-fulfillment-lambda-role/arn:aws:iam::aws:policy/service-role/AWSLambdaVPCAccessExecutionRole",
            "policy_arn": "arn:aws:iam::aws:policy/service-role/AWSLambdaVPCAccessExecutionRole",
            "role": "lex-fulfillment-lambda-role"
          },
          "sensitive_attributes": [],
          "identity_schema_version": 0,
          "identity": {
            "account_id": "376337229415",
            "policy_arn": "arn:aws:iam::aws:policy/service-role/AWSLambdaVPCAccessExecutionRole",
            "role": "lex-fulfillment-lambda-role"
          },
          "private": "bnVsbA==",
          "dependencies": [
            "aws_iam_role.lex_lambda_role"
          ]
        }
      ]
    },
    {
      "mode": "managed",
      "type": "aws_kms_alias",
      "name": "this",
      "provider": "provider[\"registry.terraform.io/hashicorp/aws\"]",
      "instances": [
        {
          "schema_version": 0,
          "attributes": {
            "arn": "arn:aws:kms:us-east-1:376337229415:alias/valkey-litellm-valkey-554c391e",
            "id": "alias/valkey-litellm-valkey-554c391e",
            "name": "alias/valkey-litellm-valkey-554c391e",
            "name_prefix": "",
            "region": "us-east-1",
            "target_key_arn": "arn:aws:kms:us-east-1:376337229415:key/0065591b-c462-4027-b57c-77e517342f6a",
            "target_key_id": "0065591b-c462-4027-b57c-77e517342f6a"
          },
          "sensitive_attributes": [],
          "identity_schema_version": 0,
          "identity": {
            "account_id": "376337229415",
            "name": "alias/valkey-litellm-valkey-554c391e",
            "region": "us-east-1"
          },
          "private": "bnVsbA==",
          "dependencies": [
            "aws_kms_key.valkey_kms",
            "random_id.suffix"
          ]
        }
      ]
    },
    {
      "mode": "managed",
      "type": "aws_kms_key",
      "name": "valkey_kms",
      "provider": "provider[\"registry.terraform.io/hashicorp/aws\"]",
      "instances": [
        {
          "schema_version": 0,
          "attributes": {
            "arn": "arn:aws:kms:us-east-1:376337229415:key/0065591b-c462-4027-b57c-77e517342f6a",
            "bypass_policy_lockout_safety_check": false,
            "custom_key_store_id": "",
            "customer_master_key_spec": "SYMMETRIC_DEFAULT",
            "deletion_window_in_days": null,
            "description": "KMS CMK for ElastiCache Valkey - litellm-valkey",
            "enable_key_rotation": true,
            "id": "0065591b-c462-4027-b57c-77e517342f6a",
            "is_enabled": true,
            "key_id": "0065591b-c462-4027-b57c-77e517342f6a",
            "key_usage": "ENCRYPT_DECRYPT",
            "multi_region": false,
            "policy": "{\"Statement\":[{\"Action\":\"kms:*\",\"Effect\":\"Allow\",\"Principal\":{\"AWS\":\"arn:aws:iam::376337229415:root\"},\"Resource\":\"*\",\"Sid\":\"RootAccess\"},{\"Action\":[\"kms:DescribeKey\",\"kms:Decrypt\"],\"Condition\":{\"StringEquals\":{\"kms:CallerAccount\":\"376337229415\"}},\"Effect\":\"Allow\",\"Principal\":{\"Service\":\"ec2.amazonaws.com\"},\"Resource\":\"*\",\"Sid\":\"AWSEC2ResourcePolicy\"},{\"Action\":[\"kms:ReEncrypt*\",\"kms:GenerateDataKey*\",\"kms:Encrypt\",\"kms:DescribeKey\",\"kms:Decrypt\",\"kms:CreateGrant\"],\"Condition\":{\"StringEquals\":{\"kms:CallerAccount\":\"376337229415\"}},\"Effect\":\"Allow\",\"Principal\":{\"Service\":\"elasticache.amazonaws.com\"},\"Resource\":\"*\",\"Sid\":\"ElastiCacheServicePolicy\"}],\"Version\":\"2012-10-17\"}",
            "region": "us-east-1",
            "rotation_period_in_days": 365,
            "tags": {},
            "tags_all": {},
            "timeouts": null,
            "xks_key_id": ""
          },
          "sensitive_attributes": [],
          "identity_schema_version": 0,
          "identity": {
            "account_id": "376337229415",
            "id": "0065591b-c462-4027-b57c-77e517342f6a",
            "region": "us-east-1"
          },
          "private": "eyJlMmJmYjczMC1lY2FhLTExZTYtOGY4OC0zNDM2M2JjN2M0YzAiOnsiY3JlYXRlIjoxMjAwMDAwMDAwMDB9fQ=="
        }
      ]
    },
    {
      "mode": "managed",
      "type": "aws_kms_key_policy",
      "name": "this",
      "provider": "provider[\"registry.terraform.io/hashicorp/aws\"]",
      "instances": [
        {
          "schema_version": 0,
          "attributes": {
            "bypass_policy_lockout_safety_check": false,
            "id": "0065591b-c462-4027-b57c-77e517342f6a",
            "key_id": "0065591b-c462-4027-b57c-77e517342f6a",
            "policy": "{\"Statement\":[{\"Action\":\"kms:*\",\"Effect\":\"Allow\",\"Principal\":{\"AWS\":\"arn:aws:iam::376337229415:root\"},\"Resource\":\"*\",\"Sid\":\"RootAccess\"},{\"Action\":[\"kms:DescribeKey\",\"kms:Decrypt\"],\"Condition\":{\"StringEquals\":{\"kms:CallerAccount\":\"376337229415\"}},\"Effect\":\"Allow\",\"Principal\":{\"Service\":\"ec2.amazonaws.com\"},\"Resource\":\"*\",\"Sid\":\"AWSEC2ResourcePolicy\"},{\"Action\":[\"kms:ReEncrypt*\",\"kms:GenerateDataKey*\",\"kms:Encrypt\",\"kms:DescribeKey\",\"kms:Decrypt\",\"kms:CreateGrant\"],\"Condition\":{\"StringEquals\":{\"kms:CallerAccount\":\"376337229415\"}},\"Effect\":\"Allow\",\"Principal\":{\"Service\":\"elasticache.amazonaws.com\"},\"Resource\":\"*\",\"Sid\":\"ElastiCacheServicePolicy\"}],\"Version\":\"2012-10-17\"}",
            "region": "us-east-1"
          },
          "sensitive_attributes": [],
          "identity_schema_version": 0,
          "private": "bnVsbA==",
          "dependencies": [
            "aws_kms_key.valkey_kms",
            "data.aws_caller_identity.current",
            "data.aws_iam_policy_document.this"
          ]
        }
      ]
    },
    {
      "mode": "managed",
      "type": "aws_lambda_function",
      "name": "lex_fulfillment",
      "provider": "provider[\"registry.terraform.io/hashicorp/aws\"]",
      "instances": [
        {
          "schema_version": 0,
          "attributes": {
            "architectures": [
              "x86_64"
            ],
            "arn": "arn:aws:lambda:us-east-1:376337229415:function:lex-qa-fulfillment",
            "capacity_provider_config": [],
            "code_sha256": "NjxFq4Ir3G1+C5IIhQzs5/J/JKn07ouQb589w7p8ELQ=",
            "code_signing_config_arn": "",
            "dead_letter_config": [],
            "description": "",
            "durable_config": [],
            "environment": [
              {
                "variables": {
                  "LITELLM_API_KEY": "",
                  "LITELLM_ENDPOINT": "http://dualstack.internal-litellm-1915701886.us-east-1.elb.amazonaws.com:4000",
                  "MODEL_NAME": "claude-3-sonnet"
                }
              }
            ],
            "ephemeral_storage": [
              {
                "size": 512
              }
            ],
            "file_system_config": [],
            "filename": "./../lambda/lex_fulfillment.zip",
            "function_name": "lex-qa-fulfillment",
            "handler": "lex_fulfillment.lambda_handler",
            "id": "lex-qa-fulfillment",
            "image_config": [],
            "image_uri": "",
            "invoke_arn": "arn:aws:apigateway:us-east-1:lambda:path/2015-03-31/functions/arn:aws:lambda:us-east-1:376337229415:function:lex-qa-fulfillment/invocations",
            "kms_key_arn": "",
            "last_modified": "2026-01-06T03:43:46.155+0000",
            "layers": [],
            "logging_config": [
              {
                "application_log_level": "",
                "log_format": "Text",
                "log_group": "/aws/lambda/lex-qa-fulfillment",
                "system_log_level": ""
              }
            ],
            "memory_size": 256,
            "package_type": "Zip",
            "publish": false,
            "publish_to": null,
            "qualified_arn": "arn:aws:lambda:us-east-1:376337229415:function:lex-qa-fulfillment:$LATEST",
            "qualified_invoke_arn": "arn:aws:apigateway:us-east-1:lambda:path/2015-03-31/functions/arn:aws:lambda:us-east-1:376337229415:function:lex-qa-fulfillment:$LATEST/invocations",
            "region": "us-east-1",
            "replace_security_groups_on_destroy": null,
            "replacement_security_group_ids": null,
            "reserved_concurrent_executions": -1,
            "role": "arn:aws:iam::376337229415:role/lex-fulfillment-lambda-role",
            "runtime": "python3.11",
            "s3_bucket": null,
            "s3_key": null,
            "s3_object_version": null,
            "signing_job_arn": "",
            "signing_profile_version_arn": "",
            "skip_destroy": false,
            "snap_start": [],
            "source_code_hash": "NjxFq4Ir3G1+C5IIhQzs5/J/JKn07ouQb589w7p8ELQ=",
            "source_code_size": 1485,
            "source_kms_key_arn": "",
            "tags": {
              "Environment": "dev",
              "Project": "litellm-demo"
            },
            "tags_all": {
              "Environment": "dev",
              "Project": "litellm-demo"
            },
            "tenancy_config": [],
            "timeout": 30,
            "timeouts": null,
            "tracing_config": [
              {
                "mode": "PassThrough"
              }
            ],
            "version": "$LATEST",
            "vpc_config": [
              {
                "ipv6_allowed_for_dual_stack": false,
                "security_group_ids": [
                  "sg-048d64314bdae5e24"
                ],
                "subnet_ids": [
                  "subnet-0b84a76c5e30c472a",
                  "subnet-0d52c6f2a1e754f4e"
                ],
                "vpc_id": "vpc-05c7628a7a70e7e0f"
              }
            ]
          },
          "sensitive_attributes": [],
          "identity_schema_version": 0,
          "identity": {
            "account_id": "376337229415",
            "function_name": "lex-qa-fulfillment",
            "region": "us-east-1"
          },
          "private": "eyJlMmJmYjczMC1lY2FhLTExZTYtOGY4OC0zNDM2M2JjN2M0YzAiOnsiY3JlYXRlIjo2MDAwMDAwMDAwMDAsImRlbGV0ZSI6NjAwMDAwMDAwMDAwLCJ1cGRhdGUiOjYwMDAwMDAwMDAwMH19",
          "dependencies": [
            "aws_iam_role.lex_lambda_role",
            "data.aws_security_group.workload_security_group",
            "data.aws_subnets.private_subnets",
            "data.aws_subnets.public_subnets",
            "data.aws_vpc.main",
            "module.load_balancer_litellm.module.load_balancer.aws_lb.internal"
          ]
        }
      ]
    },
    {
      "mode": "managed",
      "type": "aws_lambda_permission",
      "name": "lex_invoke",
      "provider": "provider[\"registry.terraform.io/hashicorp/aws\"]",
      "instances": [
        {
          "schema_version": 0,
          "attributes": {
            "action": "lambda:InvokeFunction",
            "event_source_token": null,
            "function_name": "lex-qa-fulfillment",
            "function_url_auth_type": null,
            "id": "AllowLexInvoke",
            "principal": "lexv2.amazonaws.com",
            "principal_org_id": null,
            "qualifier": "",
            "region": "us-east-1",
            "source_account": null,
            "source_arn": "arn:aws:lex:us-east-1:376337229415:bot/XGILVCLOLH/*",
            "statement_id": "AllowLexInvoke",
            "statement_id_prefix": ""
          },
          "sensitive_attributes": [],
          "identity_schema_version": 0,
          "identity": {
            "account_id": "376337229415",
            "function_name": "lex-qa-fulfillment",
            "qualifier": null,
            "region": "us-east-1",
            "statement_id": "AllowLexInvoke"
          },
          "private": "bnVsbA==",
          "dependencies": [
            "aws_iam_role.lex_bot_role",
            "aws_iam_role.lex_lambda_role",
            "aws_lambda_function.lex_fulfillment",
            "aws_lexv2models_bot.qa_assistant",
            "data.aws_security_group.workload_security_group",
            "data.aws_subnets.private_subnets",
            "data.aws_subnets.public_subnets",
            "data.aws_vpc.main",
            "module.load_balancer_litellm.module.load_balancer.aws_lb.internal"
          ]
        }
      ]
    },
    {
      "mode": "managed",
      "type": "aws_lexv2models_bot",
      "name": "qa_assistant",
      "provider": "provider[\"registry.terraform.io/hashicorp/aws\"]",
      "instances": [
        {
          "schema_version": 0,
          "attributes": {
            "arn": "arn:aws:lex:us-east-1:376337229415:bot/XGILVCLOLH",
            "data_privacy": [
              {
                "child_directed": false
              }
            ],
            "description": "General Q\u0026A chatbot powered by LiteLLM and AWS Bedrock",
            "id": "XGILVCLOLH",
            "idle_session_ttl_in_seconds": 300,
            "members": [],
            "name": "QAAssistant",
            "region": "us-east-1",
            "role_arn": "arn:aws:iam::376337229415:role/lex-qa-assistant-role",
            "tags": {
              "Environment": "dev",
              "Project": "litellm-demo"
            },
            "tags_all": {
              "Environment": "dev",
              "Project": "litellm-demo"
            },
            "test_bot_alias_tags": null,
            "timeouts": null,
            "type": "Bot"
          },
          "sensitive_attributes": [],
          "identity_schema_version": 0,
          "dependencies": [
            "aws_iam_role.lex_bot_role"
          ]
        }
      ]
    },
    {
      "mode": "managed",
      "type": "aws_lexv2models_bot_locale",
      "name": "en_us",
      "provider": "provider[\"registry.terraform.io/hashicorp/aws\"]",
      "instances": [
        {
          "schema_version": 0,
          "attributes": {
            "bot_id": "XGILVCLOLH",
            "bot_version": "DRAFT",
            "description": null,
            "id": "en_US,XGILVCLOLH,DRAFT",
            "locale_id": "en_US",
            "n_lu_intent_confidence_threshold": 0.4,
            "name": "English (US)",
            "region": "us-east-1",
            "timeouts": null,
            "voice_settings": [
              {
                "engine": "neural",
                "voice_id": "Joanna"
              }
            ]
          },
          "sensitive_attributes": [],
          "identity_schema_version": 0,
          "dependencies": [
            "aws_iam_role.lex_bot_role",
            "aws_lexv2models_bot.qa_assistant"
          ]
        }
      ]
    },
    {
      "mode": "managed",
      "type": "aws_lexv2models_bot_version",
      "name": "qa_assistant_v1",
      "provider": "provider[\"registry.terraform.io/hashicorp/aws\"]",
      "instances": [
        {
          "schema_version": 0,
          "attributes": {
            "bot_id": "XGILVCLOLH",
            "bot_version": "1",
            "description": null,
            "id": "XGILVCLOLH,1",
            "locale_specification": {
              "en_US": {
                "source_bot_version": "DRAFT"
              }
            },
            "region": "us-east-1",
            "timeouts": null
          },
          "sensitive_attributes": [],
          "identity_schema_version": 0,
          "dependencies": [
            "aws_iam_role.lex_bot_role",
            "aws_lexv2models_bot.qa_assistant",
            "aws_lexv2models_bot_locale.en_us",
            "aws_lexv2models_intent.qa_intent"
          ]
        }
      ]
    },
    {
      "mode": "managed",
      "type": "aws_lexv2models_intent",
      "name": "qa_intent",
      "provider": "provider[\"registry.terraform.io/hashicorp/aws\"]",
      "instances": [
        {
          "schema_version": 0,
          "attributes": {
            "bot_id": "XGILVCLOLH",
            "bot_version": "DRAFT",
            "closing_setting": [],
            "confirmation_setting": [],
            "creation_date_time": "2026-01-06T03:50:33Z",
            "description": "Intent that forwards queries to LiteLLM",
            "dialog_code_hook": [],
            "fulfillment_code_hook": [
              {
                "active": null,
                "enabled": true,
                "fulfillment_updates_specification": [],
                "post_fulfillment_status_specification": []
              }
            ],
            "id": "DZYOLOZT7D:XGILVCLOLH:DRAFT:en_US",
            "initial_response_setting": [],
            "input_context": [],
            "intent_id": "DZYOLOZT7D",
            "kendra_configuration": [],
            "last_updated_date_time": "2026-01-06T03:50:33Z",
            "locale_id": "en_US",
            "name": "QAIntent",
            "output_context": [],
            "parent_intent_signature": null,
            "region": "us-east-1",
            "sample_utterance": [
              {
                "utterance": "help me with something"
              },
              {
                "utterance": "I have a question"
              },
              {
                "utterance": "tell me about something"
              },
              {
                "utterance": "what is this"
              }
            ],
            "slot_priority": [],
            "timeouts": null
          },
          "sensitive_attributes": [],
          "identity_schema_version": 0,
          "dependencies": [
            "aws_iam_role.lex_bot_role",
            "aws_lexv2models_bot.qa_assistant",
            "aws_lexv2models_bot_locale.en_us"
          ]
        }
      ]
    },
    {
      "mode": "managed",
      "type": "aws_route53_record",
      "name": "cloudfront",
      "provider": "provider[\"registry.terraform.io/hashicorp/aws\"]",
      "instances": [
        {
          "schema_version": 2,
          "attributes": {
            "alias": [
              {
                "evaluate_target_health": false,
                "name": "d2uvupybu0w8hy.cloudfront.net",
                "zone_id": "Z2FDTNDATAQYW2"
              }
            ],
            "allow_overwrite": null,
            "cidr_routing_policy": [],
            "failover_routing_policy": [],
            "fqdn": "cdn.litellmdemo.com",
            "geolocation_routing_policy": [],
            "geoproximity_routing_policy": [],
            "health_check_id": "",
            "id": "Z017824332U5UFV3ZZ6JE_cdn.litellmdemo.com_A",
            "latency_routing_policy": [],
            "multivalue_answer_routing_policy": false,
            "name": "cdn.litellmdemo.com",
            "records": [],
            "set_identifier": "",
            "timeouts": null,
            "ttl": 0,
            "type": "A",
            "weighted_routing_policy": [],
            "zone_id": "Z017824332U5UFV3ZZ6JE"
          },
          "sensitive_attributes": [],
          "identity_schema_version": 0,
          "identity": {
            "account_id": "376337229415",
            "name": "cdn.litellmdemo.com",
            "set_identifier": null,
            "type": "A",
            "zone_id": "Z017824332U5UFV3ZZ6JE"
          },
          "private": "eyJlMmJmYjczMC1lY2FhLTExZTYtOGY4OC0zNDM2M2JjN2M0YzAiOnsiY3JlYXRlIjoxODAwMDAwMDAwMDAwLCJkZWxldGUiOjE4MDAwMDAwMDAwMDAsInVwZGF0ZSI6MTgwMDAwMDAwMDAwMH0sInNjaGVtYV92ZXJzaW9uIjoiMiJ9",
          "dependencies": [
            "aws_cloudfront_distribution.main",
            "aws_route53_zone.main",
            "data.aws_cloudfront_cache_policy.caching_disabled",
            "data.aws_cloudfront_origin_request_policy.all_viewer",
            "data.aws_security_group.workload_security_group",
            "data.aws_subnets.public_subnets",
            "data.aws_vpc.main",
            "module.load_balancer_litellm.module.load_balancer.aws_lb.internal"
          ]
        }
      ]
    },
    {
      "mode": "managed",
      "type": "aws_route53_record",
      "name": "litellm",
      "provider": "provider[\"registry.terraform.io/hashicorp/aws\"]",
      "instances": [
        {
          "schema_version": 2,
          "attributes": {
            "alias": [
              {
                "evaluate_target_health": true,
                "name": "dualstack.internal-litellm-1915701886.us-east-1.elb.amazonaws.com",
                "zone_id": "Z35SXDOTRQ7X7K"
              }
            ],
            "allow_overwrite": null,
            "cidr_routing_policy": [],
            "failover_routing_policy": [],
            "fqdn": "api.litellmdemo.com",
            "geolocation_routing_policy": [],
            "geoproximity_routing_policy": [],
            "health_check_id": "",
            "id": "Z017824332U5UFV3ZZ6JE_api_A",
            "latency_routing_policy": [],
            "multivalue_answer_routing_policy": false,
            "name": "api",
            "records": [],
            "set_identifier": "",
            "timeouts": null,
            "ttl": 0,
            "type": "A",
            "weighted_routing_policy": [],
            "zone_id": "Z017824332U5UFV3ZZ6JE"
          },
          "sensitive_attributes": [],
          "identity_schema_version": 0,
          "identity": {
            "account_id": "376337229415",
            "name": "api",
            "set_identifier": null,
            "type": "A",
            "zone_id": "Z017824332U5UFV3ZZ6JE"
          },
          "private": "eyJlMmJmYjczMC1lY2FhLTExZTYtOGY4OC0zNDM2M2JjN2M0YzAiOnsiY3JlYXRlIjoxODAwMDAwMDAwMDAwLCJkZWxldGUiOjE4MDAwMDAwMDAwMDAsInVwZGF0ZSI6MTgwMDAwMDAwMDAwMH0sInNjaGVtYV92ZXJzaW9uIjoiMiJ9",
          "dependencies": [
            "aws_route53_zone.main",
            "data.aws_security_group.workload_security_group",
            "data.aws_subnets.public_subnets",
            "data.aws_vpc.main",
            "module.load_balancer_litellm.module.load_balancer.aws_lb.internal"
          ]
        }
      ]
    },
    {
      "mode": "managed",
      "type": "aws_route53_zone",
      "name": "main",
      "provider": "provider[\"registry.terraform.io/hashicorp/aws\"]",
      "instances": [
        {
          "schema_version": 0,
          "attributes": {
            "arn": "arn:aws:route53:::hostedzone/Z017824332U5UFV3ZZ6JE",
            "comment": "Managed by Terraform",
            "delegation_set_id": "",
            "enable_accelerated_recovery": false,
            "force_destroy": false,
            "id": "Z017824332U5UFV3ZZ6JE",
            "name": "litellmdemo.com",
            "name_servers": [
              "ns-1264.awsdns-30.org",
              "ns-1848.awsdns-39.co.uk",
              "ns-552.awsdns-05.net",
              "ns-77.awsdns-09.com"
            ],
            "primary_name_server": "ns-1264.awsdns-30.org",
            "tags": {
              "Environment": "dev",
              "Project": "litellm-demo"
            },
            "tags_all": {
              "Environment": "dev",
              "Project": "litellm-demo"
            },
            "timeouts": null,
            "vpc": [],
            "zone_id": "Z017824332U5UFV3ZZ6JE"
          },
          "sensitive_attributes": [],
          "identity_schema_version": 0,
          "private": "eyJlMmJmYjczMC1lY2FhLTExZTYtOGY4OC0zNDM2M2JjN2M0YzAiOnsiY3JlYXRlIjoxODAwMDAwMDAwMDAwLCJkZWxldGUiOjE4MDAwMDAwMDAwMDAsInVwZGF0ZSI6MTgwMDAwMDAwMDAwMH19"
        }
      ]
    },
    {
      "mode": "managed",
      "type": "aws_secretsmanager_secret",
      "name": "litellm_aurora_secret",
      "provider": "provider[\"registry.terraform.io/hashicorp/aws\"]",
      "instances": [
        {
          "schema_version": 0,
          "attributes": {
            "arn": "arn:aws:secretsmanager:us-east-1:376337229415:secret:litellm-aurora-secret-icCXcu",
            "description": "",
            "force_overwrite_replica_secret": false,
            "id": "arn:aws:secretsmanager:us-east-1:376337229415:secret:litellm-aurora-secret-icCXcu",
            "kms_key_id": "",
            "name": "litellm-aurora-secret",
            "name_prefix": "",
            "policy": "",
            "recovery_window_in_days": 0,
            "region": "us-east-1",
            "replica": [],
            "tags": {
              "Environment": "dev",
              "Project": "litellm-demo"
            },
            "tags_all": {
              "Environment": "dev",
              "Project": "litellm-demo"
            }
          },
          "sensitive_attributes": [],
          "identity_schema_version": 0,
          "identity": {
            "arn": "arn:aws:secretsmanager:us-east-1:376337229415:secret:litellm-aurora-secret-icCXcu"
          },
          "private": "bnVsbA=="
        }
      ]
    },
    {
      "mode": "managed",
      "type": "aws_secretsmanager_secret",
      "name": "litellm_redis_secret",
      "provider": "provider[\"registry.terraform.io/hashicorp/aws\"]",
      "instances": [
        {
          "schema_version": 0,
          "attributes": {
            "arn": "arn:aws:secretsmanager:us-east-1:376337229415:secret:litellm-redis-secret-LYbsln",
            "description": "",
            "force_overwrite_replica_secret": false,
            "id": "arn:aws:secretsmanager:us-east-1:376337229415:secret:litellm-redis-secret-LYbsln",
            "kms_key_id": "",
            "name": "litellm-redis-secret",
            "name_prefix": "",
            "policy": "",
            "recovery_window_in_days": 0,
            "region": "us-east-1",
            "replica": [],
            "tags": {
              "Environment": "dev",
              "Project": "litellm-demo"
            },
            "tags_all": {
              "Environment": "dev",
              "Project": "litellm-demo"
            }
          },
          "sensitive_attributes": [],
          "identity_schema_version": 0,
          "identity": {
            "arn": "arn:aws:secretsmanager:us-east-1:376337229415:secret:litellm-redis-secret-LYbsln"
          },
          "private": "bnVsbA=="
        }
      ]
    },
    {
      "mode": "managed",
      "type": "aws_secretsmanager_secret",
      "name": "litellm_secrets",
      "provider": "provider[\"registry.terraform.io/hashicorp/aws\"]",
      "instances": [
        {
          "schema_version": 0,
          "attributes": {
            "arn": "arn:aws:secretsmanager:us-east-1:376337229415:secret:litellm-secrets-962fFs",
            "description": "",
            "force_overwrite_replica_secret": false,
            "id": "arn:aws:secretsmanager:us-east-1:376337229415:secret:litellm-secrets-962fFs",
            "kms_key_id": "",
            "name": "litellm-secrets",
            "name_prefix": "",
            "policy": "",
            "recovery_window_in_days": 0,
            "region": "us-east-1",
            "replica": [],
            "tags": {
              "Environment": "dev",
              "Project": "litellm-demo"
            },
            "tags_all": {
              "Environment": "dev",
              "Project": "litellm-demo"
            }
          },
          "sensitive_attributes": [],
          "identity_schema_version": 0,
          "identity": {
            "arn": "arn:aws:secretsmanager:us-east-1:376337229415:secret:litellm-secrets-962fFs"
          },
          "private": "bnVsbA=="
        }
      ]
    },
    {
      "mode": "managed",
      "type": "aws_secretsmanager_secret_version",
      "name": "litellm_aurora_secret",
      "provider": "provider[\"registry.terraform.io/hashicorp/aws\"]",
      "instances": [
        {
          "schema_version": 0,
          "attributes": {
            "arn": "arn:aws:secretsmanager:us-east-1:376337229415:secret:litellm-aurora-secret-icCXcu",
            "has_secret_string_wo": null,
            "id": "arn:aws:secretsmanager:us-east-1:376337229415:secret:litellm-aurora-secret-icCXcu|terraform-20260106035428094900000006",
            "region": "us-east-1",
            "secret_binary": "",
            "secret_id": "arn:aws:secretsmanager:us-east-1:376337229415:secret:litellm-aurora-secret-icCXcu",
            "secret_string": "{\"DATABASE_URL\":\"postgresql://postgres:sxvRKTulXYocoukI@litellm-aurora-postgresql.cluster-cg9we74vymgv.us-east-1.rds.amazonaws.com:5432/postgres\"}",
            "secret_string_wo": null,
            "secret_string_wo_version": null,
            "version_id": "terraform-20260106035428094900000006",
            "version_stages": [
              "AWSCURRENT"
            ]
          },
          "sensitive_attributes": [
            [
              {
                "type": "get_attr",
                "value": "secret_binary"
              }
            ],
            [
              {
                "type": "get_attr",
                "value": "secret_string"
              }
            ],
            [
              {
                "type": "get_attr",
                "value": "secret_string_wo"
              }
            ]
          ],
          "identity_schema_version": 0,
          "identity": {
            "account_id": "376337229415",
            "region": "us-east-1",
            "secret_id": "arn:aws:secretsmanager:us-east-1:376337229415:secret:litellm-aurora-secret-icCXcu",
            "version_id": "terraform-20260106035428094900000006"
          },
          "private": "bnVsbA==",
          "dependencies": [
            "aws_db_subnet_group.aurora_subnet_group",
            "aws_secretsmanager_secret.litellm_aurora_secret",
            "data.aws_subnets.private_subnets",
            "data.aws_vpc.main",
            "module.aurora_db.aws_cloudwatch_log_group.this",
            "module.aurora_db.aws_db_subnet_group.this",
            "module.aurora_db.aws_iam_role.rds_enhanced_monitoring",
            "module.aurora_db.aws_rds_cluster.this",
            "module.aurora_db.aws_rds_cluster_parameter_group.this",
            "module.aurora_db.aws_security_group.this",
            "module.aurora_db.data.aws_iam_policy_document.monitoring_rds_assume_role",
            "module.aurora_db.data.aws_service_principal.monitoring_rds",
            "random_password.aurora_password_main"
          ]
        }
      ]
    },
    {
      "mode": "managed",
      "type": "aws_secretsmanager_secret_version",
      "name": "litellm_redis_secret",
      "provider": "provider[\"registry.terraform.io/hashicorp/aws\"]",
      "instances": [
        {
          "schema_version": 0,
          "attributes": {
            "arn": "arn:aws:secretsmanager:us-east-1:376337229415:secret:litellm-redis-secret-LYbsln",
            "has_secret_string_wo": null,
            "id": "arn:aws:secretsmanager:us-east-1:376337229415:secret:litellm-redis-secret-LYbsln|terraform-20260106035428093700000005",
            "region": "us-east-1",
            "secret_binary": "",
            "secret_id": "arn:aws:secretsmanager:us-east-1:376337229415:secret:litellm-redis-secret-LYbsln",
            "secret_string": "{\"REDIS_PASSWORD\":\"m2UjnYV66RUUDWLEFb\"}",
            "secret_string_wo": null,
            "secret_string_wo_version": null,
            "version_id": "terraform-20260106035428093700000005",
            "version_stages": [
              "AWSCURRENT"
            ]
          },
          "sensitive_attributes": [
            [
              {
                "type": "get_attr",
                "value": "secret_binary"
              }
            ],
            [
              {
                "type": "get_attr",
                "value": "secret_string"
              }
            ],
            [
              {
                "type": "get_attr",
                "value": "secret_string_wo"
              }
            ]
          ],
          "identity_schema_version": 0,
          "identity": {
            "account_id": "376337229415",
            "region": "us-east-1",
            "secret_id": "arn:aws:secretsmanager:us-east-1:376337229415:secret:litellm-redis-secret-LYbsln",
            "version_id": "terraform-20260106035428093700000005"
          },
          "private": "bnVsbA==",
          "dependencies": [
            "aws_secretsmanager_secret.litellm_redis_secret",
            "random_password.redis_password_main"
          ]
        }
      ]
    },
    {
      "mode": "managed",
      "type": "aws_secretsmanager_secret_version",
      "name": "litellm_secrets",
      "provider": "provider[\"registry.terraform.io/hashicorp/aws\"]",
      "instances": [
        {
          "schema_version": 0,
          "attributes": {
            "arn": "arn:aws:secretsmanager:us-east-1:376337229415:secret:litellm-secrets-962fFs",
            "has_secret_string_wo": null,
            "id": "arn:aws:secretsmanager:us-east-1:376337229415:secret:litellm-secrets-962fFs|terraform-20260106035428046900000004",
            "region": "us-east-1",
            "secret_binary": "",
            "secret_id": "arn:aws:secretsmanager:us-east-1:376337229415:secret:litellm-secrets-962fFs",
            "secret_string": "{\"LITELLM_MASTER_KEY\":\"sk-placeholder-update-after-deploy\",\"LITELLM_SALT_KEY\":\"salt-placeholder-update-after-deploy\"}",
            "secret_string_wo": null,
            "secret_string_wo_version": null,
            "version_id": "terraform-20260106035428046900000004",
            "version_stages": [
              "AWSCURRENT"
            ]
          },
          "sensitive_attributes": [
            [
              {
                "type": "get_attr",
                "value": "secret_binary"
              }
            ],
            [
              {
                "type": "get_attr",
                "value": "secret_string"
              }
            ],
            [
              {
                "type": "get_attr",
                "value": "secret_string_wo"
              }
            ]
          ],
          "identity_schema_version": 0,
          "identity": {
            "account_id": "376337229415",
            "region": "us-east-1",
            "secret_id": "arn:aws:secretsmanager:us-east-1:376337229415:secret:litellm-secrets-962fFs",
            "version_id": "terraform-20260106035428046900000004"
          },
          "private": "bnVsbA==",
          "dependencies": [
            "aws_secretsmanager_secret.litellm_secrets"
          ]
        }
      ]
    },
    {
      "mode": "managed",
      "type": "aws_ssm_parameter",
      "name": "litellm_redis_host",
      "provider": "provider[\"registry.terraform.io/hashicorp/aws\"]",
      "instances": [
        {
          "schema_version": 0,
          "attributes": {
            "allowed_pattern": "",
            "arn": "arn:aws:ssm:us-east-1:376337229415:parameter/dev/valkey/litellm-redis-host",
            "data_type": "text",
            "description": "",
            "has_value_wo": false,
            "id": "/dev/valkey/litellm-redis-host",
            "insecure_value": null,
            "key_id": "arn:aws:kms:us-east-1:376337229415:key/0065591b-c462-4027-b57c-77e517342f6a",
            "name": "/dev/valkey/litellm-redis-host",
            "overwrite": null,
            "region": "us-east-1",
            "tags": {},
            "tags_all": {},
            "tier": "Standard",
            "type": "SecureString",
            "value": "master.litellm-valkey.mus2ay.use1.cache.amazonaws.com",
            "value_wo": null,
            "value_wo_version": null,
            "version": 1
          },
          "sensitive_attributes": [
            [
              {
                "type": "get_attr",
                "value": "value"
              }
            ],
            [
              {
                "type": "get_attr",
                "value": "value_wo"
              }
            ]
          ],
          "identity_schema_version": 0,
          "identity": {
            "account_id": "376337229415",
            "name": "/dev/valkey/litellm-redis-host",
            "region": "us-east-1"
          },
          "private": "bnVsbA==",
          "dependencies": [
            "aws_kms_key.valkey_kms",
            "data.aws_subnets.private_subnets",
            "data.aws_vpc.main",
            "module.elasticache.aws_cloudwatch_log_group.this",
            "module.elasticache.aws_elasticache_parameter_group.this",
            "module.elasticache.aws_elasticache_replication_group.global",
            "module.elasticache.aws_elasticache_replication_group.this",
            "module.elasticache.aws_elasticache_subnet_group.this",
            "module.elasticache.aws_security_group.this",
            "module.elasticache.random_id.this",
            "random_password.redis_password_main"
          ]
        }
      ]
    },
    {
      "mode": "managed",
      "type": "random_id",
      "name": "suffix",
      "provider": "provider[\"registry.terraform.io/hashicorp/random\"]",
      "instances": [
        {
          "schema_version": 0,
          "attributes": {
            "b64_std": "VUw5Hg==",
            "b64_url": "VUw5Hg",
            "byte_length": 4,
            "dec": "1431058718",
            "hex": "554c391e",
            "id": "VUw5Hg",
            "keepers": null,
            "prefix": null
          },
          "sensitive_attributes": [],
          "identity_schema_version": 0
        }
      ]
    },
    {
      "mode": "managed",
      "type": "random_password",
      "name": "aurora_password_main",
      "provider": "provider[\"registry.terraform.io/hashicorp/random\"]",
      "instances": [
        {
          "schema_version": 3,
          "attributes": {
            "bcrypt_hash": "$2a$10$rAYKN2P3lIW5dYzxTfpXwu.magPdQZtms22mVeYk1EWulK.RGo23q",
            "id": "none",
            "keepers": null,
            "length": 16,
            "lower": true,
            "min_lower": 0,
            "min_numeric": 0,
            "min_special": 0,
            "min_upper": 0,
            "number": true,
            "numeric": true,
            "override_special": null,
            "result": "sxvRKTulXYocoukI",
            "special": false,
            "upper": true
          },
          "sensitive_attributes": [
            [
              {
                "type": "get_attr",
                "value": "bcrypt_hash"
              }
            ],
            [
              {
                "type": "get_attr",
                "value": "result"
              }
            ]
          ],
          "identity_schema_version": 0,
          "create_before_destroy": true
        }
      ]
    },
    {
      "mode": "managed",
      "type": "random_password",
      "name": "redis_password_main",
      "provider": "provider[\"registry.terraform.io/hashicorp/random\"]",
      "instances": [
        {
          "schema_version": 3,
          "attributes": {
            "bcrypt_hash": "$2a$10$ySStCbhn4UWNnE6BayP1BOLAyCkueq0gdDclo7LLeTM1o6oWiJNaq",
            "id": "none",
            "keepers": null,
            "length": 18,
            "lower": true,
            "min_lower": 0,
            "min_numeric": 0,
            "min_special": 0,
            "min_upper": 0,
            "number": true,
            "numeric": true,
            "override_special": null,
            "result": "m2UjnYV66RUUDWLEFb",
            "special": false,
            "upper": true
          },
          "sensitive_attributes": [
            [
              {
                "type": "get_attr",
                "value": "bcrypt_hash"
              }
            ],
            [
              {
                "type": "get_attr",
                "value": "result"
              }
            ]
          ],
          "identity_schema_version": 0
        }
      ]
    },
    {
      "mode": "managed",
      "type": "tls_private_key",
      "name": "self_signed",
      "provider": "provider[\"registry.terraform.io/hashicorp/tls\"]",
      "instances": [
        {
          "schema_version": 1,
          "attributes": {
            "algorithm": "RSA",
            "ecdsa_curve": "P224",
            "id": "a562779ec41d79eafced8842e16697d151768c00",
            "private_key_openssh": "-----BEGIN OPENSSH PRIVATE KEY-----\nb3BlbnNzaC1rZXktdjEAAAAABG5vbmUAAAAEbm9uZQAAAAAAAAABAAABFwAAAAdz\nc2gtcnNhAAAAAwEAAQAAAQEAxYzsaRpfnkQsZ6EjQgRoxReEwPGKPxsQuaZJohh4\nC2oHh96SZpLfl1AFbZkUNyEtgdXSPvAidAwEuGs89ODXcNFG6gqEWzZvgdKTEKBc\nkXVRrUGpv65kWrlru3Jtzvwc+2S/KLIZkibsmmW5/dbQmeUJ6JuIQ5+Xh+54M+DE\nxeS9snU5n+1AXAqhDVlFmCRJtkgYaojbT25HWOJLPoXdryTvwkllxkVj+EHLhDD7\n01LUeBut3Y9JFHuv3aXHA9293gBoaoT4WsCn/J7wHRNq4wkT2v9UnG+XWsKdjPRw\nucxUpMHae+kJB6+u92lfFuaQlEPWPnPDMVoicDvdxCaEZwAAA7iNDxEEjQ8RBAAA\nAAdzc2gtcnNhAAABAQDFjOxpGl+eRCxnoSNCBGjFF4TA8Yo/GxC5pkmiGHgLageH\n3pJmkt+XUAVtmRQ3IS2B1dI+8CJ0DAS4azz04Ndw0UbqCoRbNm+B0pMQoFyRdVGt\nQam/rmRauWu7cm3O/Bz7ZL8oshmSJuyaZbn91tCZ5Qnom4hDn5eH7ngz4MTF5L2y\ndTmf7UBcCqENWUWYJEm2SBhqiNtPbkdY4ks+hd2vJO/CSWXGRWP4QcuEMPvTUtR4\nG63dj0kUe6/dpccD3b3eAGhqhPhawKf8nvAdE2rjCRPa/1Scb5dawp2M9HC5zFSk\nwdp76QkHr673aV8W5pCUQ9Y+c8MxWiJwO93EJoRnAAAAAwEAAQAAAQAgEQX28Y7/\n07UZhTCB8NFI3M5xu0NjhvMqD3H4W9xwjd93EIvXFpQwrY6UAbskT8BhSOH90WDm\nUWUawl18qlqON4o5R0fAvo9PFW1Fz6H3AoIli3kQYjBsAZkZLjPg20+hBvN4maBI\n9wSE82pDZ/EoaeM33Lc7stYX/H+KfDu0m2mcf7sjkRh5W8c2Hk6+hgEiCl/s+oyt\nmOdSTHyQrYKXO7nmo/FBMl5/EcrwsR9VvQpVg9tHtNGwcN1/WPFk46UhJuxL3EKq\nmH+XQK9qsAvQvZOrRgowjlJpJez2CSFXGtUg5YG/ToXLKV1CXpymDp0tjE4GlW34\nj+rTgJvLdARRAAAAgHWVwChU7Y3HS6tXs+tkdW3F142+CRYKGiZYwZOQpeKzSsbn\ndNwKKHikK6Kqe+z9th8+gBbUm/orV8udCp9LwoIf017fTiOGdlg7g/iHz+HbBDKy\n07jg/vAlMUNXb+/k5JO+ygJURKYAdNzikeZ/FRGKKul7wStVR1Zui8WuLmo4AAAA\ngQDaDJg31x8EyF7xUiIXEtCcg/x3amSbL/YI7hyRX8Z8ID+J8vJLUpwm8BHGozQS\nft/TKxHHfBAgvdzg0waOkZwoJlYEsDX+1/Vj+ZWwfjY8QsfrjFZMEaEPgvFVFcLQ\nh5+KzjTaNcj2WCLcYV/KgOVvlDwp0T9Nzx9O3kGvBCiXTQAAAIEA5+781EVb1Aoo\ntnjPAlFs55OHT2OEa9IiysgNObjFjyq7NYcBb4Re+3H4C11aSB+9Ewwbi1Skzywo\nK+C9I5w/g8tNFHzuIC+x2VCpgM2DpkGx6ibdREGjSYc9qvBt8mUwGo65/IxjPC5L\ngD5AqfzHP2n5oUmN3pg7zcKyoZXJeIMAAAAAAQID\n-----END OPENSSH PRIVATE KEY-----\n",
            "private_key_pem": "-----BEGIN RSA PRIVATE KEY-----\nMIIEowIBAAKCAQEAxYzsaRpfnkQsZ6EjQgRoxReEwPGKPxsQuaZJohh4C2oHh96S\nZpLfl1AFbZkUNyEtgdXSPvAidAwEuGs89ODXcNFG6gqEWzZvgdKTEKBckXVRrUGp\nv65kWrlru3Jtzvwc+2S/KLIZkibsmmW5/dbQmeUJ6JuIQ5+Xh+54M+DExeS9snU5\nn+1AXAqhDVlFmCRJtkgYaojbT25HWOJLPoXdryTvwkllxkVj+EHLhDD701LUeBut\n3Y9JFHuv3aXHA9293gBoaoT4WsCn/J7wHRNq4wkT2v9UnG+XWsKdjPRwucxUpMHa\ne+kJB6+u92lfFuaQlEPWPnPDMVoicDvdxCaEZwIDAQABAoIBACARBfbxjv/TtRmF\nMIHw0UjcznG7Q2OG8yoPcfhb3HCN33cQi9cWlDCtjpQBuyRPwGFI4f3RYOZRZRrC\nXXyqWo43ijlHR8C+j08VbUXPofcCgiWLeRBiMGwBmRkuM+DbT6EG83iZoEj3BITz\nakNn8Shp4zfctzuy1hf8f4p8O7SbaZx/uyORGHlbxzYeTr6GASIKX+z6jK2Y51JM\nfJCtgpc7ueaj8UEyXn8RyvCxH1W9ClWD20e00bBw3X9Y8WTjpSEm7EvcQqqYf5dA\nr2qwC9C9k6tGCjCOUmkl7PYJIVca1SDlgb9OhcspXUJenKYOnS2MTgaVbfiP6tOA\nm8t0BFECgYEA2gyYN9cfBMhe8VIiFxLQnIP8d2pkmy/2CO4ckV/GfCA/ifLyS1Kc\nJvARxqM0En7f0ysRx3wQIL3c4NMGjpGcKCZWBLA1/tf1Y/mVsH42PELH64xWTBGh\nD4LxVRXC0Iefis402jXI9lgi3GFfyoDlb5Q8KdE/Tc8fTt5BrwQol00CgYEA5+78\n1EVb1AootnjPAlFs55OHT2OEa9IiysgNObjFjyq7NYcBb4Re+3H4C11aSB+9Ewwb\ni1SkzywoK+C9I5w/g8tNFHzuIC+x2VCpgM2DpkGx6ibdREGjSYc9qvBt8mUwGo65\n/IxjPC5LgD5AqfzHP2n5oUmN3pg7zcKyoZXJeIMCgYEAsVrxLOpDBqbb4rmFlPLu\nz3/jiFX3guqd2mGixvP6A9hPFiuPvIhzDpDSRJlWr3yXHbG4gmN80sTbtdqvSKNT\nOq0D5khVgvWxWSIXCTl/b8B50DOTtcfZEz7UgPp0PR0zPbm/74Uz8nt5z3s8aQAy\nnnEaBoF2VhmUQ5gwIOTnBzkCgYAj17sa0t0uF6PTDzhuk0bRQutWSXrdbswRqnjg\nwr1FMsVbsFF4emxzT1mV6AdbvgvqNaTME3iky54pqcGRD0SBiZmP4P6r2rMRcnW/\nggMmXmCwXvEy6zHg2xWcpStYmmqksAnuDYQIeN8SIoy7uGTSV/5L/qH+FGipk70n\nW46XIQKBgHWVwChU7Y3HS6tXs+tkdW3F142+CRYKGiZYwZOQpeKzSsbndNwKKHik\nK6Kqe+z9th8+gBbUm/orV8udCp9LwoIf017fTiOGdlg7g/iHz+HbBDKy07jg/vAl\nMUNXb+/k5JO+ygJURKYAdNzikeZ/FRGKKul7wStVR1Zui8WuLmo4\n-----END RSA PRIVATE KEY-----\n",
            "private_key_pem_pkcs8": "-----BEGIN PRIVATE KEY-----\nMIIEvQIBADANBgkqhkiG9w0BAQEFAASCBKcwggSjAgEAAoIBAQDFjOxpGl+eRCxn\noSNCBGjFF4TA8Yo/GxC5pkmiGHgLageH3pJmkt+XUAVtmRQ3IS2B1dI+8CJ0DAS4\nazz04Ndw0UbqCoRbNm+B0pMQoFyRdVGtQam/rmRauWu7cm3O/Bz7ZL8oshmSJuya\nZbn91tCZ5Qnom4hDn5eH7ngz4MTF5L2ydTmf7UBcCqENWUWYJEm2SBhqiNtPbkdY\n4ks+hd2vJO/CSWXGRWP4QcuEMPvTUtR4G63dj0kUe6/dpccD3b3eAGhqhPhawKf8\nnvAdE2rjCRPa/1Scb5dawp2M9HC5zFSkwdp76QkHr673aV8W5pCUQ9Y+c8MxWiJw\nO93EJoRnAgMBAAECggEAIBEF9vGO/9O1GYUwgfDRSNzOcbtDY4bzKg9x+FvccI3f\ndxCL1xaUMK2OlAG7JE/AYUjh/dFg5lFlGsJdfKpajjeKOUdHwL6PTxVtRc+h9wKC\nJYt5EGIwbAGZGS4z4NtPoQbzeJmgSPcEhPNqQ2fxKGnjN9y3O7LWF/x/inw7tJtp\nnH+7I5EYeVvHNh5OvoYBIgpf7PqMrZjnUkx8kK2Clzu55qPxQTJefxHK8LEfVb0K\nVYPbR7TRsHDdf1jxZOOlISbsS9xCqph/l0CvarAL0L2Tq0YKMI5SaSXs9gkhVxrV\nIOWBv06FyyldQl6cpg6dLYxOBpVt+I/q04Cby3QEUQKBgQDaDJg31x8EyF7xUiIX\nEtCcg/x3amSbL/YI7hyRX8Z8ID+J8vJLUpwm8BHGozQSft/TKxHHfBAgvdzg0waO\nkZwoJlYEsDX+1/Vj+ZWwfjY8QsfrjFZMEaEPgvFVFcLQh5+KzjTaNcj2WCLcYV/K\ngOVvlDwp0T9Nzx9O3kGvBCiXTQKBgQDn7vzURVvUCii2eM8CUWznk4dPY4Rr0iLK\nyA05uMWPKrs1hwFvhF77cfgLXVpIH70TDBuLVKTPLCgr4L0jnD+Dy00UfO4gL7HZ\nUKmAzYOmQbHqJt1EQaNJhz2q8G3yZTAajrn8jGM8LkuAPkCp/Mc/afmhSY3emDvN\nwrKhlcl4gwKBgQCxWvEs6kMGptviuYWU8u7Pf+OIVfeC6p3aYaLG8/oD2E8WK4+8\niHMOkNJEmVavfJcdsbiCY3zSxNu12q9Io1M6rQPmSFWC9bFZIhcJOX9vwHnQM5O1\nx9kTPtSA+nQ9HTM9ub/vhTPye3nPezxpADKecRoGgXZWGZRDmDAg5OcHOQKBgCPX\nuxrS3S4Xo9MPOG6TRtFC61ZJet1uzBGqeODCvUUyxVuwUXh6bHNPWZXoB1u+C+o1\npMwTeKTLnimpwZEPRIGJmY/g/qvasxFydb+CAyZeYLBe8TLrMeDbFZylK1iaaqSw\nCe4NhAh43xIijLu4ZNJX/kv+of4UaKmTvSdbjpchAoGAdZXAKFTtjcdLq1ez62R1\nbcXXjb4JFgoaJljBk5Cl4rNKxud03AooeKQroqp77P22Hz6AFtSb+itXy50Kn0vC\ngh/TXt9OI4Z2WDuD+IfP4dsEMrLTuOD+8CUxQ1dv7+Tkk77KAlREpgB03OKR5n8V\nEYoq6XvBK1VHVm6Lxa4uajg=\n-----END PRIVATE KEY-----\n",
            "public_key_fingerprint_md5": "c3:09:db:ff:ab:5b:73:df:b7:af:16:9b:f7:bc:39:ed",
            "public_key_fingerprint_sha256": "SHA256:kIMZYS3A90gPQO/VDjO+d44IC9dD514/aS36Bss9Cbw",
            "public_key_openssh": "ssh-rsa AAAAB3NzaC1yc2EAAAADAQABAAABAQDFjOxpGl+eRCxnoSNCBGjFF4TA8Yo/GxC5pkmiGHgLageH3pJmkt+XUAVtmRQ3IS2B1dI+8CJ0DAS4azz04Ndw0UbqCoRbNm+B0pMQoFyRdVGtQam/rmRauWu7cm3O/Bz7ZL8oshmSJuyaZbn91tCZ5Qnom4hDn5eH7ngz4MTF5L2ydTmf7UBcCqENWUWYJEm2SBhqiNtPbkdY4ks+hd2vJO/CSWXGRWP4QcuEMPvTUtR4G63dj0kUe6/dpccD3b3eAGhqhPhawKf8nvAdE2rjCRPa/1Scb5dawp2M9HC5zFSkwdp76QkHr673aV8W5pCUQ9Y+c8MxWiJwO93EJoRn\n",
            "public_key_pem": "-----BEGIN PUBLIC KEY-----\nMIIBIjANBgkqhkiG9w0BAQEFAAOCAQ8AMIIBCgKCAQEAxYzsaRpfnkQsZ6EjQgRo\nxReEwPGKPxsQuaZJohh4C2oHh96SZpLfl1AFbZkUNyEtgdXSPvAidAwEuGs89ODX\ncNFG6gqEWzZvgdKTEKBckXVRrUGpv65kWrlru3Jtzvwc+2S/KLIZkibsmmW5/dbQ\nmeUJ6JuIQ5+Xh+54M+DExeS9snU5n+1AXAqhDVlFmCRJtkgYaojbT25HWOJLPoXd\nryTvwkllxkVj+EHLhDD701LUeBut3Y9JFHuv3aXHA9293gBoaoT4WsCn/J7wHRNq\n4wkT2v9UnG+XWsKdjPRwucxUpMHae+kJB6+u92lfFuaQlEPWPnPDMVoicDvdxCaE\nZwIDAQAB\n-----END PUBLIC KEY-----\n",
            "rsa_bits": 2048
          },
          "sensitive_attributes": [
            [
              {
                "type": "get_attr",
                "value": "private_key_openssh"
              }
            ],
            [
              {
                "type": "get_attr",
                "value": "private_key_pem"
              }
            ],
            [
              {
                "type": "get_attr",
                "value": "private_key_pem_pkcs8"
              }
            ]
          ],
          "identity_schema_version": 0,
          "create_before_destroy": true
        }
      ]
    },
    {
      "mode": "managed",
      "type": "tls_self_signed_cert",
      "name": "self_signed",
      "provider": "provider[\"registry.terraform.io/hashicorp/tls\"]",
      "instances": [
        {
          "schema_version": 0,
          "attributes": {
            "allowed_uses": [
              "key_encipherment",
              "digital_signature",
              "server_auth"
            ],
            "cert_pem": "-----BEGIN CERTIFICATE-----\nMIIDKTCCAhGgAwIBAgIQURS5wkkH+tAEnYQByPtl3TANBgkqhkiG9w0BAQsFADA1\nMRUwEwYDVQQKEwxsaXRlbGxtLWRlbW8xHDAaBgNVBAMTE2FwaS5saXRlbGxtZGVt\nby5jb20wHhcNMjYwMTA2MDM0MDM2WhcNMjcwMTA2MDM0MDM2WjA1MRUwEwYDVQQK\nEwxsaXRlbGxtLWRlbW8xHDAaBgNVBAMTE2FwaS5saXRlbGxtZGVtby5jb20wggEi\nMA0GCSqGSIb3DQEBAQUAA4IBDwAwggEKAoIBAQDFjOxpGl+eRCxnoSNCBGjFF4TA\n8Yo/GxC5pkmiGHgLageH3pJmkt+XUAVtmRQ3IS2B1dI+8CJ0DAS4azz04Ndw0Ubq\nCoRbNm+B0pMQoFyRdVGtQam/rmRauWu7cm3O/Bz7ZL8oshmSJuyaZbn91tCZ5Qno\nm4hDn5eH7ngz4MTF5L2ydTmf7UBcCqENWUWYJEm2SBhqiNtPbkdY4ks+hd2vJO/C\nSWXGRWP4QcuEMPvTUtR4G63dj0kUe6/dpccD3b3eAGhqhPhawKf8nvAdE2rjCRPa\n/1Scb5dawp2M9HC5zFSkwdp76QkHr673aV8W5pCUQ9Y+c8MxWiJwO93EJoRnAgMB\nAAGjNTAzMA4GA1UdDwEB/wQEAwIFoDATBgNVHSUEDDAKBggrBgEFBQcDATAMBgNV\nHRMBAf8EAjAAMA0GCSqGSIb3DQEBCwUAA4IBAQAnCzO7mZliBsQdG1jS0bJpsm/s\nl5PPaEs7uUpJrvIqe5Waul0zAJ1KcNxgpiaH5rkx5hRubv+3et4XHHRlo1JVKqHP\nerM/FTrJLpsR6zE4ryTgK1G4yee9zorfrdEkOuXOhFzxbEyLVFCNnIYv6Nz+xEuI\nR2aH1dgs9dRQMtln4tb6l9/K3ZCvyc2seP5fI/hKUyvq8VxaKvgzJOQd3BOnZiUN\nm++kzs/g5M5IHSlBCp13VSvfjTJGYUzfPnCplSH5IOw6I6mR1BYJ6OM7ZIA/B2DY\nzRAZQ4siaz8u10ZOfYwMXBP9IU+SZ+B1L36I7Jqg5X9Fpnge1LSU21X+kwMU\n-----END CERTIFICATE-----\n",
            "dns_names": null,
            "early_renewal_hours": 0,
            "id": "107775081234391138210660449453025748445",
            "ip_addresses": null,
            "is_ca_certificate": false,
            "key_algorithm": "RSA",
            "private_key_pem": "-----BEGIN RSA PRIVATE KEY-----\nMIIEowIBAAKCAQEAxYzsaRpfnkQsZ6EjQgRoxReEwPGKPxsQuaZJohh4C2oHh96S\nZpLfl1AFbZkUNyEtgdXSPvAidAwEuGs89ODXcNFG6gqEWzZvgdKTEKBckXVRrUGp\nv65kWrlru3Jtzvwc+2S/KLIZkibsmmW5/dbQmeUJ6JuIQ5+Xh+54M+DExeS9snU5\nn+1AXAqhDVlFmCRJtkgYaojbT25HWOJLPoXdryTvwkllxkVj+EHLhDD701LUeBut\n3Y9JFHuv3aXHA9293gBoaoT4WsCn/J7wHRNq4wkT2v9UnG+XWsKdjPRwucxUpMHa\ne+kJB6+u92lfFuaQlEPWPnPDMVoicDvdxCaEZwIDAQABAoIBACARBfbxjv/TtRmF\nMIHw0UjcznG7Q2OG8yoPcfhb3HCN33cQi9cWlDCtjpQBuyRPwGFI4f3RYOZRZRrC\nXXyqWo43ijlHR8C+j08VbUXPofcCgiWLeRBiMGwBmRkuM+DbT6EG83iZoEj3BITz\nakNn8Shp4zfctzuy1hf8f4p8O7SbaZx/uyORGHlbxzYeTr6GASIKX+z6jK2Y51JM\nfJCtgpc7ueaj8UEyXn8RyvCxH1W9ClWD20e00bBw3X9Y8WTjpSEm7EvcQqqYf5dA\nr2qwC9C9k6tGCjCOUmkl7PYJIVca1SDlgb9OhcspXUJenKYOnS2MTgaVbfiP6tOA\nm8t0BFECgYEA2gyYN9cfBMhe8VIiFxLQnIP8d2pkmy/2CO4ckV/GfCA/ifLyS1Kc\nJvARxqM0En7f0ysRx3wQIL3c4NMGjpGcKCZWBLA1/tf1Y/mVsH42PELH64xWTBGh\nD4LxVRXC0Iefis402jXI9lgi3GFfyoDlb5Q8KdE/Tc8fTt5BrwQol00CgYEA5+78\n1EVb1AootnjPAlFs55OHT2OEa9IiysgNObjFjyq7NYcBb4Re+3H4C11aSB+9Ewwb\ni1SkzywoK+C9I5w/g8tNFHzuIC+x2VCpgM2DpkGx6ibdREGjSYc9qvBt8mUwGo65\n/IxjPC5LgD5AqfzHP2n5oUmN3pg7zcKyoZXJeIMCgYEAsVrxLOpDBqbb4rmFlPLu\nz3/jiFX3guqd2mGixvP6A9hPFiuPvIhzDpDSRJlWr3yXHbG4gmN80sTbtdqvSKNT\nOq0D5khVgvWxWSIXCTl/b8B50DOTtcfZEz7UgPp0PR0zPbm/74Uz8nt5z3s8aQAy\nnnEaBoF2VhmUQ5gwIOTnBzkCgYAj17sa0t0uF6PTDzhuk0bRQutWSXrdbswRqnjg\nwr1FMsVbsFF4emxzT1mV6AdbvgvqNaTME3iky54pqcGRD0SBiZmP4P6r2rMRcnW/\nggMmXmCwXvEy6zHg2xWcpStYmmqksAnuDYQIeN8SIoy7uGTSV/5L/qH+FGipk70n\nW46XIQKBgHWVwChU7Y3HS6tXs+tkdW3F142+CRYKGiZYwZOQpeKzSsbndNwKKHik\nK6Kqe+z9th8+gBbUm/orV8udCp9LwoIf017fTiOGdlg7g/iHz+HbBDKy07jg/vAl\nMUNXb+/k5JO+ygJURKYAdNzikeZ/FRGKKul7wStVR1Zui8WuLmo4\n-----END RSA PRIVATE KEY-----\n",
            "ready_for_renewal": false,
            "set_authority_key_id": false,
            "set_subject_key_id": false,
            "subject": [
              {
                "common_name": "api.litellmdemo.com",
                "country": null,
                "email_address": null,
                "locality": null,
                "organization": "litellm-demo",
                "organizational_unit": null,
                "postal_code": null,
                "province": null,
                "serial_number": null,
                "street_address": null
              }
            ],
            "uris": null,
            "validity_end_time": "2027-01-06T03:40:36.355493Z",
            "validity_period_hours": 8760,
            "validity_start_time": "2026-01-06T03:40:36.355493Z"
          },
          "sensitive_attributes": [
            [
              {
                "type": "get_attr",
                "value": "private_key_pem"
              }
            ]
          ],
          "identity_schema_version": 0,
          "dependencies": [
            "tls_private_key.self_signed"
          ],
          "create_before_destroy": true
        }
      ]
    },
    {
      "module": "module.aurora_db",
      "mode": "data",
      "type": "aws_iam_policy_document",
      "name": "monitoring_rds_assume_role",
      "provider": "provider[\"registry.terraform.io/hashicorp/aws\"]",
      "instances": [
        {
          "index_key": 0,
          "schema_version": 0,
          "attributes": {
            "id": "76086537",
            "json": "{\n  \"Version\": \"2012-10-17\",\n  \"Statement\": [\n    {\n      \"Effect\": \"Allow\",\n      \"Action\": \"sts:AssumeRole\",\n      \"Principal\": {\n        \"Service\": \"monitoring.rds.amazonaws.com\"\n      }\n    }\n  ]\n}",
            "minified_json": "{\"Version\":\"2012-10-17\",\"Statement\":[{\"Effect\":\"Allow\",\"Action\":\"sts:AssumeRole\",\"Principal\":{\"Service\":\"monitoring.rds.amazonaws.com\"}}]}",
            "override_json": null,
            "override_policy_documents": null,
            "policy_id": null,
            "source_json": null,
            "source_policy_documents": null,
            "statement": [
              {
                "actions": [
                  "sts:AssumeRole"
                ],
                "condition": [],
                "effect": "Allow",
                "not_actions": [],
                "not_principals": [],
                "not_resources": [],
                "principals": [
                  {
                    "identifiers": [
                      "monitoring.rds.amazonaws.com"
                    ],
                    "type": "Service"
                  }
                ],
                "resources": [],
                "sid": ""
              }
            ],
            "version": "2012-10-17"
          },
          "sensitive_attributes": [],
          "identity_schema_version": 0
        }
      ]
    },
    {
      "module": "module.aurora_db",
      "mode": "data",
      "type": "aws_partition",
      "name": "current",
      "provider": "provider[\"registry.terraform.io/hashicorp/aws\"]",
      "instances": [
        {
          "schema_version": 0,
          "attributes": {
            "dns_suffix": "amazonaws.com",
            "id": "aws",
            "partition": "aws",
            "reverse_dns_prefix": "com.amazonaws"
          },
          "sensitive_attributes": [],
          "identity_schema_version": 0
        }
      ]
    },
    {
      "module": "module.aurora_db",
      "mode": "data",
      "type": "aws_service_principal",
      "name": "monitoring_rds",
      "provider": "provider[\"registry.terraform.io/hashicorp/aws\"]",
      "instances": [
        {
          "index_key": 0,
          "schema_version": 0,
          "attributes": {
            "id": "monitoring.rds.us-east-1.amazonaws.com",
            "name": "monitoring.rds.amazonaws.com",
            "region": "us-east-1",
            "service_name": "monitoring.rds",
            "suffix": "amazonaws.com"
          },
          "sensitive_attributes": [],
          "identity_schema_version": 0
        }
      ]
    },
    {
      "module": "module.aurora_db",
      "mode": "managed",
      "type": "aws_iam_role",
      "name": "rds_enhanced_monitoring",
      "provider": "provider[\"registry.terraform.io/hashicorp/aws\"]",
      "instances": [
        {
          "index_key": 0,
          "schema_version": 0,
          "attributes": {
            "arn": "arn:aws:iam::376337229415:role/litellm-aurora-postgresql-monitor",
            "assume_role_policy": "{\"Statement\":[{\"Action\":\"sts:AssumeRole\",\"Effect\":\"Allow\",\"Principal\":{\"Service\":\"monitoring.rds.amazonaws.com\"}}],\"Version\":\"2012-10-17\"}",
            "create_date": "2026-01-06T03:40:38Z",
            "description": "",
            "force_detach_policies": true,
            "id": "litellm-aurora-postgresql-monitor",
            "inline_policy": [],
            "managed_policy_arns": [
              "arn:aws:iam::aws:policy/service-role/AmazonRDSEnhancedMonitoringRole"
            ],
            "max_session_duration": 3600,
            "name": "litellm-aurora-postgresql-monitor",
            "name_prefix": "",
            "path": "/",
            "permissions_boundary": "",
            "tags": {
              "Environment": "dev",
              "Project": "litellm-demo"
            },
            "tags_all": {
              "Environment": "dev",
              "Project": "litellm-demo"
            },
            "unique_id": "AROAVPH3SMZT4HXXS6WPF"
          },
          "sensitive_attributes": [],
          "identity_schema_version": 0,
          "identity": {
            "account_id": "376337229415",
            "name": "litellm-aurora-postgresql-monitor"
          },
          "private": "bnVsbA==",
          "dependencies": [
            "module.aurora_db.data.aws_iam_policy_document.monitoring_rds_assume_role",
            "module.aurora_db.data.aws_service_principal.monitoring_rds"
          ],
          "create_before_destroy": true
        }
      ]
    },
    {
      "module": "module.aurora_db",
      "mode": "managed",
      "type": "aws_iam_role_policy_attachment",
      "name": "rds_enhanced_monitoring",
      "provider": "provider[\"registry.terraform.io/hashicorp/aws\"]",
      "instances": [
        {
          "index_key": 0,
          "schema_version": 0,
          "attributes": {
            "id": "litellm-aurora-postgresql-monitor/arn:aws:iam::aws:policy/service-role/AmazonRDSEnhancedMonitoringRole",
            "policy_arn": "arn:aws:iam::aws:policy/service-role/AmazonRDSEnhancedMonitoringRole",
            "role": "litellm-aurora-postgresql-monitor"
          },
          "sensitive_attributes": [],
          "identity_schema_version": 0,
          "identity": {
            "account_id": "376337229415",
            "policy_arn": "arn:aws:iam::aws:policy/service-role/AmazonRDSEnhancedMonitoringRole",
            "role": "litellm-aurora-postgresql-monitor"
          },
          "private": "bnVsbA==",
          "dependencies": [
            "module.aurora_db.aws_iam_role.rds_enhanced_monitoring",
            "module.aurora_db.data.aws_iam_policy_document.monitoring_rds_assume_role",
            "module.aurora_db.data.aws_partition.current",
            "module.aurora_db.data.aws_service_principal.monitoring_rds"
          ]
        }
      ]
    },
    {
      "module": "module.aurora_db",
      "mode": "managed",
      "type": "aws_rds_cluster",
      "name": "this",
      "provider": "provider[\"registry.terraform.io/hashicorp/aws\"]",
      "instances": [
        {
          "index_key": 0,
          "schema_version": 1,
          "attributes": {
            "allocated_storage": 1,
            "allow_major_version_upgrade": false,
            "apply_immediately": null,
            "arn": "arn:aws:rds:us-east-1:376337229415:cluster:litellm-aurora-postgresql",
            "availability_zones": [
              "us-east-1a",
              "us-east-1b",
              "us-east-1c"
            ],
            "backtrack_window": 0,
            "backup_retention_period": 1,
            "ca_certificate_identifier": null,
            "ca_certificate_valid_till": null,
            "cluster_identifier": "litellm-aurora-postgresql",
            "cluster_identifier_prefix": "",
            "cluster_members": [
              "litellm-aurora-postgresql-1"
            ],
            "cluster_resource_id": "cluster-NX4Z7FMAV7L2DQUADOJS6OBX5E",
            "cluster_scalability_type": "",
            "copy_tags_to_snapshot": true,
            "database_insights_mode": "standard",
            "database_name": null,
            "db_cluster_instance_class": "",
            "db_cluster_parameter_group_name": "default.aurora-postgresql17",
            "db_instance_parameter_group_name": null,
            "db_subnet_group_name": "aurora-subnet-group",
            "db_system_id": "",
            "delete_automated_backups": true,
            "deletion_protection": false,
            "domain": "",
            "domain_iam_role_name": "",
            "enable_global_write_forwarding": false,
            "enable_http_endpoint": false,
            "enable_local_write_forwarding": false,
            "enabled_cloudwatch_logs_exports": [],
            "endpoint": "litellm-aurora-postgresql.cluster-cg9we74vymgv.us-east-1.rds.amazonaws.com",
            "engine": "aurora-postgresql",
            "engine_lifecycle_support": "open-source-rds-extended-support",
            "engine_mode": "provisioned",
            "engine_version": "17.4",
            "engine_version_actual": "17.4",
            "final_snapshot_identifier": null,
            "global_cluster_identifier": "",
            "hosted_zone_id": "Z2R2ITUGPM61AM",
            "iam_database_authentication_enabled": false,
            "iam_roles": [],
            "id": "litellm-aurora-postgresql",
            "iops": 0,
            "kms_key_id": "arn:aws:kms:us-east-1:376337229415:key/5223acae-e74d-4944-90b3-d43e984c69d3",
            "manage_master_user_password": null,
            "master_password": null,
            "master_password_wo": null,
            "master_password_wo_version": 1,
            "master_user_secret": [],
            "master_user_secret_kms_key_id": null,
            "master_username": "postgres",
            "monitoring_interval": 60,
            "monitoring_role_arn": "arn:aws:iam::376337229415:role/litellm-aurora-postgresql-monitor",
            "network_type": "IPV4",
            "performance_insights_enabled": false,
            "performance_insights_kms_key_id": "",
            "performance_insights_retention_period": 0,
            "port": 5432,
            "preferred_backup_window": "03:59-04:29",
            "preferred_maintenance_window": "sun:05:00-sun:09:00",
            "reader_endpoint": "litellm-aurora-postgresql.cluster-ro-cg9we74vymgv.us-east-1.rds.amazonaws.com",
            "region": "us-east-1",
            "replication_source_identifier": "",
            "restore_to_point_in_time": [],
            "s3_import": [],
            "scaling_configuration": [],
            "serverlessv2_scaling_configuration": [
              {
                "max_capacity": 2,
                "min_capacity": 0.5,
                "seconds_until_auto_pause": 0
              }
            ],
            "skip_final_snapshot": true,
            "snapshot_identifier": null,
            "source_region": null,
            "storage_encrypted": true,
            "storage_type": "",
            "tags": {
              "Environment": "dev",
              "Project": "litellm-demo"
            },
            "tags_all": {
              "Environment": "dev",
              "Project": "litellm-demo"
            },
            "timeouts": null,
            "upgrade_rollout_order": "second",
            "vpc_security_group_ids": [
              "sg-06c09c94dd6d88209"
            ]
          },
          "sensitive_attributes": [
            [
              {
                "type": "get_attr",
                "value": "master_password"
              }
            ],
            [
              {
                "type": "get_attr",
                "value": "master_password_wo"
              }
            ]
          ],
          "identity_schema_version": 0,
          "private": "eyJlMmJmYjczMC1lY2FhLTExZTYtOGY4OC0zNDM2M2JjN2M0YzAiOnsiY3JlYXRlIjo3MjAwMDAwMDAwMDAwLCJkZWxldGUiOjcyMDAwMDAwMDAwMDAsInVwZGF0ZSI6NzIwMDAwMDAwMDAwMH0sInNjaGVtYV92ZXJzaW9uIjoiMSJ9",
          "dependencies": [
            "aws_db_subnet_group.aurora_subnet_group",
            "data.aws_subnets.private_subnets",
            "data.aws_vpc.main",
            "module.aurora_db.aws_cloudwatch_log_group.this",
            "module.aurora_db.aws_db_subnet_group.this",
            "module.aurora_db.aws_iam_role.rds_enhanced_monitoring",
            "module.aurora_db.aws_rds_cluster_parameter_group.this",
            "module.aurora_db.aws_security_group.this",
            "module.aurora_db.data.aws_iam_policy_document.monitoring_rds_assume_role",
            "module.aurora_db.data.aws_service_principal.monitoring_rds",
            "random_password.aurora_password_main"
          ],
          "create_before_destroy": true
        }
      ]
    },
    {
      "module": "module.aurora_db",
      "mode": "managed",
      "type": "aws_rds_cluster_instance",
      "name": "this",
      "provider": "provider[\"registry.terraform.io/hashicorp/aws\"]",
      "instances": [
        {
          "index_key": "1",
          "schema_version": 0,
          "attributes": {
            "apply_immediately": null,
            "arn": "arn:aws:rds:us-east-1:376337229415:db:litellm-aurora-postgresql-1",
            "auto_minor_version_upgrade": true,
            "availability_zone": "us-east-1a",
            "ca_cert_identifier": "rds-ca-rsa2048-g1",
            "cluster_identifier": "litellm-aurora-postgresql",
            "copy_tags_to_snapshot": true,
            "custom_iam_instance_profile": "",
            "db_parameter_group_name": "default.aurora-postgresql17",
            "db_subnet_group_name": "aurora-subnet-group",
            "dbi_resource_id": "db-3R2NC2F2JB7D277VPOFB4VDN6M",
            "endpoint": "litellm-aurora-postgresql-1.cg9we74vymgv.us-east-1.rds.amazonaws.com",
            "engine": "aurora-postgresql",
            "engine_version": "17.4",
            "engine_version_actual": "17.4",
            "force_destroy": false,
            "id": "litellm-aurora-postgresql-1",
            "identifier": "litellm-aurora-postgresql-1",
            "identifier_prefix": "",
            "instance_class": "db.serverless",
            "kms_key_id": "arn:aws:kms:us-east-1:376337229415:key/5223acae-e74d-4944-90b3-d43e984c69d3",
            "monitoring_interval": 60,
            "monitoring_role_arn": "arn:aws:iam::376337229415:role/litellm-aurora-postgresql-monitor",
            "network_type": "IPV4",
            "performance_insights_enabled": true,
            "performance_insights_kms_key_id": "arn:aws:kms:us-east-1:376337229415:key/5223acae-e74d-4944-90b3-d43e984c69d3",
            "performance_insights_retention_period": 7,
            "port": 5432,
            "preferred_backup_window": "03:59-04:29",
            "preferred_maintenance_window": "sun:05:00-sun:09:00",
            "promotion_tier": 0,
            "publicly_accessible": false,
            "region": "us-east-1",
            "storage_encrypted": true,
            "tags": {
              "Environment": "dev",
              "Project": "litellm-demo"
            },
            "tags_all": {
              "Environment": "dev",
              "Project": "litellm-demo"
            },
            "timeouts": null,
            "writer": true
          },
          "sensitive_attributes": [],
          "identity_schema_version": 0,
          "private": "eyJlMmJmYjczMC1lY2FhLTExZTYtOGY4OC0zNDM2M2JjN2M0YzAiOnsiY3JlYXRlIjo1NDAwMDAwMDAwMDAwLCJkZWxldGUiOjU0MDAwMDAwMDAwMDAsInVwZGF0ZSI6NTQwMDAwMDAwMDAwMH19",
          "dependencies": [
            "aws_db_subnet_group.aurora_subnet_group",
            "data.aws_subnets.private_subnets",
            "data.aws_vpc.main",
            "module.aurora_db.aws_cloudwatch_log_group.this",
            "module.aurora_db.aws_db_parameter_group.this",
            "module.aurora_db.aws_db_subnet_group.this",
            "module.aurora_db.aws_iam_role.rds_enhanced_monitoring",
            "module.aurora_db.aws_rds_cluster.this",
            "module.aurora_db.aws_rds_cluster_parameter_group.this",
            "module.aurora_db.aws_security_group.this",
            "module.aurora_db.data.aws_iam_policy_document.monitoring_rds_assume_role",
            "module.aurora_db.data.aws_service_principal.monitoring_rds",
            "random_password.aurora_password_main"
          ],
          "create_before_destroy": true
        }
      ]
    },
    {
      "module": "module.aurora_db",
      "mode": "managed",
      "type": "aws_security_group",
      "name": "this",
      "provider": "provider[\"registry.terraform.io/hashicorp/aws\"]",
      "instances": [
        {
          "index_key": 0,
          "schema_version": 1,
          "attributes": {
            "arn": "arn:aws:ec2:us-east-1:376337229415:security-group/sg-06c09c94dd6d88209",
            "description": "Control traffic to/from RDS Aurora litellm-aurora-postgresql",
            "egress": [],
            "id": "sg-06c09c94dd6d88209",
            "ingress": [
              {
                "cidr_blocks": [
                  "10.0.0.0/8"
                ],
                "description": "",
                "from_port": 5432,
                "ipv6_cidr_blocks": [],
                "prefix_list_ids": [],
                "protocol": "tcp",
                "security_groups": [],
                "self": false,
                "to_port": 5432
              }
            ],
            "name": "litellm-aurora-postgresql-20260106034038728500000003",
            "name_prefix": "litellm-aurora-postgresql-",
            "owner_id": "376337229415",
            "region": "us-east-1",
            "revoke_rules_on_delete": false,
            "tags": {
              "Environment": "dev",
              "Name": "litellm-aurora-postgresql",
              "Project": "litellm-demo"
            },
            "tags_all": {
              "Environment": "dev",
              "Name": "litellm-aurora-postgresql",
              "Project": "litellm-demo"
            },
            "timeouts": null,
            "vpc_id": "vpc-05c7628a7a70e7e0f"
          },
          "sensitive_attributes": [],
          "identity_schema_version": 0,
          "identity": {
            "account_id": "376337229415",
            "id": "sg-06c09c94dd6d88209",
            "region": "us-east-1"
          },
          "private": "eyJlMmJmYjczMC1lY2FhLTExZTYtOGY4OC0zNDM2M2JjN2M0YzAiOnsiY3JlYXRlIjo2MDAwMDAwMDAwMDAsImRlbGV0ZSI6OTAwMDAwMDAwMDAwfSwic2NoZW1hX3ZlcnNpb24iOiIxIn0=",
          "dependencies": [
            "data.aws_vpc.main"
          ],
          "create_before_destroy": true
        }
      ]
    },
    {
      "module": "module.aurora_db",
      "mode": "managed",
      "type": "aws_vpc_security_group_ingress_rule",
      "name": "this",
      "provider": "provider[\"registry.terraform.io/hashicorp/aws\"]",
      "instances": [
        {
          "index_key": "vpc_ingress",
          "schema_version": 0,
          "attributes": {
            "arn": "arn:aws:ec2:us-east-1:376337229415:security-group-rule/sgr-0a721ebcaca8ca22c",
            "cidr_ipv4": "10.0.0.0/8",
            "cidr_ipv6": null,
            "description": null,
            "from_port": 5432,
            "id": "sgr-0a721ebcaca8ca22c",
            "ip_protocol": "tcp",
            "prefix_list_id": null,
            "referenced_security_group_id": null,
            "region": "us-east-1",
            "security_group_id": "sg-06c09c94dd6d88209",
            "security_group_rule_id": "sgr-0a721ebcaca8ca22c",
            "tags": {
              "Environment": "dev",
              "Name": "litellm-aurora-postgresql-vpc_ingress",
              "Project": "litellm-demo"
            },
            "tags_all": {
              "Environment": "dev",
              "Name": "litellm-aurora-postgresql-vpc_ingress",
              "Project": "litellm-demo"
            },
            "to_port": 5432
          },
          "sensitive_attributes": [],
          "identity_schema_version": 0,
          "identity": {
            "account_id": "376337229415",
            "id": "sgr-0a721ebcaca8ca22c",
            "region": "us-east-1"
          },
          "dependencies": [
            "data.aws_vpc.main",
            "module.aurora_db.aws_security_group.this"
          ]
        }
      ]
    },
    {
      "module": "module.bedrock",
      "mode": "data",
      "type": "aws_region",
      "name": "current",
      "provider": "provider[\"registry.terraform.io/hashicorp/aws\"]",
      "instances": [
        {
          "schema_version": 0,
          "attributes": {
            "description": "US East (N. Virginia)",
            "endpoint": "ec2.us-east-1.amazonaws.com",
            "id": "us-east-1",
            "name": "us-east-1",
            "region": "us-east-1"
          },
          "sensitive_attributes": [],
          "identity_schema_version": 0
        }
      ]
    },
    {
      "module": "module.bedrock",
      "mode": "managed",
      "type": "aws_vpc_endpoint",
      "name": "bedrock_agentruntime",
      "provider": "provider[\"registry.terraform.io/hashicorp/aws\"]",
      "instances": [
        {
          "index_key": 0,
          "schema_version": 0,
          "attributes": {
            "arn": "arn:aws:ec2:us-east-1:376337229415:vpc-endpoint/vpce-055732d405887e33c",
            "auto_accept": null,
            "cidr_blocks": [],
            "dns_entry": [
              {
                "dns_name": "vpce-055732d405887e33c-myticma8.bedrock-agent-runtime.us-east-1.vpce.amazonaws.com",
                "hosted_zone_id": "Z7HUB22UULQXV"
              },
              {
                "dns_name": "vpce-055732d405887e33c-myticma8-us-east-1a.bedrock-agent-runtime.us-east-1.vpce.amazonaws.com",
                "hosted_zone_id": "Z7HUB22UULQXV"
              },
              {
                "dns_name": "vpce-055732d405887e33c-myticma8-us-east-1b.bedrock-agent-runtime.us-east-1.vpce.amazonaws.com",
                "hosted_zone_id": "Z7HUB22UULQXV"
              },
              {
                "dns_name": "bedrock-agent-runtime.us-east-1.amazonaws.com",
                "hosted_zone_id": "Z05035115Z4KRGBRAXCU"
              }
            ],
            "dns_options": [
              {
                "dns_record_ip_type": "ipv4",
                "private_dns_only_for_inbound_resolver_endpoint": false
              }
            ],
            "id": "vpce-055732d405887e33c",
            "ip_address_type": "ipv4",
            "network_interface_ids": [
              "eni-05ee1ad53cc2d5fec",
              "eni-0c7430813a4cb4cce"
            ],
            "owner_id": "376337229415",
            "policy": "{\"Statement\":[{\"Action\":\"*\",\"Effect\":\"Allow\",\"Principal\":\"*\",\"Resource\":\"*\"}]}",
            "prefix_list_id": null,
            "private_dns_enabled": true,
            "region": "us-east-1",
            "requester_managed": false,
            "resource_configuration_arn": "",
            "route_table_ids": [],
            "security_group_ids": [
              "sg-048d64314bdae5e24"
            ],
            "service_name": "com.amazonaws.us-east-1.bedrock-agent-runtime",
            "service_network_arn": "",
            "service_region": "us-east-1",
            "state": "available",
            "subnet_configuration": [
              {
                "ipv4": "10.0.130.204",
                "ipv6": "",
                "subnet_id": "subnet-0b84a76c5e30c472a"
              },
              {
                "ipv4": "10.0.151.197",
                "ipv6": "",
                "subnet_id": "subnet-0d52c6f2a1e754f4e"
              }
            ],
            "subnet_ids": [
              "subnet-0b84a76c5e30c472a",
              "subnet-0d52c6f2a1e754f4e"
            ],
            "tags": {
              "Name": "bedrock-agent-endpoint"
            },
            "tags_all": {
              "Name": "bedrock-agent-endpoint"
            },
            "timeouts": null,
            "vpc_endpoint_type": "Interface",
            "vpc_id": "vpc-05c7628a7a70e7e0f"
          },
          "sensitive_attributes": [],
          "identity_schema_version": 0,
          "identity": {
            "account_id": "376337229415",
            "id": "vpce-055732d405887e33c",
            "region": "us-east-1"
          },
          "private": "eyJlMmJmYjczMC1lY2FhLTExZTYtOGY4OC0zNDM2M2JjN2M0YzAiOnsiY3JlYXRlIjo2MDAwMDAwMDAwMDAsImRlbGV0ZSI6NjAwMDAwMDAwMDAwLCJ1cGRhdGUiOjYwMDAwMDAwMDAwMH19",
          "dependencies": [
            "data.aws_security_group.workload_security_group",
            "data.aws_subnets.private_subnets",
            "data.aws_vpc.main",
            "module.bedrock.data.aws_region.current"
          ]
        }
      ]
    },
    {
      "module": "module.bedrock",
      "mode": "managed",
      "type": "aws_vpc_endpoint",
      "name": "bedrock_runtime",
      "provider": "provider[\"registry.terraform.io/hashicorp/aws\"]",
      "instances": [
        {
          "index_key": 0,
          "schema_version": 0,
          "attributes": {
            "arn": "arn:aws:ec2:us-east-1:376337229415:vpc-endpoint/vpce-0ec7bea0f7a97c90b",
            "auto_accept": null,
            "cidr_blocks": [],
            "dns_entry": [
              {
                "dns_name": "vpce-0ec7bea0f7a97c90b-dfo43578.bedrock-runtime.us-east-1.vpce.amazonaws.com",
                "hosted_zone_id": "Z7HUB22UULQXV"
              },
              {
                "dns_name": "vpce-0ec7bea0f7a97c90b-dfo43578-us-east-1a.bedrock-runtime.us-east-1.vpce.amazonaws.com",
                "hosted_zone_id": "Z7HUB22UULQXV"
              },
              {
                "dns_name": "vpce-0ec7bea0f7a97c90b-dfo43578-us-east-1b.bedrock-runtime.us-east-1.vpce.amazonaws.com",
                "hosted_zone_id": "Z7HUB22UULQXV"
              },
              {
                "dns_name": "bedrock-runtime.us-east-1.amazonaws.com",
                "hosted_zone_id": "Z0335068130H05UUZJL20"
              }
            ],
            "dns_options": [
              {
                "dns_record_ip_type": "ipv4",
                "private_dns_only_for_inbound_resolver_endpoint": false
              }
            ],
            "id": "vpce-0ec7bea0f7a97c90b",
            "ip_address_type": "ipv4",
            "network_interface_ids": [
              "eni-01adc3e78f67d5811",
              "eni-0fed754f9256fad1c"
            ],
            "owner_id": "376337229415",
            "policy": "{\"Statement\":[{\"Action\":\"*\",\"Effect\":\"Allow\",\"Principal\":\"*\",\"Resource\":\"*\"}]}",
            "prefix_list_id": null,
            "private_dns_enabled": true,
            "region": "us-east-1",
            "requester_managed": false,
            "resource_configuration_arn": "",
            "route_table_ids": [],
            "security_group_ids": [
              "sg-048d64314bdae5e24"
            ],
            "service_name": "com.amazonaws.us-east-1.bedrock-runtime",
            "service_network_arn": "",
            "service_region": "us-east-1",
            "state": "available",
            "subnet_configuration": [
              {
                "ipv4": "10.0.136.84",
                "ipv6": "",
                "subnet_id": "subnet-0b84a76c5e30c472a"
              },
              {
                "ipv4": "10.0.157.123",
                "ipv6": "",
                "subnet_id": "subnet-0d52c6f2a1e754f4e"
              }
            ],
            "subnet_ids": [
              "subnet-0b84a76c5e30c472a",
              "subnet-0d52c6f2a1e754f4e"
            ],
            "tags": {
              "Name": "bedrock_runtime_endpoint"
            },
            "tags_all": {
              "Name": "bedrock_runtime_endpoint"
            },
            "timeouts": null,
            "vpc_endpoint_type": "Interface",
            "vpc_id": "vpc-05c7628a7a70e7e0f"
          },
          "sensitive_attributes": [],
          "identity_schema_version": 0,
          "identity": {
            "account_id": "376337229415",
            "id": "vpce-0ec7bea0f7a97c90b",
            "region": "us-east-1"
          },
          "private": "eyJlMmJmYjczMC1lY2FhLTExZTYtOGY4OC0zNDM2M2JjN2M0YzAiOnsiY3JlYXRlIjo2MDAwMDAwMDAwMDAsImRlbGV0ZSI6NjAwMDAwMDAwMDAwLCJ1cGRhdGUiOjYwMDAwMDAwMDAwMH19",
          "dependencies": [
            "data.aws_security_group.workload_security_group",
            "data.aws_subnets.private_subnets",
            "data.aws_vpc.main",
            "module.bedrock.data.aws_region.current"
          ]
        }
      ]
    },
    {
      "module": "module.ecs_litellm",
      "mode": "managed",
      "type": "aws_appautoscaling_policy",
      "name": "cpu",
      "provider": "provider[\"registry.terraform.io/hashicorp/aws\"]",
      "instances": [
        {
          "index_key": 0,
          "schema_version": 0,
          "attributes": {
            "alarm_arns": [
              "arn:aws:cloudwatch:us-east-1:376337229415:alarm:TargetTracking-service/litellm-cluster/litellm-service-AlarmHigh-e4b5f979-6fac-4145-b044-3e6b21889d45",
              "arn:aws:cloudwatch:us-east-1:376337229415:alarm:TargetTracking-service/litellm-cluster/litellm-service-AlarmLow-a4ebc8f0-4c53-4c3e-a65f-aec2db600dba"
            ],
            "arn": "arn:aws:autoscaling:us-east-1:376337229415:scalingPolicy:37965d5a-be07-475b-892a-f3180f27b7e5:resource/ecs/service/litellm-cluster/litellm-service:policyName/litellm-service-cpu-scaling",
            "id": "litellm-service-cpu-scaling",
            "name": "litellm-service-cpu-scaling",
            "policy_type": "TargetTrackingScaling",
            "predictive_scaling_policy_configuration": [],
            "region": "us-east-1",
            "resource_id": "service/litellm-cluster/litellm-service",
            "scalable_dimension": "ecs:service:DesiredCount",
            "service_namespace": "ecs",
            "step_scaling_policy_configuration": [],
            "target_tracking_scaling_policy_configuration": [
              {
                "customized_metric_specification": [],
                "disable_scale_in": false,
                "predefined_metric_specification": [
                  {
                    "predefined_metric_type": "ECSServiceAverageCPUUtilization",
                    "resource_label": ""
                  }
                ],
                "scale_in_cooldown": 300,
                "scale_out_cooldown": 300,
                "target_value": 70
              }
            ]
          },
          "sensitive_attributes": [],
          "identity_schema_version": 0,
          "private": "bnVsbA==",
          "dependencies": [
            "aws_bedrock_guardrail.content_filter",
            "aws_bedrock_guardrail_version.content_filter",
            "aws_db_subnet_group.aurora_subnet_group",
            "aws_kms_key.valkey_kms",
            "aws_secretsmanager_secret.litellm_aurora_secret",
            "aws_secretsmanager_secret.litellm_secrets",
            "data.aws_region.current",
            "data.aws_security_group.workload_security_group",
            "data.aws_subnets.private_subnets",
            "data.aws_vpc.main",
            "module.aurora_db.aws_cloudwatch_log_group.this",
            "module.aurora_db.aws_db_subnet_group.this",
            "module.aurora_db.aws_iam_role.rds_enhanced_monitoring",
            "module.aurora_db.aws_rds_cluster.this",
            "module.aurora_db.aws_rds_cluster_parameter_group.this",
            "module.aurora_db.aws_security_group.this",
            "module.aurora_db.data.aws_iam_policy_document.monitoring_rds_assume_role",
            "module.aurora_db.data.aws_service_principal.monitoring_rds",
            "module.ecs_litellm.aws_appautoscaling_target.ecs_target",
            "module.ecs_litellm.aws_ecs_cluster.this",
            "module.ecs_litellm.aws_ecs_service.ecs_service",
            "module.ecs_litellm.aws_ecs_task_definition.ecs_task_definition",
            "module.ecs_litellm.aws_iam_role.ecs_execution_role",
            "module.ecs_litellm.aws_iam_role.ecs_task_role",
            "module.elasticache.aws_cloudwatch_log_group.this",
            "module.elasticache.aws_elasticache_parameter_group.this",
            "module.elasticache.aws_elasticache_replication_group.global",
            "module.elasticache.aws_elasticache_replication_group.this",
            "module.elasticache.aws_elasticache_subnet_group.this",
            "module.elasticache.aws_security_group.this",
            "module.elasticache.random_id.this",
            "module.load_balancer_litellm.aws_lb_target_group.ip",
            "random_password.aurora_password_main",
            "random_password.redis_password_main"
          ]
        }
      ]
    },
    {
      "module": "module.ecs_litellm",
      "mode": "managed",
      "type": "aws_appautoscaling_target",
      "name": "ecs_target",
      "provider": "provider[\"registry.terraform.io/hashicorp/aws\"]",
      "instances": [
        {
          "index_key": 0,
          "schema_version": 0,
          "attributes": {
            "arn": "arn:aws:application-autoscaling:us-east-1:376337229415:scalable-target/0ec537965d5abe07475b892af3180f27b7e5",
            "id": "service/litellm-cluster/litellm-service",
            "max_capacity": 4,
            "min_capacity": 1,
            "region": "us-east-1",
            "resource_id": "service/litellm-cluster/litellm-service",
            "role_arn": "arn:aws:iam::376337229415:role/aws-service-role/ecs.application-autoscaling.amazonaws.com/AWSServiceRoleForApplicationAutoScaling_ECSService",
            "scalable_dimension": "ecs:service:DesiredCount",
            "service_namespace": "ecs",
            "suspended_state": [
              {
                "dynamic_scaling_in_suspended": false,
                "dynamic_scaling_out_suspended": false,
                "scheduled_scaling_suspended": false
              }
            ],
            "tags": {},
            "tags_all": {}
          },
          "sensitive_attributes": [],
          "identity_schema_version": 0,
          "private": "bnVsbA==",
          "dependencies": [
            "aws_bedrock_guardrail.content_filter",
            "aws_bedrock_guardrail_version.content_filter",
            "aws_db_subnet_group.aurora_subnet_group",
            "aws_kms_key.valkey_kms",
            "aws_secretsmanager_secret.litellm_aurora_secret",
            "aws_secretsmanager_secret.litellm_secrets",
            "data.aws_region.current",
            "data.aws_security_group.workload_security_group",
            "data.aws_subnets.private_subnets",
            "data.aws_vpc.main",
            "module.aurora_db.aws_cloudwatch_log_group.this",
            "module.aurora_db.aws_db_subnet_group.this",
            "module.aurora_db.aws_iam_role.rds_enhanced_monitoring",
            "module.aurora_db.aws_rds_cluster.this",
            "module.aurora_db.aws_rds_cluster_parameter_group.this",
            "module.aurora_db.aws_security_group.this",
            "module.aurora_db.data.aws_iam_policy_document.monitoring_rds_assume_role",
            "module.aurora_db.data.aws_service_principal.monitoring_rds",
            "module.ecs_litellm.aws_ecs_cluster.this",
            "module.ecs_litellm.aws_ecs_service.ecs_service",
            "module.ecs_litellm.aws_ecs_task_definition.ecs_task_definition",
            "module.ecs_litellm.aws_iam_role.ecs_execution_role",
            "module.ecs_litellm.aws_iam_role.ecs_task_role",
            "module.elasticache.aws_cloudwatch_log_group.this",
            "module.elasticache.aws_elasticache_parameter_group.this",
            "module.elasticache.aws_elasticache_replication_group.global",
            "module.elasticache.aws_elasticache_replication_group.this",
            "module.elasticache.aws_elasticache_subnet_group.this",
            "module.elasticache.aws_security_group.this",
            "module.elasticache.random_id.this",
            "module.load_balancer_litellm.aws_lb_target_group.ip",
            "random_password.aurora_password_main",
            "random_password.redis_password_main"
          ]
        }
      ]
    },
    {
      "module": "module.ecs_litellm",
      "mode": "managed",
      "type": "aws_cloudwatch_log_group",
      "name": "this",
      "provider": "provider[\"registry.terraform.io/hashicorp/aws\"]",
      "instances": [
        {
          "index_key": 0,
          "schema_version": 0,
          "attributes": {
            "arn": "arn:aws:logs:us-east-1:376337229415:log-group:/aws/ecs/litellm-cluster",
            "deletion_protection_enabled": false,
            "id": "/aws/ecs/litellm-cluster",
            "kms_key_id": "",
            "log_group_class": "STANDARD",
            "name": "/aws/ecs/litellm-cluster",
            "name_prefix": "",
            "region": "us-east-1",
            "retention_in_days": 30,
            "skip_destroy": false,
            "tags": {
              "Name": "/aws/ecs/litellm-cluster"
            },
            "tags_all": {
              "Name": "/aws/ecs/litellm-cluster"
            }
          },
          "sensitive_attributes": [],
          "identity_schema_version": 0,
          "identity": {
            "account_id": "376337229415",
            "name": "/aws/ecs/litellm-cluster",
            "region": "us-east-1"
          },
          "private": "bnVsbA=="
        }
      ]
    },
    {
      "module": "module.ecs_litellm",
      "mode": "managed",
      "type": "aws_ecs_cluster",
      "name": "this",
      "provider": "provider[\"registry.terraform.io/hashicorp/aws\"]",
      "instances": [
        {
          "schema_version": 0,
          "attributes": {
            "arn": "arn:aws:ecs:us-east-1:376337229415:cluster/litellm-cluster",
            "configuration": [
              {
                "execute_command_configuration": [
                  {
                    "kms_key_id": "",
                    "log_configuration": [],
                    "logging": "DEFAULT"
                  }
                ],
                "managed_storage_configuration": []
              }
            ],
            "id": "arn:aws:ecs:us-east-1:376337229415:cluster/litellm-cluster",
            "name": "litellm-cluster",
            "region": "us-east-1",
            "service_connect_defaults": [],
            "setting": [
              {
                "name": "containerInsights",
                "value": "enabled"
              }
            ],
            "tags": {
              "Name": "litellm-cluster"
            },
            "tags_all": {
              "Name": "litellm-cluster"
            }
          },
          "sensitive_attributes": [],
          "identity_schema_version": 0,
          "private": "bnVsbA=="
        }
      ]
    },
    {
      "module": "module.ecs_litellm",
      "mode": "managed",
      "type": "aws_ecs_service",
      "name": "ecs_service",
      "provider": "provider[\"registry.terraform.io/hashicorp/aws\"]",
      "instances": [
        {
          "index_key": 0,
          "schema_version": 1,
          "attributes": {
            "alarms": [],
            "arn": "arn:aws:ecs:us-east-1:376337229415:service/litellm-cluster/litellm-service",
            "availability_zone_rebalancing": "ENABLED",
            "capacity_provider_strategy": [],
            "cluster": "arn:aws:ecs:us-east-1:376337229415:cluster/litellm-cluster",
            "deployment_circuit_breaker": [
              {
                "enable": true,
                "rollback": true
              }
            ],
            "deployment_configuration": [
              {
                "bake_time_in_minutes": "0",
                "canary_configuration": [],
                "lifecycle_hook": [],
                "linear_configuration": [],
                "strategy": "ROLLING"
              }
            ],
            "deployment_controller": [
              {
                "type": "ECS"
              }
            ],
            "deployment_maximum_percent": 200,
            "deployment_minimum_healthy_percent": 100,
            "desired_count": 1,
            "enable_ecs_managed_tags": false,
            "enable_execute_command": false,
            "force_delete": null,
            "force_new_deployment": false,
            "health_check_grace_period_seconds": 0,
            "iam_role": "/aws-service-role/ecs.amazonaws.com/AWSServiceRoleForECS",
            "id": "arn:aws:ecs:us-east-1:376337229415:service/litellm-cluster/litellm-service",
            "launch_type": "FARGATE",
            "load_balancer": [
              {
                "advanced_configuration": [],
                "container_name": "litellm-container",
                "container_port": 4000,
                "elb_name": "",
                "target_group_arn": "arn:aws:elasticloadbalancing:us-east-1:376337229415:targetgroup/litellm-target-group/9c3d8c8066197273"
              }
            ],
            "name": "litellm-service",
            "network_configuration": [
              {
                "assign_public_ip": true,
                "security_groups": [
                  "sg-048d64314bdae5e24"
                ],
                "subnets": [
                  "subnet-0b84a76c5e30c472a",
                  "subnet-0d52c6f2a1e754f4e"
                ]
              }
            ],
            "ordered_placement_strategy": [],
            "placement_constraints": [],
            "platform_version": "LATEST",
            "propagate_tags": "NONE",
            "region": "us-east-1",
            "scheduling_strategy": "REPLICA",
            "service_connect_configuration": [],
            "service_registries": [],
            "sigint_rollback": null,
            "tags": {},
            "tags_all": {},
            "task_definition": "arn:aws:ecs:us-east-1:376337229415:task-definition/litellm-service:2",
            "timeouts": null,
            "triggers": {},
            "volume_configuration": [],
            "vpc_lattice_configurations": [],
            "wait_for_steady_state": false
          },
          "sensitive_attributes": [],
          "identity_schema_version": 0,
          "private": "eyJlMmJmYjczMC1lY2FhLTExZTYtOGY4OC0zNDM2M2JjN2M0YzAiOnsiY3JlYXRlIjoxMjAwMDAwMDAwMDAwLCJkZWxldGUiOjEyMDAwMDAwMDAwMDAsInVwZGF0ZSI6MTIwMDAwMDAwMDAwMH0sInNjaGVtYV92ZXJzaW9uIjoiMSJ9",
          "dependencies": [
            "aws_bedrock_guardrail.content_filter",
            "aws_bedrock_guardrail_version.content_filter",
            "aws_db_subnet_group.aurora_subnet_group",
            "aws_kms_key.valkey_kms",
            "aws_secretsmanager_secret.litellm_aurora_secret",
            "aws_secretsmanager_secret.litellm_secrets",
            "data.aws_region.current",
            "data.aws_security_group.workload_security_group",
            "data.aws_subnets.private_subnets",
            "data.aws_vpc.main",
            "module.aurora_db.aws_cloudwatch_log_group.this",
            "module.aurora_db.aws_db_subnet_group.this",
            "module.aurora_db.aws_iam_role.rds_enhanced_monitoring",
            "module.aurora_db.aws_rds_cluster.this",
            "module.aurora_db.aws_rds_cluster_parameter_group.this",
            "module.aurora_db.aws_security_group.this",
            "module.aurora_db.data.aws_iam_policy_document.monitoring_rds_assume_role",
            "module.aurora_db.data.aws_service_principal.monitoring_rds",
            "module.ecs_litellm.aws_ecs_cluster.this",
            "module.ecs_litellm.aws_ecs_task_definition.ecs_task_definition",
            "module.ecs_litellm.aws_iam_role.ecs_execution_role",
            "module.ecs_litellm.aws_iam_role.ecs_task_role",
            "module.elasticache.aws_cloudwatch_log_group.this",
            "module.elasticache.aws_elasticache_parameter_group.this",
            "module.elasticache.aws_elasticache_replication_group.global",
            "module.elasticache.aws_elasticache_replication_group.this",
            "module.elasticache.aws_elasticache_subnet_group.this",
            "module.elasticache.aws_security_group.this",
            "module.elasticache.random_id.this",
            "module.load_balancer_litellm.aws_lb_target_group.ip",
            "random_password.aurora_password_main",
            "random_password.redis_password_main"
          ]
        }
      ]
    },
    {
      "module": "module.ecs_litellm",
      "mode": "managed",
      "type": "aws_ecs_task_definition",
      "name": "ecs_task_definition",
      "provider": "provider[\"registry.terraform.io/hashicorp/aws\"]",
      "instances": [
        {
          "index_key": 0,
          "schema_version": 1,
          "attributes": {
            "arn": "arn:aws:ecs:us-east-1:376337229415:task-definition/litellm-service:2",
            "arn_without_revision": "arn:aws:ecs:us-east-1:376337229415:task-definition/litellm-service",
            "container_definitions": "[{\"environment\":[{\"name\":\"AWS_REGION\",\"value\":\"us-east-1\"},{\"name\":\"BEDROCK_GUARDRAIL_ID\",\"value\":\"ydj1l5blfas4\"},{\"name\":\"BEDROCK_GUARDRAIL_VERSION\",\"value\":\"1\"},{\"name\":\"DATABASE_HOST\",\"value\":\"litellm-aurora-postgresql.cluster-cg9we74vymgv.us-east-1.rds.amazonaws.com\"},{\"name\":\"DATABASE_PORT\",\"value\":\"5432\"},{\"name\":\"DATABASE_USERNAME\",\"value\":\"postgres\"},{\"name\":\"LITELLM_LOG\",\"value\":\"DEBUG\"},{\"name\":\"PHOENIX_API_KEY\",\"value\":\"\"},{\"name\":\"PHOENIX_PROJECT_NAME\",\"value\":\"litellm-demo\"},{\"name\":\"REDIS_HOST\",\"value\":\"master.litellm-valkey.mus2ay.use1.cache.amazonaws.com\"},{\"name\":\"REDIS_PASSWORD\",\"value\":\"m2UjnYV66RUUDWLEFb\"},{\"name\":\"REDIS_PORT\",\"value\":\"6379\"},{\"name\":\"REDIS_SSL\",\"value\":\"True\"}],\"essential\":true,\"image\":\"376337229415.dkr.ecr.us-east-1.amazonaws.com/litellm-base:latest\",\"logConfiguration\":{\"logDriver\":\"awslogs\",\"options\":{\"awslogs-region\":\"us-east-1\",\"awslogs-stream-prefix\":\"ecs\",\"awslogs-group\":\"demo-litellm\",\"mode\":\"non-blocking\",\"awslogs-create-group\":\"true\"}},\"mountPoints\":[],\"name\":\"litellm-container\",\"portMappings\":[{\"appProtocol\":\"http\",\"containerPort\":4000,\"hostPort\":4000,\"protocol\":\"tcp\"}],\"secrets\":[{\"name\":\"DATABASE_URL\",\"valueFrom\":\"arn:aws:secretsmanager:us-east-1:376337229415:secret:litellm-aurora-secret-icCXcu:DATABASE_URL::\"},{\"name\":\"LITELLM_MASTER_KEY\",\"valueFrom\":\"arn:aws:secretsmanager:us-east-1:376337229415:secret:litellm-secrets-962fFs:LITELLM_MASTER_KEY::\"},{\"name\":\"LITELLM_SALT_KEY\",\"valueFrom\":\"arn:aws:secretsmanager:us-east-1:376337229415:secret:litellm-secrets-962fFs:LITELLM_SALT_KEY::\"},{\"name\":\"UI_PASSWORD\",\"valueFrom\":\"arn:aws:secretsmanager:us-east-1:376337229415:secret:litellm-secrets-962fFs:LITELLM_MASTER_KEY::\"}],\"systemControls\":[],\"volumesFrom\":[]}]",
            "cpu": "1024",
            "enable_fault_injection": false,
            "ephemeral_storage": [
              {
                "size_in_gib": 21
              }
            ],
            "execution_role_arn": "arn:aws:iam::376337229415:role/LitellmTaskExecutionRole",
            "family": "litellm-service",
            "id": "litellm-service",
            "ipc_mode": "",
            "memory": "4096",
            "network_mode": "awsvpc",
            "pid_mode": "",
            "placement_constraints": [],
            "proxy_configuration": [],
            "region": "us-east-1",
            "requires_compatibilities": [
              "FARGATE"
            ],
            "revision": 2,
            "runtime_platform": [
              {
                "cpu_architecture": "X86_64",
                "operating_system_family": "LINUX"
              }
            ],
            "skip_destroy": false,
            "tags": null,
            "tags_all": {},
            "task_role_arn": "arn:aws:iam::376337229415:role/LitellmTaskRole",
            "track_latest": false,
            "volume": []
          },
          "sensitive_attributes": [
            [
              {
                "type": "get_attr",
                "value": "container_definitions"
              }
            ]
          ],
          "identity_schema_version": 0,
          "private": "eyJzY2hlbWFfdmVyc2lvbiI6IjEifQ==",
          "dependencies": [
            "aws_bedrock_guardrail.content_filter",
            "aws_bedrock_guardrail_version.content_filter",
            "aws_db_subnet_group.aurora_subnet_group",
            "aws_kms_key.valkey_kms",
            "aws_secretsmanager_secret.litellm_aurora_secret",
            "aws_secretsmanager_secret.litellm_secrets",
            "data.aws_region.current",
            "data.aws_subnets.private_subnets",
            "data.aws_vpc.main",
            "module.aurora_db.aws_cloudwatch_log_group.this",
            "module.aurora_db.aws_db_subnet_group.this",
            "module.aurora_db.aws_iam_role.rds_enhanced_monitoring",
            "module.aurora_db.aws_rds_cluster.this",
            "module.aurora_db.aws_rds_cluster_parameter_group.this",
            "module.aurora_db.aws_security_group.this",
            "module.aurora_db.data.aws_iam_policy_document.monitoring_rds_assume_role",
            "module.aurora_db.data.aws_service_principal.monitoring_rds",
            "module.ecs_litellm.aws_iam_role.ecs_execution_role",
            "module.ecs_litellm.aws_iam_role.ecs_task_role",
            "module.elasticache.aws_cloudwatch_log_group.this",
            "module.elasticache.aws_elasticache_parameter_group.this",
            "module.elasticache.aws_elasticache_replication_group.global",
            "module.elasticache.aws_elasticache_replication_group.this",
            "module.elasticache.aws_elasticache_subnet_group.this",
            "module.elasticache.aws_security_group.this",
            "module.elasticache.random_id.this",
            "random_password.aurora_password_main",
            "random_password.redis_password_main"
          ]
        }
      ]
    },
    {
      "module": "module.ecs_litellm",
      "mode": "managed",
      "type": "aws_iam_role",
      "name": "ecs_execution_role",
      "provider": "provider[\"registry.terraform.io/hashicorp/aws\"]",
      "instances": [
        {
          "schema_version": 0,
          "attributes": {
            "arn": "arn:aws:iam::376337229415:role/LitellmTaskExecutionRole",
            "assume_role_policy": "{\"Statement\":[{\"Action\":\"sts:AssumeRole\",\"Effect\":\"Allow\",\"Principal\":{\"Service\":\"ecs-tasks.amazonaws.com\"}}],\"Version\":\"2012-10-17\"}",
            "create_date": "2026-01-06T03:40:37Z",
            "description": "Allows ECS tasks to call AWS services on your behalf.",
            "force_detach_policies": false,
            "id": "LitellmTaskExecutionRole",
            "inline_policy": [
              {
                "name": "ecs-execution-ecr-logs-policy",
                "policy": "{\"Version\":\"2012-10-17\",\"Statement\":[{\"Action\":[\"ecr:GetAuthorizationToken\",\"ecr:BatchCheckLayerAvailability\",\"ecr:GetDownloadUrlForLayer\",\"ecr:BatchGetImage\",\"logs:CreateLogStream\",\"logs:PutLogEvents\",\"logs:DescribeLogStreams\",\"logs:DescribeLogGroups\",\"logs:CreateLogGroup\"],\"Effect\":\"Allow\",\"Resource\":\"*\"}]}"
              }
            ],
            "managed_policy_arns": [],
            "max_session_duration": 3600,
            "name": "LitellmTaskExecutionRole",
            "name_prefix": "",
            "path": "/",
            "permissions_boundary": "",
            "tags": {},
            "tags_all": {},
            "unique_id": "AROAVPH3SMZTUUBEKWCKL"
          },
          "sensitive_attributes": [],
          "identity_schema_version": 0,
          "identity": {
            "account_id": "376337229415",
            "name": "LitellmTaskExecutionRole"
          },
          "private": "bnVsbA=="
        }
      ]
    },
    {
      "module": "module.ecs_litellm",
      "mode": "managed",
      "type": "aws_iam_role",
      "name": "ecs_task_role",
      "provider": "provider[\"registry.terraform.io/hashicorp/aws\"]",
      "instances": [
        {
          "schema_version": 0,
          "attributes": {
            "arn": "arn:aws:iam::376337229415:role/LitellmTaskRole",
            "assume_role_policy": "{\"Statement\":[{\"Action\":\"sts:AssumeRole\",\"Effect\":\"Allow\",\"Principal\":{\"Service\":\"ecs-tasks.amazonaws.com\"}}],\"Version\":\"2012-10-17\"}",
            "create_date": "2026-01-06T03:40:37Z",
            "description": "Allows ECS tasks to call AWS services on your behalf.",
            "force_detach_policies": false,
            "id": "LitellmTaskRole",
            "inline_policy": [
              {
                "name": "kms_policy",
                "policy": "{\"Version\":\"2012-10-17\",\"Statement\":[{\"Action\":[\"kms:*\"],\"Effect\":\"Allow\",\"Resource\":\"*\"}]}"
              }
            ],
            "managed_policy_arns": [
              "arn:aws:iam::aws:policy/AmazonS3FullAccess",
              "arn:aws:iam::aws:policy/SecretsManagerReadWrite",
              "arn:aws:iam::aws:policy/service-role/AmazonEC2ContainerServiceforEC2Role"
            ],
            "max_session_duration": 3600,
            "name": "LitellmTaskRole",
            "name_prefix": "",
            "path": "/",
            "permissions_boundary": "",
            "tags": {},
            "tags_all": {},
            "unique_id": "AROAVPH3SMZT5NFYZ2WIB"
          },
          "sensitive_attributes": [],
          "identity_schema_version": 0,
          "identity": {
            "account_id": "376337229415",
            "name": "LitellmTaskRole"
          },
          "private": "bnVsbA=="
        }
      ]
    },
    {
      "module": "module.ecs_litellm",
      "mode": "managed",
      "type": "aws_iam_role_policy",
      "name": "ecs_execution_ecr_cloudwatch_policy",
      "provider": "provider[\"registry.terraform.io/hashicorp/aws\"]",
      "instances": [
        {
          "schema_version": 0,
          "attributes": {
            "id": "LitellmTaskExecutionRole:ecs-execution-ecr-logs-policy",
            "name": "ecs-execution-ecr-logs-policy",
            "name_prefix": "",
            "policy": "{\"Version\":\"2012-10-17\",\"Statement\":[{\"Action\":[\"ecr:GetAuthorizationToken\",\"ecr:BatchCheckLayerAvailability\",\"ecr:GetDownloadUrlForLayer\",\"ecr:BatchGetImage\",\"logs:CreateLogStream\",\"logs:PutLogEvents\",\"logs:DescribeLogStreams\",\"logs:DescribeLogGroups\",\"logs:CreateLogGroup\"],\"Effect\":\"Allow\",\"Resource\":\"*\"}]}",
            "role": "LitellmTaskExecutionRole"
          },
          "sensitive_attributes": [],
          "identity_schema_version": 0,
          "identity": {
            "account_id": "376337229415",
            "name": "ecs-execution-ecr-logs-policy",
            "role": "LitellmTaskExecutionRole"
          },
          "private": "bnVsbA==",
          "dependencies": [
            "module.ecs_litellm.aws_iam_role.ecs_execution_role"
          ]
        }
      ]
    },
    {
      "module": "module.ecs_litellm",
      "mode": "managed",
      "type": "aws_iam_role_policy",
      "name": "kms_access",
      "provider": "provider[\"registry.terraform.io/hashicorp/aws\"]",
      "instances": [
        {
          "schema_version": 0,
          "attributes": {
            "id": "LitellmTaskRole:kms_policy",
            "name": "kms_policy",
            "name_prefix": "",
            "policy": "{\"Version\":\"2012-10-17\",\"Statement\":[{\"Action\":[\"kms:*\"],\"Effect\":\"Allow\",\"Resource\":\"*\"}]}",
            "role": "LitellmTaskRole"
          },
          "sensitive_attributes": [],
          "identity_schema_version": 0,
          "identity": {
            "account_id": "376337229415",
            "name": "kms_policy",
            "role": "LitellmTaskRole"
          },
          "private": "bnVsbA==",
          "dependencies": [
            "module.ecs_litellm.aws_iam_role.ecs_task_role"
          ]
        }
      ]
    },
    {
      "module": "module.ecs_litellm",
      "mode": "managed",
      "type": "aws_iam_role_policy_attachment",
      "name": "ecs_task_role_default_policy",
      "provider": "provider[\"registry.terraform.io/hashicorp/aws\"]",
      "instances": [
        {
          "schema_version": 0,
          "attributes": {
            "id": "LitellmTaskRole/arn:aws:iam::aws:policy/service-role/AmazonEC2ContainerServiceforEC2Role",
            "policy_arn": "arn:aws:iam::aws:policy/service-role/AmazonEC2ContainerServiceforEC2Role",
            "role": "LitellmTaskRole"
          },
          "sensitive_attributes": [],
          "identity_schema_version": 0,
          "identity": {
            "account_id": "376337229415",
            "policy_arn": "arn:aws:iam::aws:policy/service-role/AmazonEC2ContainerServiceforEC2Role",
            "role": "LitellmTaskRole"
          },
          "private": "bnVsbA==",
          "dependencies": [
            "module.ecs_litellm.aws_iam_role.ecs_task_role"
          ]
        }
      ]
    },
    {
      "module": "module.ecs_litellm",
      "mode": "managed",
      "type": "aws_iam_role_policy_attachment",
      "name": "ecs_task_role_s3_policy",
      "provider": "provider[\"registry.terraform.io/hashicorp/aws\"]",
      "instances": [
        {
          "schema_version": 0,
          "attributes": {
            "id": "LitellmTaskRole/arn:aws:iam::aws:policy/AmazonS3FullAccess",
            "policy_arn": "arn:aws:iam::aws:policy/AmazonS3FullAccess",
            "role": "LitellmTaskRole"
          },
          "sensitive_attributes": [],
          "identity_schema_version": 0,
          "identity": {
            "account_id": "376337229415",
            "policy_arn": "arn:aws:iam::aws:policy/AmazonS3FullAccess",
            "role": "LitellmTaskRole"
          },
          "private": "bnVsbA==",
          "dependencies": [
            "module.ecs_litellm.aws_iam_role.ecs_task_role"
          ]
        }
      ]
    },
    {
      "module": "module.ecs_litellm",
      "mode": "managed",
      "type": "aws_iam_role_policy_attachment",
      "name": "ecs_task_role_secret_policy",
      "provider": "provider[\"registry.terraform.io/hashicorp/aws\"]",
      "instances": [
        {
          "schema_version": 0,
          "attributes": {
            "id": "LitellmTaskRole/arn:aws:iam::aws:policy/SecretsManagerReadWrite",
            "policy_arn": "arn:aws:iam::aws:policy/SecretsManagerReadWrite",
            "role": "LitellmTaskRole"
          },
          "sensitive_attributes": [],
          "identity_schema_version": 0,
          "identity": {
            "account_id": "376337229415",
            "policy_arn": "arn:aws:iam::aws:policy/SecretsManagerReadWrite",
            "role": "LitellmTaskRole"
          },
          "private": "bnVsbA==",
          "dependencies": [
            "module.ecs_litellm.aws_iam_role.ecs_task_role"
          ]
        }
      ]
    },
    {
      "module": "module.elasticache",
      "mode": "managed",
      "type": "aws_cloudwatch_log_group",
      "name": "this",
      "provider": "provider[\"registry.terraform.io/hashicorp/aws\"]",
      "instances": [
        {
          "index_key": "slow-log",
          "schema_version": 0,
          "attributes": {
            "arn": "arn:aws:logs:us-east-1:376337229415:log-group:/aws/elasticache/litellm-valkey",
            "deletion_protection_enabled": false,
            "id": "/aws/elasticache/litellm-valkey",
            "kms_key_id": "",
            "log_group_class": "STANDARD",
            "name": "/aws/elasticache/litellm-valkey",
            "name_prefix": "",
            "region": "us-east-1",
            "retention_in_days": 14,
            "skip_destroy": false,
            "tags": {
              "Environment": "dev",
              "Project": "litellm-demo",
              "terraform-aws-modules": "elasticache"
            },
            "tags_all": {
              "Environment": "dev",
              "Project": "litellm-demo",
              "terraform-aws-modules": "elasticache"
            }
          },
          "sensitive_attributes": [],
          "identity_schema_version": 0,
          "identity": {
            "account_id": "376337229415",
            "name": "/aws/elasticache/litellm-valkey",
            "region": "us-east-1"
          },
          "private": "bnVsbA=="
        }
      ]
    },
    {
      "module": "module.elasticache",
      "mode": "managed",
      "type": "aws_elasticache_parameter_group",
      "name": "this",
      "provider": "provider[\"registry.terraform.io/hashicorp/aws\"]",
      "instances": [
        {
          "index_key": 0,
          "schema_version": 0,
          "attributes": {
            "arn": "arn:aws:elasticache:us-east-1:376337229415:parametergroup:litellm-valkey-valkey7-12b59c53bc2426ff",
            "description": "Valkey replication group parameter group for dev",
            "family": "valkey7",
            "id": "litellm-valkey-valkey7-12b59c53bc2426ff",
            "name": "litellm-valkey-valkey7-12b59c53bc2426ff",
            "parameter": [
              {
                "name": "maxmemory-policy",
                "value": "volatile-lru"
              }
            ],
            "region": "us-east-1",
            "tags": {
              "Environment": "dev",
              "Project": "litellm-demo",
              "terraform-aws-modules": "elasticache"
            },
            "tags_all": {
              "Environment": "dev",
              "Project": "litellm-demo",
              "terraform-aws-modules": "elasticache"
            }
          },
          "sensitive_attributes": [],
          "identity_schema_version": 0,
          "private": "bnVsbA==",
          "dependencies": [
            "module.elasticache.random_id.this"
          ],
          "create_before_destroy": true
        }
      ]
    },
    {
      "module": "module.elasticache",
      "mode": "managed",
      "type": "aws_elasticache_replication_group",
      "name": "this",
      "provider": "provider[\"registry.terraform.io/hashicorp/aws\"]",
      "instances": [
        {
          "index_key": 0,
          "schema_version": 3,
          "attributes": {
            "apply_immediately": false,
            "arn": "arn:aws:elasticache:us-east-1:376337229415:replicationgroup:litellm-valkey",
            "at_rest_encryption_enabled": "true",
            "auth_token": "m2UjnYV66RUUDWLEFb",
            "auth_token_update_strategy": null,
            "auto_minor_version_upgrade": "true",
            "automatic_failover_enabled": true,
            "cluster_enabled": false,
            "cluster_mode": "disabled",
            "configuration_endpoint_address": null,
            "data_tiering_enabled": false,
            "description": "Replication group",
            "engine": "valkey",
            "engine_version": "7.2",
            "engine_version_actual": "7.2.6",
            "final_snapshot_identifier": null,
            "global_replication_group_id": null,
            "id": "litellm-valkey",
            "ip_discovery": "ipv4",
            "kms_key_id": "arn:aws:kms:us-east-1:376337229415:key/0065591b-c462-4027-b57c-77e517342f6a",
            "log_delivery_configuration": [
              {
                "destination": "/aws/elasticache/litellm-valkey",
                "destination_type": "cloudwatch-logs",
                "log_format": "json",
                "log_type": "slow-log"
              }
            ],
            "maintenance_window": "sun:05:00-sun:09:00",
            "member_clusters": [
              "litellm-valkey-001",
              "litellm-valkey-002"
            ],
            "multi_az_enabled": true,
            "network_type": "ipv4",
            "node_group_configuration": [
              {
                "node_group_id": "0001",
                "primary_availability_zone": "us-east-1a",
                "primary_outpost_arn": "",
                "replica_availability_zones": [
                  "us-east-1b"
                ],
                "replica_count": 1,
                "replica_outpost_arns": [],
                "slots": ""
              }
            ],
            "node_type": "cache.t4g.small",
            "notification_topic_arn": null,
            "num_cache_clusters": 2,
            "num_node_groups": 1,
            "parameter_group_name": "litellm-valkey-valkey7-12b59c53bc2426ff",
            "port": 6379,
            "preferred_cache_cluster_azs": [],
            "primary_endpoint_address": "master.litellm-valkey.mus2ay.use1.cache.amazonaws.com",
            "reader_endpoint_address": "replica.litellm-valkey.mus2ay.use1.cache.amazonaws.com",
            "region": "us-east-1",
            "replicas_per_node_group": 1,
            "replication_group_id": "litellm-valkey",
            "security_group_ids": [
              "sg-0a2e1d2c3ff18cf37"
            ],
            "security_group_names": [],
            "snapshot_arns": null,
            "snapshot_name": null,
            "snapshot_retention_limit": 0,
            "snapshot_window": "09:30-10:30",
            "subnet_group_name": "litellm-valkey",
            "tags": {
              "Environment": "dev",
              "Project": "litellm-demo",
              "terraform-aws-modules": "elasticache"
            },
            "tags_all": {
              "Environment": "dev",
              "Project": "litellm-demo",
              "terraform-aws-modules": "elasticache"
            },
            "timeouts": null,
            "transit_encryption_enabled": true,
            "transit_encryption_mode": "required",
            "user_group_ids": []
          },
          "sensitive_attributes": [
            [
              {
                "type": "get_attr",
                "value": "auth_token"
              }
            ]
          ],
          "identity_schema_version": 0,
          "private": "eyJlMmJmYjczMC1lY2FhLTExZTYtOGY4OC0zNDM2M2JjN2M0YzAiOnsiY3JlYXRlIjozNjAwMDAwMDAwMDAwLCJkZWxldGUiOjI3MDAwMDAwMDAwMDAsInVwZGF0ZSI6MjQwMDAwMDAwMDAwMH0sInNjaGVtYV92ZXJzaW9uIjoiMyJ9",
          "dependencies": [
            "aws_kms_key.valkey_kms",
            "data.aws_subnets.private_subnets",
            "data.aws_vpc.main",
            "module.elasticache.aws_cloudwatch_log_group.this",
            "module.elasticache.aws_elasticache_parameter_group.this",
            "module.elasticache.aws_elasticache_subnet_group.this",
            "module.elasticache.aws_security_group.this",
            "module.elasticache.random_id.this",
            "random_password.redis_password_main"
          ]
        }
      ]
    },
    {
      "module": "module.elasticache",
      "mode": "managed",
      "type": "aws_elasticache_subnet_group",
      "name": "this",
      "provider": "provider[\"registry.terraform.io/hashicorp/aws\"]",
      "instances": [
        {
          "index_key": 0,
          "schema_version": 0,
          "attributes": {
            "arn": "arn:aws:elasticache:us-east-1:376337229415:subnetgroup:litellm-valkey",
            "description": "Valkey replication group subnet group for dev",
            "id": "litellm-valkey",
            "name": "litellm-valkey",
            "region": "us-east-1",
            "subnet_ids": [
              "subnet-0b84a76c5e30c472a",
              "subnet-0d52c6f2a1e754f4e"
            ],
            "tags": {
              "Environment": "dev",
              "Project": "litellm-demo",
              "terraform-aws-modules": "elasticache"
            },
            "tags_all": {
              "Environment": "dev",
              "Project": "litellm-demo",
              "terraform-aws-modules": "elasticache"
            },
            "vpc_id": "vpc-05c7628a7a70e7e0f"
          },
          "sensitive_attributes": [],
          "identity_schema_version": 0,
          "private": "bnVsbA==",
          "dependencies": [
            "data.aws_subnets.private_subnets",
            "data.aws_vpc.main"
          ],
          "create_before_destroy": true
        }
      ]
    },
    {
      "module": "module.elasticache",
      "mode": "managed",
      "type": "aws_security_group",
      "name": "this",
      "provider": "provider[\"registry.terraform.io/hashicorp/aws\"]",
      "instances": [
        {
          "index_key": 0,
          "schema_version": 1,
          "attributes": {
            "arn": "arn:aws:ec2:us-east-1:376337229415:security-group/sg-0a2e1d2c3ff18cf37",
            "description": "Managed by Terraform",
            "egress": [],
            "id": "sg-0a2e1d2c3ff18cf37",
            "ingress": [
              {
                "cidr_blocks": [
                  "10.0.0.0/8"
                ],
                "description": "VPC traffic",
                "from_port": 6379,
                "ipv6_cidr_blocks": [],
                "prefix_list_ids": [],
                "protocol": "tcp",
                "security_groups": [],
                "self": false,
                "to_port": 6379
              }
            ],
            "name": "litellm-valkey-20260106034037815200000001",
            "name_prefix": "litellm-valkey-",
            "owner_id": "376337229415",
            "region": "us-east-1",
            "revoke_rules_on_delete": false,
            "tags": {
              "Environment": "dev",
              "Project": "litellm-demo",
              "terraform-aws-modules": "elasticache"
            },
            "tags_all": {
              "Environment": "dev",
              "Project": "litellm-demo",
              "terraform-aws-modules": "elasticache"
            },
            "timeouts": null,
            "vpc_id": "vpc-05c7628a7a70e7e0f"
          },
          "sensitive_attributes": [],
          "identity_schema_version": 0,
          "identity": {
            "account_id": "376337229415",
            "id": "sg-0a2e1d2c3ff18cf37",
            "region": "us-east-1"
          },
          "private": "eyJlMmJmYjczMC1lY2FhLTExZTYtOGY4OC0zNDM2M2JjN2M0YzAiOnsiY3JlYXRlIjo2MDAwMDAwMDAwMDAsImRlbGV0ZSI6OTAwMDAwMDAwMDAwfSwic2NoZW1hX3ZlcnNpb24iOiIxIn0=",
          "dependencies": [
            "data.aws_vpc.main"
          ],
          "create_before_destroy": true
        }
      ]
    },
    {
      "module": "module.elasticache",
      "mode": "managed",
      "type": "aws_vpc_security_group_ingress_rule",
      "name": "this",
      "provider": "provider[\"registry.terraform.io/hashicorp/aws\"]",
      "instances": [
        {
          "index_key": "ingress_vpc",
          "schema_version": 0,
          "attributes": {
            "arn": "arn:aws:ec2:us-east-1:376337229415:security-group-rule/sgr-0f1e3932009e52c40",
            "cidr_ipv4": "10.0.0.0/8",
            "cidr_ipv6": null,
            "description": "VPC traffic",
            "from_port": 6379,
            "id": "sgr-0f1e3932009e52c40",
            "ip_protocol": "tcp",
            "prefix_list_id": null,
            "referenced_security_group_id": null,
            "region": "us-east-1",
            "security_group_id": "sg-0a2e1d2c3ff18cf37",
            "security_group_rule_id": "sgr-0f1e3932009e52c40",
            "tags": {
              "Environment": "dev",
              "Project": "litellm-demo",
              "terraform-aws-modules": "elasticache"
            },
            "tags_all": {
              "Environment": "dev",
              "Project": "litellm-demo",
              "terraform-aws-modules": "elasticache"
            },
            "to_port": 6379
          },
          "sensitive_attributes": [],
          "identity_schema_version": 0,
          "identity": {
            "account_id": "376337229415",
            "id": "sgr-0f1e3932009e52c40",
            "region": "us-east-1"
          },
          "dependencies": [
            "data.aws_vpc.main",
            "module.elasticache.aws_security_group.this"
          ]
        }
      ]
    },
    {
      "module": "module.elasticache",
      "mode": "managed",
      "type": "random_id",
      "name": "this",
      "provider": "provider[\"registry.terraform.io/hashicorp/random\"]",
      "instances": [
        {
          "index_key": 0,
          "schema_version": 0,
          "attributes": {
            "b64_std": "ErWcU7wkJv8=",
            "b64_url": "ErWcU7wkJv8",
            "byte_length": 8,
            "dec": "1348155546920036095",
            "hex": "12b59c53bc2426ff",
            "id": "ErWcU7wkJv8",
            "keepers": null,
            "prefix": null
          },
          "sensitive_attributes": [],
          "identity_schema_version": 0,
          "create_before_destroy": true
        }
      ]
    },
    {
      "module": "module.load_balancer_litellm",
      "mode": "managed",
      "type": "aws_lb_target_group",
      "name": "ip",
      "provider": "provider[\"registry.terraform.io/hashicorp/aws\"]",
      "instances": [
        {
          "schema_version": 0,
          "attributes": {
            "arn": "arn:aws:elasticloadbalancing:us-east-1:376337229415:targetgroup/litellm-target-group/9c3d8c8066197273",
            "arn_suffix": "targetgroup/litellm-target-group/9c3d8c8066197273",
            "connection_termination": null,
            "deregistration_delay": "300",
            "health_check": [
              {
                "enabled": true,
                "healthy_threshold": 3,
                "interval": 30,
                "matcher": "200,403",
                "path": "/health/liveliness",
                "port": "traffic-port",
                "protocol": "HTTP",
                "timeout": 5,
                "unhealthy_threshold": 3
              }
            ],
            "id": "arn:aws:elasticloadbalancing:us-east-1:376337229415:targetgroup/litellm-target-group/9c3d8c8066197273",
            "ip_address_type": "ipv4",
            "lambda_multi_value_headers_enabled": false,
            "load_balancer_arns": [
              "arn:aws:elasticloadbalancing:us-east-1:376337229415:loadbalancer/app/litellm/53b7fd6e9abf1fbe"
            ],
            "load_balancing_algorithm_type": "round_robin",
            "load_balancing_anomaly_mitigation": "off",
            "load_balancing_cross_zone_enabled": "use_load_balancer_configuration",
            "name": "litellm-target-group",
            "name_prefix": "",
            "port": 4000,
            "preserve_client_ip": null,
            "protocol": "HTTP",
            "protocol_version": "HTTP1",
            "proxy_protocol_v2": false,
            "region": "us-east-1",
            "slow_start": 0,
            "stickiness": [
              {
                "cookie_duration": 86400,
                "cookie_name": "",
                "enabled": false,
                "type": "lb_cookie"
              }
            ],
            "tags": {},
            "tags_all": {},
            "target_control_port": 0,
            "target_failover": [
              {
                "on_deregistration": null,
                "on_unhealthy": null
              }
            ],
            "target_group_health": [
              {
                "dns_failover": [
                  {
                    "minimum_healthy_targets_count": "1",
                    "minimum_healthy_targets_percentage": "off"
                  }
                ],
                "unhealthy_state_routing": [
                  {
                    "minimum_healthy_targets_count": 1,
                    "minimum_healthy_targets_percentage": "off"
                  }
                ]
              }
            ],
            "target_health_state": [
              {
                "enable_unhealthy_connection_termination": null,
                "unhealthy_draining_interval": null
              }
            ],
            "target_type": "ip",
            "vpc_id": "vpc-05c7628a7a70e7e0f"
          },
          "sensitive_attributes": [],
          "identity_schema_version": 0,
          "identity": {
            "arn": "arn:aws:elasticloadbalancing:us-east-1:376337229415:targetgroup/litellm-target-group/9c3d8c8066197273"
          },
          "private": "bnVsbA==",
          "dependencies": [
            "data.aws_vpc.main"
          ],
          "create_before_destroy": true
        }
      ]
    },
    {
      "module": "module.load_balancer_litellm.module.load_balancer",
      "mode": "managed",
      "type": "aws_lb",
      "name": "internal",
      "provider": "provider[\"registry.terraform.io/hashicorp/aws\"]",
      "instances": [
        {
          "schema_version": 0,
          "attributes": {
            "access_logs": [
              {
                "bucket": "",
                "enabled": false,
                "prefix": ""
              }
            ],
            "arn": "arn:aws:elasticloadbalancing:us-east-1:376337229415:loadbalancer/app/litellm/53b7fd6e9abf1fbe",
            "arn_suffix": "app/litellm/53b7fd6e9abf1fbe",
            "client_keep_alive": 3600,
            "connection_logs": [
              {
                "bucket": "",
                "enabled": false,
                "prefix": ""
              }
            ],
            "customer_owned_ipv4_pool": "",
            "desync_mitigation_mode": "defensive",
            "dns_name": "internal-litellm-1915701886.us-east-1.elb.amazonaws.com",
            "dns_record_client_routing_policy": null,
            "drop_invalid_header_fields": true,
            "enable_cross_zone_load_balancing": true,
            "enable_deletion_protection": false,
            "enable_http2": true,
            "enable_tls_version_and_cipher_suite_headers": false,
            "enable_waf_fail_open": false,
            "enable_xff_client_port": false,
            "enable_zonal_shift": false,
            "enforce_security_group_inbound_rules_on_private_link_traffic": "",
            "health_check_logs": [
              {
                "bucket": "",
                "enabled": false,
                "prefix": ""
              }
            ],
            "id": "arn:aws:elasticloadbalancing:us-east-1:376337229415:loadbalancer/app/litellm/53b7fd6e9abf1fbe",
            "idle_timeout": 90,
            "internal": true,
            "ip_address_type": "ipv4",
            "ipam_pools": [],
            "load_balancer_type": "application",
            "minimum_load_balancer_capacity": [],
            "name": "litellm",
            "name_prefix": "",
            "preserve_host_header": false,
            "region": "us-east-1",
            "secondary_ips_auto_assigned_per_subnet": null,
            "security_groups": [
              "sg-048d64314bdae5e24"
            ],
            "subnet_mapping": [
              {
                "allocation_id": "",
                "ipv6_address": "",
                "outpost_id": "",
                "private_ipv4_address": "",
                "subnet_id": "subnet-04fd3ba1aa9d56cb0"
              },
              {
                "allocation_id": "",
                "ipv6_address": "",
                "outpost_id": "",
                "private_ipv4_address": "",
                "subnet_id": "subnet-0e165015f85692b36"
              }
            ],
            "subnets": [
              "subnet-04fd3ba1aa9d56cb0",
              "subnet-0e165015f85692b36"
            ],
            "tags": {},
            "tags_all": {},
            "timeouts": null,
            "vpc_id": "vpc-05c7628a7a70e7e0f",
            "xff_header_processing_mode": "append",
            "zone_id": "Z35SXDOTRQ7X7K"
          },
          "sensitive_attributes": [],
          "identity_schema_version": 0,
          "identity": {
            "arn": "arn:aws:elasticloadbalancing:us-east-1:376337229415:loadbalancer/app/litellm/53b7fd6e9abf1fbe"
          },
          "private": "eyJlMmJmYjczMC1lY2FhLTExZTYtOGY4OC0zNDM2M2JjN2M0YzAiOnsiY3JlYXRlIjo2MDAwMDAwMDAwMDAsImRlbGV0ZSI6NjAwMDAwMDAwMDAwLCJ1cGRhdGUiOjYwMDAwMDAwMDAwMH19",
          "dependencies": [
            "data.aws_security_group.workload_security_group",
            "data.aws_subnets.public_subnets",
            "data.aws_vpc.main"
          ]
        }
      ]
    },
    {
      "module": "module.load_balancer_litellm.module.load_balancer",
      "mode": "managed",
      "type": "aws_lb_listener",
      "name": "frontend_http",
      "provider": "provider[\"registry.terraform.io/hashicorp/aws\"]",
      "instances": [
        {
          "index_key": 0,
          "schema_version": 0,
          "attributes": {
            "alpn_policy": null,
            "arn": "arn:aws:elasticloadbalancing:us-east-1:376337229415:listener/app/litellm/53b7fd6e9abf1fbe/7e73dc63dafe8642",
            "certificate_arn": null,
            "default_action": [
              {
                "authenticate_cognito": [],
                "authenticate_oidc": [],
                "fixed_response": [],
                "forward": [],
                "jwt_validation": [],
                "order": 1,
                "redirect": [],
                "target_group_arn": "arn:aws:elasticloadbalancing:us-east-1:376337229415:targetgroup/litellm-target-group/9c3d8c8066197273",
                "type": "forward"
              }
            ],
            "id": "arn:aws:elasticloadbalancing:us-east-1:376337229415:listener/app/litellm/53b7fd6e9abf1fbe/7e73dc63dafe8642",
            "load_balancer_arn": "arn:aws:elasticloadbalancing:us-east-1:376337229415:loadbalancer/app/litellm/53b7fd6e9abf1fbe",
            "mutual_authentication": [],
            "port": 80,
            "protocol": "HTTP",
            "region": "us-east-1",
            "routing_http_request_x_amzn_mtls_clientcert_header_name": null,
            "routing_http_request_x_amzn_mtls_clientcert_issuer_header_name": null,
            "routing_http_request_x_amzn_mtls_clientcert_leaf_header_name": null,
            "routing_http_request_x_amzn_mtls_clientcert_serial_number_header_name": null,
            "routing_http_request_x_amzn_mtls_clientcert_subject_header_name": null,
            "routing_http_request_x_amzn_mtls_clientcert_validity_header_name": null,
            "routing_http_request_x_amzn_tls_cipher_suite_header_name": null,
            "routing_http_request_x_amzn_tls_version_header_name": null,
            "routing_http_response_access_control_allow_credentials_header_value": "",
            "routing_http_response_access_control_allow_headers_header_value": "",
            "routing_http_response_access_control_allow_methods_header_value": "",
            "routing_http_response_access_control_allow_origin_header_value": "",
            "routing_http_response_access_control_expose_headers_header_value": "",
            "routing_http_response_access_control_max_age_header_value": "",
            "routing_http_response_content_security_policy_header_value": "",
            "routing_http_response_server_enabled": true,
            "routing_http_response_strict_transport_security_header_value": "",
            "routing_http_response_x_content_type_options_header_value": "",
            "routing_http_response_x_frame_options_header_value": "",
            "ssl_policy": "",
            "tags": {},
            "tags_all": {},
            "tcp_idle_timeout_seconds": null,
            "timeouts": null
          },
          "sensitive_attributes": [],
          "identity_schema_version": 0,
          "identity": {
            "arn": "arn:aws:elasticloadbalancing:us-east-1:376337229415:listener/app/litellm/53b7fd6e9abf1fbe/7e73dc63dafe8642"
          },
          "private": "eyJlMmJmYjczMC1lY2FhLTExZTYtOGY4OC0zNDM2M2JjN2M0YzAiOnsiY3JlYXRlIjozMDAwMDAwMDAwMDAsInVwZGF0ZSI6MzAwMDAwMDAwMDAwfX0=",
          "dependencies": [
            "data.aws_security_group.workload_security_group",
            "data.aws_subnets.public_subnets",
            "data.aws_vpc.main",
            "module.load_balancer_litellm.aws_lb_target_group.ip",
            "module.load_balancer_litellm.module.load_balancer.aws_lb.internal"
          ]
        }
      ]
    },
    {
      "module": "module.load_balancer_litellm.module.load_balancer",
      "mode": "managed",
      "type": "aws_lb_listener",
      "name": "internal_https",
      "provider": "provider[\"registry.terraform.io/hashicorp/aws\"]",
      "instances": [
        {
          "schema_version": 0,
          "attributes": {
            "alpn_policy": null,
            "arn": "arn:aws:elasticloadbalancing:us-east-1:376337229415:listener/app/litellm/53b7fd6e9abf1fbe/f3c468da5719a503",
            "certificate_arn": "arn:aws:acm:us-east-1:376337229415:certificate/a41b4d28-289d-4c67-9294-37428c1f3e8d",
            "default_action": [
              {
                "authenticate_cognito": [],
                "authenticate_oidc": [],
                "fixed_response": [],
                "forward": [],
                "jwt_validation": [],
                "order": 1,
                "redirect": [],
                "target_group_arn": "arn:aws:elasticloadbalancing:us-east-1:376337229415:targetgroup/litellm-target-group/9c3d8c8066197273",
                "type": "forward"
              }
            ],
            "id": "arn:aws:elasticloadbalancing:us-east-1:376337229415:listener/app/litellm/53b7fd6e9abf1fbe/f3c468da5719a503",
            "load_balancer_arn": "arn:aws:elasticloadbalancing:us-east-1:376337229415:loadbalancer/app/litellm/53b7fd6e9abf1fbe",
            "mutual_authentication": [
              {
                "advertise_trust_store_ca_names": "",
                "ignore_client_certificate_expiry": false,
                "mode": "off",
                "trust_store_arn": ""
              }
            ],
            "port": 443,
            "protocol": "HTTPS",
            "region": "us-east-1",
            "routing_http_request_x_amzn_mtls_clientcert_header_name": "",
            "routing_http_request_x_amzn_mtls_clientcert_issuer_header_name": "",
            "routing_http_request_x_amzn_mtls_clientcert_leaf_header_name": "",
            "routing_http_request_x_amzn_mtls_clientcert_serial_number_header_name": "",
            "routing_http_request_x_amzn_mtls_clientcert_subject_header_name": "",
            "routing_http_request_x_amzn_mtls_clientcert_validity_header_name": "",
            "routing_http_request_x_amzn_tls_cipher_suite_header_name": "",
            "routing_http_request_x_amzn_tls_version_header_name": "",
            "routing_http_response_access_control_allow_credentials_header_value": "",
            "routing_http_response_access_control_allow_headers_header_value": "",
            "routing_http_response_access_control_allow_methods_header_value": "",
            "routing_http_response_access_control_allow_origin_header_value": "",
            "routing_http_response_access_control_expose_headers_header_value": "",
            "routing_http_response_access_control_max_age_header_value": "",
            "routing_http_response_content_security_policy_header_value": "",
            "routing_http_response_server_enabled": true,
            "routing_http_response_strict_transport_security_header_value": "",
            "routing_http_response_x_content_type_options_header_value": "",
            "routing_http_response_x_frame_options_header_value": "",
            "ssl_policy": "ELBSecurityPolicy-TLS13-1-2-Res-2021-06",
            "tags": {},
            "tags_all": {},
            "tcp_idle_timeout_seconds": null,
            "timeouts": null
          },
          "sensitive_attributes": [],
          "identity_schema_version": 0,
          "identity": {
            "arn": "arn:aws:elasticloadbalancing:us-east-1:376337229415:listener/app/litellm/53b7fd6e9abf1fbe/f3c468da5719a503"
          },
          "private": "eyJlMmJmYjczMC1lY2FhLTExZTYtOGY4OC0zNDM2M2JjN2M0YzAiOnsiY3JlYXRlIjozMDAwMDAwMDAwMDAsInVwZGF0ZSI6MzAwMDAwMDAwMDAwfX0=",
          "dependencies": [
            "aws_acm_certificate.self_signed",
            "data.aws_security_group.workload_security_group",
            "data.aws_subnets.public_subnets",
            "data.aws_vpc.main",
            "module.load_balancer_litellm.aws_lb_target_group.ip",
            "module.load_balancer_litellm.module.load_balancer.aws_lb.internal",
            "module.load_balancer_litellm.module.load_balancer.aws_lb_trust_store.this",
            "tls_private_key.self_signed",
            "tls_self_signed_cert.self_signed"
          ]
        }
      ]
    }
  ],
  "check_results": [
    {
      "object_kind": "var",
      "config_addr": "module.ecs_litellm.var.scaling_type",
      "status": "pass",
      "objects": [
        {
          "object_addr": "module.ecs_litellm.var.scaling_type",
          "status": "pass"
        }
      ]
    }
  ]
}
