{
  "version": 4,
  "terraform_version": "1.12.2",
  "serial": 137,
  "lineage": "8bfd5987-157f-52f3-1934-a49c4891e091",
  "outputs": {},
  "resources": [
    {
      "mode": "data",
      "type": "aws_cloudfront_cache_policy",
      "name": "caching_disabled",
      "provider": "provider[\"registry.terraform.io/hashicorp/aws\"]",
      "instances": [
        {
          "schema_version": 0,
          "attributes": {
            "arn": "arn:aws:cloudfront::376337229415:cache-policy/4135ea2d-6df8-44a3-9df3-4b5a84be39ad",
            "comment": "Policy with caching disabled",
            "default_ttl": 0,
            "etag": "E23ZP02F085DFQ",
            "id": "4135ea2d-6df8-44a3-9df3-4b5a84be39ad",
            "max_ttl": 0,
            "min_ttl": 0,
            "name": "Managed-CachingDisabled",
            "parameters_in_cache_key_and_forwarded_to_origin": [
              {
                "cookies_config": [
                  {
                    "cookie_behavior": "none",
                    "cookies": []
                  }
                ],
                "enable_accept_encoding_brotli": false,
                "enable_accept_encoding_gzip": false,
                "headers_config": [
                  {
                    "header_behavior": "none",
                    "headers": []
                  }
                ],
                "query_strings_config": [
                  {
                    "query_string_behavior": "none",
                    "query_strings": []
                  }
                ]
              }
            ]
          },
          "sensitive_attributes": [],
          "identity_schema_version": 0
        }
      ]
    },
    {
      "mode": "data",
      "type": "aws_cloudfront_origin_request_policy",
      "name": "all_viewer",
      "provider": "provider[\"registry.terraform.io/hashicorp/aws\"]",
      "instances": [
        {
          "schema_version": 0,
          "attributes": {
            "arn": "arn:aws:cloudfront::376337229415:origin-request-policy/216adef6-5c7f-47e4-b989-5492eafa07d3",
            "comment": "Policy to forward all parameters in viewer requests",
            "cookies_config": [
              {
                "cookie_behavior": "all",
                "cookies": []
              }
            ],
            "etag": "E23ZP02F085DFQ",
            "headers_config": [
              {
                "header_behavior": "allViewer",
                "headers": []
              }
            ],
            "id": "216adef6-5c7f-47e4-b989-5492eafa07d3",
            "name": "Managed-AllViewer",
            "query_strings_config": [
              {
                "query_string_behavior": "all",
                "query_strings": []
              }
            ]
          },
          "sensitive_attributes": [],
          "identity_schema_version": 0
        }
      ]
    },
    {
      "mode": "data",
      "type": "aws_region",
      "name": "current",
      "provider": "provider[\"registry.terraform.io/hashicorp/aws\"]",
      "instances": [
        {
          "schema_version": 0,
          "attributes": {
            "description": "US East (N. Virginia)",
            "endpoint": "ec2.us-east-1.amazonaws.com",
            "id": "us-east-1",
            "name": "us-east-1",
            "region": "us-east-1"
          },
          "sensitive_attributes": [],
          "identity_schema_version": 0
        }
      ]
    },
    {
      "mode": "data",
      "type": "aws_security_group",
      "name": "workload_security_group",
      "provider": "provider[\"registry.terraform.io/hashicorp/aws\"]",
      "instances": [
        {
          "schema_version": 0,
          "attributes": {
            "arn": "arn:aws:ec2:us-east-1:376337229415:security-group/sg-048d64314bdae5e24",
            "description": "default VPC security group",
            "filter": null,
            "id": "sg-048d64314bdae5e24",
            "name": "default",
            "region": "us-east-1",
            "tags": {},
            "timeouts": null,
            "vpc_id": "vpc-05c7628a7a70e7e0f"
          },
          "sensitive_attributes": [],
          "identity_schema_version": 0
        }
      ]
    },
    {
      "mode": "data",
      "type": "aws_subnets",
      "name": "private_subnets",
      "provider": "provider[\"registry.terraform.io/hashicorp/aws\"]",
      "instances": [
        {
          "schema_version": 0,
          "attributes": {
            "filter": [
              {
                "name": "tag:Name",
                "values": [
                  "*private*"
                ]
              },
              {
                "name": "vpc-id",
                "values": [
                  "vpc-05c7628a7a70e7e0f"
                ]
              }
            ],
            "id": "us-east-1",
            "ids": [
              "subnet-0d52c6f2a1e754f4e",
              "subnet-0b84a76c5e30c472a"
            ],
            "region": "us-east-1",
            "tags": null,
            "timeouts": null
          },
          "sensitive_attributes": [],
          "identity_schema_version": 0
        }
      ]
    },
    {
      "mode": "data",
      "type": "aws_subnets",
      "name": "public_subnets",
      "provider": "provider[\"registry.terraform.io/hashicorp/aws\"]",
      "instances": [
        {
          "schema_version": 0,
          "attributes": {
            "filter": [
              {
                "name": "tag:Name",
                "values": [
                  "*public*"
                ]
              },
              {
                "name": "vpc-id",
                "values": [
                  "vpc-05c7628a7a70e7e0f"
                ]
              }
            ],
            "id": "us-east-1",
            "ids": [
              "subnet-04fd3ba1aa9d56cb0",
              "subnet-0e165015f85692b36"
            ],
            "region": "us-east-1",
            "tags": null,
            "timeouts": null
          },
          "sensitive_attributes": [],
          "identity_schema_version": 0
        }
      ]
    },
    {
      "mode": "data",
      "type": "aws_vpc",
      "name": "main",
      "provider": "provider[\"registry.terraform.io/hashicorp/aws\"]",
      "instances": [
        {
          "schema_version": 0,
          "attributes": {
            "arn": "arn:aws:ec2:us-east-1:376337229415:vpc/vpc-05c7628a7a70e7e0f",
            "cidr_block": "10.0.0.0/16",
            "cidr_block_associations": [
              {
                "association_id": "vpc-cidr-assoc-006b60c536b827041",
                "cidr_block": "10.0.0.0/16",
                "state": "associated"
              }
            ],
            "default": false,
            "dhcp_options_id": "dopt-7e9cbb1a",
            "enable_dns_hostnames": true,
            "enable_dns_support": true,
            "enable_network_address_usage_metrics": false,
            "filter": [
              {
                "name": "tag:Name",
                "values": [
                  "project-vpc"
                ]
              }
            ],
            "id": "vpc-05c7628a7a70e7e0f",
            "instance_tenancy": "default",
            "ipv6_association_id": "vpc-cidr-assoc-08783759aa651a78b",
            "ipv6_cidr_block": "2600:1f18:42b4:a300::/56",
            "main_route_table_id": "rtb-02ac9401349996d38",
            "owner_id": "376337229415",
            "region": "us-east-1",
            "state": null,
            "tags": {
              "Name": "project-vpc"
            },
            "timeouts": null
          },
          "sensitive_attributes": [],
          "identity_schema_version": 0
        }
      ]
    },
    {
      "mode": "managed",
      "type": "aws_bedrock_guardrail",
      "name": "content_filter",
      "provider": "provider[\"registry.terraform.io/hashicorp/aws\"]",
      "instances": [
        {
          "schema_version": 0,
          "attributes": {
            "blocked_input_messaging": "Your request contains content that cannot be processed due to content policy restrictions.",
            "blocked_outputs_messaging": "The response was filtered due to content policy restrictions.",
            "content_policy_config": [
              {
                "filters_config": [
                  {
                    "input_action": null,
                    "input_enabled": null,
                    "input_modalities": null,
                    "input_strength": "HIGH",
                    "output_action": null,
                    "output_enabled": null,
                    "output_modalities": null,
                    "output_strength": "HIGH",
                    "type": "HATE"
                  },
                  {
                    "input_action": null,
                    "input_enabled": null,
                    "input_modalities": null,
                    "input_strength": "HIGH",
                    "output_action": null,
                    "output_enabled": null,
                    "output_modalities": null,
                    "output_strength": "HIGH",
                    "type": "SEXUAL"
                  },
                  {
                    "input_action": null,
                    "input_enabled": null,
                    "input_modalities": null,
                    "input_strength": "HIGH",
                    "output_action": null,
                    "output_enabled": null,
                    "output_modalities": null,
                    "output_strength": "HIGH",
                    "type": "VIOLENCE"
                  },
                  {
                    "input_action": null,
                    "input_enabled": null,
                    "input_modalities": null,
                    "input_strength": "HIGH",
                    "output_action": null,
                    "output_enabled": null,
                    "output_modalities": null,
                    "output_strength": "NONE",
                    "type": "PROMPT_ATTACK"
                  },
                  {
                    "input_action": null,
                    "input_enabled": null,
                    "input_modalities": null,
                    "input_strength": "MEDIUM",
                    "output_action": null,
                    "output_enabled": null,
                    "output_modalities": null,
                    "output_strength": "MEDIUM",
                    "type": "INSULTS"
                  },
                  {
                    "input_action": null,
                    "input_enabled": null,
                    "input_modalities": null,
                    "input_strength": "MEDIUM",
                    "output_action": null,
                    "output_enabled": null,
                    "output_modalities": null,
                    "output_strength": "MEDIUM",
                    "type": "MISCONDUCT"
                  }
                ],
                "tier_config": [
                  {
                    "tier_name": "CLASSIC"
                  }
                ]
              }
            ],
            "contextual_grounding_policy_config": [],
            "created_at": "2026-01-06T03:40:37Z",
            "cross_region_config": [],
            "description": "Content filtering guardrail for LiteLLM demo with hate, violence, sexual content filters and PII anonymization",
            "guardrail_arn": "arn:aws:bedrock:us-east-1:376337229415:guardrail/ydj1l5blfas4",
            "guardrail_id": "ydj1l5blfas4",
            "kms_key_arn": null,
            "name": "litellm-content-filter",
            "region": "us-east-1",
            "sensitive_information_policy_config": [
              {
                "pii_entities_config": [
                  {
                    "action": "ANONYMIZE",
                    "input_action": null,
                    "input_enabled": null,
                    "output_action": null,
                    "output_enabled": null,
                    "type": "EMAIL"
                  },
                  {
                    "action": "ANONYMIZE",
                    "input_action": null,
                    "input_enabled": null,
                    "output_action": null,
                    "output_enabled": null,
                    "type": "PHONE"
                  },
                  {
                    "action": "ANONYMIZE",
                    "input_action": null,
                    "input_enabled": null,
                    "output_action": null,
                    "output_enabled": null,
                    "type": "NAME"
                  },
                  {
                    "action": "BLOCK",
                    "input_action": null,
                    "input_enabled": null,
                    "output_action": null,
                    "output_enabled": null,
                    "type": "US_SOCIAL_SECURITY_NUMBER"
                  },
                  {
                    "action": "BLOCK",
                    "input_action": null,
                    "input_enabled": null,
                    "output_action": null,
                    "output_enabled": null,
                    "type": "CREDIT_DEBIT_CARD_NUMBER"
                  }
                ],
                "regexes_config": []
              }
            ],
            "status": "READY",
            "tags": {
              "Environment": "dev",
              "Name": "litellm-content-filter",
              "Project": "litellm-demo"
            },
            "tags_all": {
              "Environment": "dev",
              "Name": "litellm-content-filter",
              "Project": "litellm-demo"
            },
            "timeouts": null,
            "topic_policy_config": [],
            "version": "DRAFT",
            "word_policy_config": []
          },
          "sensitive_attributes": [],
          "identity_schema_version": 0
        }
      ]
    },
    {
      "mode": "managed",
      "type": "aws_bedrock_guardrail_version",
      "name": "content_filter",
      "provider": "provider[\"registry.terraform.io/hashicorp/aws\"]",
      "instances": [
        {
          "schema_version": 0,
          "attributes": {
            "description": "Initial version of LiteLLM content filter guardrail",
            "guardrail_arn": "arn:aws:bedrock:us-east-1:376337229415:guardrail/ydj1l5blfas4",
            "region": "us-east-1",
            "skip_destroy": null,
            "timeouts": null,
            "version": "1"
          },
          "sensitive_attributes": [],
          "identity_schema_version": 0,
          "dependencies": [
            "aws_bedrock_guardrail.content_filter"
          ]
        }
      ]
    },
    {
      "mode": "managed",
      "type": "aws_cloudfront_distribution",
      "name": "main",
      "provider": "provider[\"registry.terraform.io/hashicorp/aws\"]",
      "instances": [
        {
          "schema_version": 1,
          "attributes": {
            "aliases": [],
            "anycast_ip_list_id": "",
            "arn": "arn:aws:cloudfront::376337229415:distribution/E31JZELRLUGC7A",
            "caller_reference": "terraform-20260106034345274000000006",
            "comment": "CloudFront distribution for LiteLLM service",
            "continuous_deployment_policy_id": "",
            "custom_error_response": [],
            "default_cache_behavior": [
              {
                "allowed_methods": [
                  "DELETE",
                  "GET",
                  "HEAD",
                  "OPTIONS",
                  "PATCH",
                  "POST",
                  "PUT"
                ],
                "cache_policy_id": "4135ea2d-6df8-44a3-9df3-4b5a84be39ad",
                "cached_methods": [
                  "GET",
                  "HEAD"
                ],
                "compress": true,
                "default_ttl": 0,
                "field_level_encryption_id": "",
                "forwarded_values": [],
                "function_association": [],
                "grpc_config": [
                  {
                    "enabled": false
                  }
                ],
                "lambda_function_association": [],
                "max_ttl": 0,
                "min_ttl": 0,
                "origin_request_policy_id": "216adef6-5c7f-47e4-b989-5492eafa07d3",
                "realtime_log_config_arn": "",
                "response_headers_policy_id": "",
                "smooth_streaming": false,
                "target_origin_id": "alb-origin",
                "trusted_key_groups": [],
                "trusted_signers": [],
                "viewer_protocol_policy": "redirect-to-https"
              }
            ],
            "default_root_object": "",
            "domain_name": "d2uvupybu0w8hy.cloudfront.net",
            "enabled": true,
            "etag": "E3RQLNYM3Z2Z74",
            "hosted_zone_id": "Z2FDTNDATAQYW2",
            "http_version": "http2",
            "id": "E31JZELRLUGC7A",
            "in_progress_validation_batches": 0,
            "is_ipv6_enabled": true,
            "last_modified_time": "2026-01-06 04:39:04.454 +0000 UTC",
            "logging_config": [],
            "logging_v1_enabled": false,
            "ordered_cache_behavior": [],
            "origin": [
              {
                "connection_attempts": 3,
                "connection_timeout": 10,
                "custom_header": [],
                "custom_origin_config": [
                  {
                    "http_port": 80,
                    "https_port": 443,
                    "ip_address_type": "",
                    "origin_keepalive_timeout": 5,
                    "origin_protocol_policy": "https-only",
                    "origin_read_timeout": 30,
                    "origin_ssl_protocols": [
                      "TLSv1.2"
                    ]
                  }
                ],
                "domain_name": "dualstack.internal-litellm-1915701886.us-east-1.elb.amazonaws.com",
                "origin_access_control_id": "",
                "origin_id": "alb-origin",
                "origin_path": "",
                "origin_shield": [],
                "response_completion_timeout": 0,
                "s3_origin_config": [],
                "vpc_origin_config": []
              }
            ],
            "origin_group": [],
            "price_class": "PriceClass_100",
            "restrictions": [
              {
                "geo_restriction": [
                  {
                    "locations": [],
                    "restriction_type": "none"
                  }
                ]
              }
            ],
            "retain_on_delete": false,
            "staging": false,
            "status": "Deployed",
            "tags": {
              "Environment": "dev",
              "Name": "litellm-cloudfront",
              "Project": "litellm-demo"
            },
            "tags_all": {
              "Environment": "dev",
              "Name": "litellm-cloudfront",
              "Project": "litellm-demo"
            },
            "trusted_key_groups": [
              {
                "enabled": false,
                "items": []
              }
            ],
            "trusted_signers": [
              {
                "enabled": false,
                "items": []
              }
            ],
            "viewer_certificate": [
              {
                "acm_certificate_arn": "",
                "cloudfront_default_certificate": true,
                "iam_certificate_id": "",
                "minimum_protocol_version": "TLSv1",
                "ssl_support_method": ""
              }
            ],
            "wait_for_deployment": true,
            "web_acl_id": "arn:aws:wafv2:us-east-1:376337229415:global/webacl/CreatedByCloudFront-5d3f29dd/13418114-e771-41cb-9c84-e9906dfd1d62"
          },
          "sensitive_attributes": [],
          "identity_schema_version": 0,
          "private": "eyJzY2hlbWFfdmVyc2lvbiI6IjEifQ==",
          "dependencies": [
            "data.aws_cloudfront_cache_policy.caching_disabled",
            "data.aws_cloudfront_origin_request_policy.all_viewer",
            "data.aws_security_group.workload_security_group",
            "data.aws_subnets.public_subnets",
            "data.aws_vpc.main",
            "module.load_balancer_litellm.module.load_balancer.aws_lb.internal"
          ]
        }
      ]
    },
    {
      "mode": "managed",
      "type": "aws_db_subnet_group",
      "name": "aurora_subnet_group",
      "provider": "provider[\"registry.terraform.io/hashicorp/aws\"]",
      "instances": [
        {
          "schema_version": 0,
          "attributes": {
            "arn": "arn:aws:rds:us-east-1:376337229415:subgrp:aurora-subnet-group",
            "description": "Managed by Terraform",
            "id": "aurora-subnet-group",
            "name": "aurora-subnet-group",
            "name_prefix": "",
            "region": "us-east-1",
            "subnet_ids": [
              "subnet-0b84a76c5e30c472a",
              "subnet-0d52c6f2a1e754f4e"
            ],
            "supported_network_types": [
              "DUAL",
              "IPV4"
            ],
            "tags": {},
            "tags_all": {},
            "vpc_id": "vpc-05c7628a7a70e7e0f"
          },
          "sensitive_attributes": [],
          "identity_schema_version": 0,
          "private": "bnVsbA==",
          "dependencies": [
            "data.aws_subnets.private_subnets",
            "data.aws_vpc.main"
          ],
          "create_before_destroy": true
        }
      ]
    },
    {
      "mode": "managed",
      "type": "aws_kms_key",
      "name": "valkey_kms",
      "provider": "provider[\"registry.terraform.io/hashicorp/aws\"]",
      "instances": [
        {
          "schema_version": 0,
          "attributes": {
            "arn": "arn:aws:kms:us-east-1:376337229415:key/0065591b-c462-4027-b57c-77e517342f6a",
            "bypass_policy_lockout_safety_check": false,
            "custom_key_store_id": "",
            "customer_master_key_spec": "SYMMETRIC_DEFAULT",
            "deletion_window_in_days": null,
            "description": "KMS CMK for ElastiCache Valkey - litellm-valkey",
            "enable_key_rotation": true,
            "id": "0065591b-c462-4027-b57c-77e517342f6a",
            "is_enabled": true,
            "key_id": "0065591b-c462-4027-b57c-77e517342f6a",
            "key_usage": "ENCRYPT_DECRYPT",
            "multi_region": false,
            "policy": "{\"Statement\":[{\"Action\":\"kms:*\",\"Effect\":\"Allow\",\"Principal\":{\"AWS\":\"arn:aws:iam::376337229415:root\"},\"Resource\":\"*\",\"Sid\":\"RootAccess\"},{\"Action\":[\"kms:DescribeKey\",\"kms:Decrypt\"],\"Condition\":{\"StringEquals\":{\"kms:CallerAccount\":\"376337229415\"}},\"Effect\":\"Allow\",\"Principal\":{\"Service\":\"ec2.amazonaws.com\"},\"Resource\":\"*\",\"Sid\":\"AWSEC2ResourcePolicy\"},{\"Action\":[\"kms:ReEncrypt*\",\"kms:GenerateDataKey*\",\"kms:Encrypt\",\"kms:DescribeKey\",\"kms:Decrypt\",\"kms:CreateGrant\"],\"Condition\":{\"StringEquals\":{\"kms:CallerAccount\":\"376337229415\"}},\"Effect\":\"Allow\",\"Principal\":{\"Service\":\"elasticache.amazonaws.com\"},\"Resource\":\"*\",\"Sid\":\"ElastiCacheServicePolicy\"}],\"Version\":\"2012-10-17\"}",
            "region": "us-east-1",
            "rotation_period_in_days": 365,
            "tags": {},
            "tags_all": {},
            "timeouts": null,
            "xks_key_id": ""
          },
          "sensitive_attributes": [],
          "identity_schema_version": 0,
          "identity": {
            "account_id": "376337229415",
            "id": "0065591b-c462-4027-b57c-77e517342f6a",
            "region": "us-east-1"
          },
          "private": "eyJlMmJmYjczMC1lY2FhLTExZTYtOGY4OC0zNDM2M2JjN2M0YzAiOnsiY3JlYXRlIjoxMjAwMDAwMDAwMDB9fQ=="
        }
      ]
    },
    {
      "mode": "managed",
      "type": "aws_secretsmanager_secret",
      "name": "litellm_aurora_secret",
      "provider": "provider[\"registry.terraform.io/hashicorp/aws\"]",
      "instances": [
        {
          "schema_version": 0,
          "attributes": {
            "arn": "arn:aws:secretsmanager:us-east-1:376337229415:secret:litellm-aurora-secret-icCXcu",
            "description": "",
            "force_overwrite_replica_secret": false,
            "id": "arn:aws:secretsmanager:us-east-1:376337229415:secret:litellm-aurora-secret-icCXcu",
            "kms_key_id": "",
            "name": "litellm-aurora-secret",
            "name_prefix": "",
            "policy": "",
            "recovery_window_in_days": 0,
            "region": "us-east-1",
            "replica": [],
            "tags": {
              "Environment": "dev",
              "Project": "litellm-demo"
            },
            "tags_all": {
              "Environment": "dev",
              "Project": "litellm-demo"
            }
          },
          "sensitive_attributes": [],
          "identity_schema_version": 0,
          "identity": {
            "arn": "arn:aws:secretsmanager:us-east-1:376337229415:secret:litellm-aurora-secret-icCXcu"
          },
          "private": "bnVsbA=="
        }
      ]
    },
    {
      "mode": "managed",
      "type": "aws_secretsmanager_secret",
      "name": "litellm_secrets",
      "provider": "provider[\"registry.terraform.io/hashicorp/aws\"]",
      "instances": [
        {
          "schema_version": 0,
          "attributes": {
            "arn": "arn:aws:secretsmanager:us-east-1:376337229415:secret:litellm-secrets-962fFs",
            "description": "",
            "force_overwrite_replica_secret": false,
            "id": "arn:aws:secretsmanager:us-east-1:376337229415:secret:litellm-secrets-962fFs",
            "kms_key_id": "",
            "name": "litellm-secrets",
            "name_prefix": "",
            "policy": "",
            "recovery_window_in_days": 0,
            "region": "us-east-1",
            "replica": [],
            "tags": {
              "Environment": "dev",
              "Project": "litellm-demo"
            },
            "tags_all": {
              "Environment": "dev",
              "Project": "litellm-demo"
            }
          },
          "sensitive_attributes": [],
          "identity_schema_version": 0,
          "identity": {
            "arn": "arn:aws:secretsmanager:us-east-1:376337229415:secret:litellm-secrets-962fFs"
          },
          "private": "bnVsbA=="
        }
      ]
    },
    {
      "mode": "managed",
      "type": "random_password",
      "name": "aurora_password_main",
      "provider": "provider[\"registry.terraform.io/hashicorp/random\"]",
      "instances": [
        {
          "schema_version": 3,
          "attributes": {
            "bcrypt_hash": "$2a$10$rAYKN2P3lIW5dYzxTfpXwu.magPdQZtms22mVeYk1EWulK.RGo23q",
            "id": "none",
            "keepers": null,
            "length": 16,
            "lower": true,
            "min_lower": 0,
            "min_numeric": 0,
            "min_special": 0,
            "min_upper": 0,
            "number": true,
            "numeric": true,
            "override_special": null,
            "result": "sxvRKTulXYocoukI",
            "special": false,
            "upper": true
          },
          "sensitive_attributes": [
            [
              {
                "type": "get_attr",
                "value": "bcrypt_hash"
              }
            ],
            [
              {
                "type": "get_attr",
                "value": "result"
              }
            ]
          ],
          "identity_schema_version": 0,
          "create_before_destroy": true
        }
      ]
    },
    {
      "mode": "managed",
      "type": "random_password",
      "name": "redis_password_main",
      "provider": "provider[\"registry.terraform.io/hashicorp/random\"]",
      "instances": [
        {
          "schema_version": 3,
          "attributes": {
            "bcrypt_hash": "$2a$10$ySStCbhn4UWNnE6BayP1BOLAyCkueq0gdDclo7LLeTM1o6oWiJNaq",
            "id": "none",
            "keepers": null,
            "length": 18,
            "lower": true,
            "min_lower": 0,
            "min_numeric": 0,
            "min_special": 0,
            "min_upper": 0,
            "number": true,
            "numeric": true,
            "override_special": null,
            "result": "m2UjnYV66RUUDWLEFb",
            "special": false,
            "upper": true
          },
          "sensitive_attributes": [
            [
              {
                "type": "get_attr",
                "value": "bcrypt_hash"
              }
            ],
            [
              {
                "type": "get_attr",
                "value": "result"
              }
            ]
          ],
          "identity_schema_version": 0
        }
      ]
    },
    {
      "module": "module.aurora_db",
      "mode": "data",
      "type": "aws_iam_policy_document",
      "name": "monitoring_rds_assume_role",
      "provider": "provider[\"registry.terraform.io/hashicorp/aws\"]",
      "instances": [
        {
          "index_key": 0,
          "schema_version": 0,
          "attributes": {
            "id": "76086537",
            "json": "{\n  \"Version\": \"2012-10-17\",\n  \"Statement\": [\n    {\n      \"Effect\": \"Allow\",\n      \"Action\": \"sts:AssumeRole\",\n      \"Principal\": {\n        \"Service\": \"monitoring.rds.amazonaws.com\"\n      }\n    }\n  ]\n}",
            "minified_json": "{\"Version\":\"2012-10-17\",\"Statement\":[{\"Effect\":\"Allow\",\"Action\":\"sts:AssumeRole\",\"Principal\":{\"Service\":\"monitoring.rds.amazonaws.com\"}}]}",
            "override_json": null,
            "override_policy_documents": null,
            "policy_id": null,
            "source_json": null,
            "source_policy_documents": null,
            "statement": [
              {
                "actions": [
                  "sts:AssumeRole"
                ],
                "condition": [],
                "effect": "Allow",
                "not_actions": [],
                "not_principals": [],
                "not_resources": [],
                "principals": [
                  {
                    "identifiers": [
                      "monitoring.rds.amazonaws.com"
                    ],
                    "type": "Service"
                  }
                ],
                "resources": [],
                "sid": ""
              }
            ],
            "version": "2012-10-17"
          },
          "sensitive_attributes": [],
          "identity_schema_version": 0
        }
      ]
    },
    {
      "module": "module.aurora_db",
      "mode": "data",
      "type": "aws_service_principal",
      "name": "monitoring_rds",
      "provider": "provider[\"registry.terraform.io/hashicorp/aws\"]",
      "instances": [
        {
          "index_key": 0,
          "schema_version": 0,
          "attributes": {
            "id": "monitoring.rds.us-east-1.amazonaws.com",
            "name": "monitoring.rds.amazonaws.com",
            "region": "us-east-1",
            "service_name": "monitoring.rds",
            "suffix": "amazonaws.com"
          },
          "sensitive_attributes": [],
          "identity_schema_version": 0
        }
      ]
    },
    {
      "module": "module.aurora_db",
      "mode": "managed",
      "type": "aws_iam_role",
      "name": "rds_enhanced_monitoring",
      "provider": "provider[\"registry.terraform.io/hashicorp/aws\"]",
      "instances": [
        {
          "index_key": 0,
          "schema_version": 0,
          "attributes": {
            "arn": "arn:aws:iam::376337229415:role/litellm-aurora-postgresql-monitor",
            "assume_role_policy": "{\"Statement\":[{\"Action\":\"sts:AssumeRole\",\"Effect\":\"Allow\",\"Principal\":{\"Service\":\"monitoring.rds.amazonaws.com\"}}],\"Version\":\"2012-10-17\"}",
            "create_date": "2026-01-06T03:40:38Z",
            "description": "",
            "force_detach_policies": true,
            "id": "litellm-aurora-postgresql-monitor",
            "inline_policy": [],
            "managed_policy_arns": [
              "arn:aws:iam::aws:policy/service-role/AmazonRDSEnhancedMonitoringRole"
            ],
            "max_session_duration": 3600,
            "name": "litellm-aurora-postgresql-monitor",
            "name_prefix": "",
            "path": "/",
            "permissions_boundary": "",
            "tags": {
              "Environment": "dev",
              "Project": "litellm-demo"
            },
            "tags_all": {
              "Environment": "dev",
              "Project": "litellm-demo"
            },
            "unique_id": "AROAVPH3SMZT4HXXS6WPF"
          },
          "sensitive_attributes": [],
          "identity_schema_version": 0,
          "identity": {
            "account_id": "376337229415",
            "name": "litellm-aurora-postgresql-monitor"
          },
          "private": "bnVsbA==",
          "dependencies": [
            "module.aurora_db.data.aws_iam_policy_document.monitoring_rds_assume_role",
            "module.aurora_db.data.aws_service_principal.monitoring_rds"
          ],
          "create_before_destroy": true
        }
      ]
    },
    {
      "module": "module.aurora_db",
      "mode": "managed",
      "type": "aws_rds_cluster",
      "name": "this",
      "provider": "provider[\"registry.terraform.io/hashicorp/aws\"]",
      "instances": [
        {
          "index_key": 0,
          "schema_version": 1,
          "attributes": {
            "allocated_storage": 1,
            "allow_major_version_upgrade": false,
            "apply_immediately": null,
            "arn": "arn:aws:rds:us-east-1:376337229415:cluster:litellm-aurora-postgresql",
            "availability_zones": [
              "us-east-1a",
              "us-east-1b",
              "us-east-1c"
            ],
            "backtrack_window": 0,
            "backup_retention_period": 1,
            "ca_certificate_identifier": null,
            "ca_certificate_valid_till": null,
            "cluster_identifier": "litellm-aurora-postgresql",
            "cluster_identifier_prefix": "",
            "cluster_members": [
              "litellm-aurora-postgresql-1"
            ],
            "cluster_resource_id": "cluster-NX4Z7FMAV7L2DQUADOJS6OBX5E",
            "cluster_scalability_type": "",
            "copy_tags_to_snapshot": true,
            "database_insights_mode": "standard",
            "database_name": null,
            "db_cluster_instance_class": "",
            "db_cluster_parameter_group_name": "default.aurora-postgresql17",
            "db_instance_parameter_group_name": null,
            "db_subnet_group_name": "aurora-subnet-group",
            "db_system_id": "",
            "delete_automated_backups": true,
            "deletion_protection": false,
            "domain": "",
            "domain_iam_role_name": "",
            "enable_global_write_forwarding": false,
            "enable_http_endpoint": false,
            "enable_local_write_forwarding": false,
            "enabled_cloudwatch_logs_exports": [],
            "endpoint": "litellm-aurora-postgresql.cluster-cg9we74vymgv.us-east-1.rds.amazonaws.com",
            "engine": "aurora-postgresql",
            "engine_lifecycle_support": "open-source-rds-extended-support",
            "engine_mode": "provisioned",
            "engine_version": "17.4",
            "engine_version_actual": "17.4",
            "final_snapshot_identifier": null,
            "global_cluster_identifier": "",
            "hosted_zone_id": "Z2R2ITUGPM61AM",
            "iam_database_authentication_enabled": false,
            "iam_roles": [],
            "id": "litellm-aurora-postgresql",
            "iops": 0,
            "kms_key_id": "arn:aws:kms:us-east-1:376337229415:key/5223acae-e74d-4944-90b3-d43e984c69d3",
            "manage_master_user_password": null,
            "master_password": null,
            "master_password_wo": null,
            "master_password_wo_version": 1,
            "master_user_secret": [],
            "master_user_secret_kms_key_id": null,
            "master_username": "postgres",
            "monitoring_interval": 60,
            "monitoring_role_arn": "arn:aws:iam::376337229415:role/litellm-aurora-postgresql-monitor",
            "network_type": "IPV4",
            "performance_insights_enabled": false,
            "performance_insights_kms_key_id": "",
            "performance_insights_retention_period": 0,
            "port": 5432,
            "preferred_backup_window": "03:59-04:29",
            "preferred_maintenance_window": "sun:05:00-sun:09:00",
            "reader_endpoint": "litellm-aurora-postgresql.cluster-ro-cg9we74vymgv.us-east-1.rds.amazonaws.com",
            "region": "us-east-1",
            "replication_source_identifier": "",
            "restore_to_point_in_time": [],
            "s3_import": [],
            "scaling_configuration": [],
            "serverlessv2_scaling_configuration": [
              {
                "max_capacity": 2,
                "min_capacity": 0.5,
                "seconds_until_auto_pause": 0
              }
            ],
            "skip_final_snapshot": true,
            "snapshot_identifier": null,
            "source_region": null,
            "storage_encrypted": true,
            "storage_type": "",
            "tags": {
              "Environment": "dev",
              "Project": "litellm-demo"
            },
            "tags_all": {
              "Environment": "dev",
              "Project": "litellm-demo"
            },
            "timeouts": null,
            "upgrade_rollout_order": "second",
            "vpc_security_group_ids": [
              "sg-06c09c94dd6d88209"
            ]
          },
          "sensitive_attributes": [
            [
              {
                "type": "get_attr",
                "value": "master_password"
              }
            ],
            [
              {
                "type": "get_attr",
                "value": "master_password_wo"
              }
            ]
          ],
          "identity_schema_version": 0,
          "private": "eyJlMmJmYjczMC1lY2FhLTExZTYtOGY4OC0zNDM2M2JjN2M0YzAiOnsiY3JlYXRlIjo3MjAwMDAwMDAwMDAwLCJkZWxldGUiOjcyMDAwMDAwMDAwMDAsInVwZGF0ZSI6NzIwMDAwMDAwMDAwMH0sInNjaGVtYV92ZXJzaW9uIjoiMSJ9",
          "dependencies": [
            "aws_db_subnet_group.aurora_subnet_group",
            "data.aws_subnets.private_subnets",
            "data.aws_vpc.main",
            "module.aurora_db.aws_cloudwatch_log_group.this",
            "module.aurora_db.aws_db_subnet_group.this",
            "module.aurora_db.aws_iam_role.rds_enhanced_monitoring",
            "module.aurora_db.aws_rds_cluster_parameter_group.this",
            "module.aurora_db.aws_security_group.this",
            "module.aurora_db.data.aws_iam_policy_document.monitoring_rds_assume_role",
            "module.aurora_db.data.aws_service_principal.monitoring_rds",
            "random_password.aurora_password_main"
          ],
          "create_before_destroy": true
        }
      ]
    },
    {
      "module": "module.aurora_db",
      "mode": "managed",
      "type": "aws_rds_cluster_instance",
      "name": "this",
      "provider": "provider[\"registry.terraform.io/hashicorp/aws\"]",
      "instances": [
        {
          "index_key": "1",
          "schema_version": 0,
          "attributes": {
            "apply_immediately": null,
            "arn": "arn:aws:rds:us-east-1:376337229415:db:litellm-aurora-postgresql-1",
            "auto_minor_version_upgrade": true,
            "availability_zone": "us-east-1a",
            "ca_cert_identifier": "rds-ca-rsa2048-g1",
            "cluster_identifier": "litellm-aurora-postgresql",
            "copy_tags_to_snapshot": true,
            "custom_iam_instance_profile": "",
            "db_parameter_group_name": "default.aurora-postgresql17",
            "db_subnet_group_name": "aurora-subnet-group",
            "dbi_resource_id": "db-3R2NC2F2JB7D277VPOFB4VDN6M",
            "endpoint": "litellm-aurora-postgresql-1.cg9we74vymgv.us-east-1.rds.amazonaws.com",
            "engine": "aurora-postgresql",
            "engine_version": "17.4",
            "engine_version_actual": "17.4",
            "force_destroy": false,
            "id": "litellm-aurora-postgresql-1",
            "identifier": "litellm-aurora-postgresql-1",
            "identifier_prefix": "",
            "instance_class": "db.serverless",
            "kms_key_id": "arn:aws:kms:us-east-1:376337229415:key/5223acae-e74d-4944-90b3-d43e984c69d3",
            "monitoring_interval": 60,
            "monitoring_role_arn": "arn:aws:iam::376337229415:role/litellm-aurora-postgresql-monitor",
            "network_type": "IPV4",
            "performance_insights_enabled": true,
            "performance_insights_kms_key_id": "arn:aws:kms:us-east-1:376337229415:key/5223acae-e74d-4944-90b3-d43e984c69d3",
            "performance_insights_retention_period": 7,
            "port": 5432,
            "preferred_backup_window": "03:59-04:29",
            "preferred_maintenance_window": "sun:05:00-sun:09:00",
            "promotion_tier": 0,
            "publicly_accessible": false,
            "region": "us-east-1",
            "storage_encrypted": true,
            "tags": {
              "Environment": "dev",
              "Project": "litellm-demo"
            },
            "tags_all": {
              "Environment": "dev",
              "Project": "litellm-demo"
            },
            "timeouts": null,
            "writer": true
          },
          "sensitive_attributes": [],
          "identity_schema_version": 0,
          "private": "eyJlMmJmYjczMC1lY2FhLTExZTYtOGY4OC0zNDM2M2JjN2M0YzAiOnsiY3JlYXRlIjo1NDAwMDAwMDAwMDAwLCJkZWxldGUiOjU0MDAwMDAwMDAwMDAsInVwZGF0ZSI6NTQwMDAwMDAwMDAwMH19",
          "dependencies": [
            "aws_db_subnet_group.aurora_subnet_group",
            "data.aws_subnets.private_subnets",
            "data.aws_vpc.main",
            "module.aurora_db.aws_cloudwatch_log_group.this",
            "module.aurora_db.aws_db_parameter_group.this",
            "module.aurora_db.aws_db_subnet_group.this",
            "module.aurora_db.aws_iam_role.rds_enhanced_monitoring",
            "module.aurora_db.aws_rds_cluster.this",
            "module.aurora_db.aws_rds_cluster_parameter_group.this",
            "module.aurora_db.aws_security_group.this",
            "module.aurora_db.data.aws_iam_policy_document.monitoring_rds_assume_role",
            "module.aurora_db.data.aws_service_principal.monitoring_rds",
            "random_password.aurora_password_main"
          ],
          "create_before_destroy": true
        }
      ]
    },
    {
      "module": "module.aurora_db",
      "mode": "managed",
      "type": "aws_security_group",
      "name": "this",
      "provider": "provider[\"registry.terraform.io/hashicorp/aws\"]",
      "instances": [
        {
          "index_key": 0,
          "schema_version": 1,
          "attributes": {
            "arn": "arn:aws:ec2:us-east-1:376337229415:security-group/sg-06c09c94dd6d88209",
            "description": "Control traffic to/from RDS Aurora litellm-aurora-postgresql",
            "egress": [],
            "id": "sg-06c09c94dd6d88209",
            "ingress": [
              {
                "cidr_blocks": [
                  "10.0.0.0/8"
                ],
                "description": "",
                "from_port": 5432,
                "ipv6_cidr_blocks": [],
                "prefix_list_ids": [],
                "protocol": "tcp",
                "security_groups": [],
                "self": false,
                "to_port": 5432
              }
            ],
            "name": "litellm-aurora-postgresql-20260106034038728500000003",
            "name_prefix": "litellm-aurora-postgresql-",
            "owner_id": "376337229415",
            "region": "us-east-1",
            "revoke_rules_on_delete": false,
            "tags": {
              "Environment": "dev",
              "Name": "litellm-aurora-postgresql",
              "Project": "litellm-demo"
            },
            "tags_all": {
              "Environment": "dev",
              "Name": "litellm-aurora-postgresql",
              "Project": "litellm-demo"
            },
            "timeouts": null,
            "vpc_id": "vpc-05c7628a7a70e7e0f"
          },
          "sensitive_attributes": [],
          "identity_schema_version": 0,
          "identity": {
            "account_id": "376337229415",
            "id": "sg-06c09c94dd6d88209",
            "region": "us-east-1"
          },
          "private": "eyJlMmJmYjczMC1lY2FhLTExZTYtOGY4OC0zNDM2M2JjN2M0YzAiOnsiY3JlYXRlIjo2MDAwMDAwMDAwMDAsImRlbGV0ZSI6OTAwMDAwMDAwMDAwfSwic2NoZW1hX3ZlcnNpb24iOiIxIn0=",
          "dependencies": [
            "data.aws_vpc.main"
          ],
          "create_before_destroy": true
        }
      ]
    },
    {
      "module": "module.ecs_litellm",
      "mode": "managed",
      "type": "aws_ecs_cluster",
      "name": "this",
      "provider": "provider[\"registry.terraform.io/hashicorp/aws\"]",
      "instances": [
        {
          "schema_version": 0,
          "attributes": {
            "arn": "arn:aws:ecs:us-east-1:376337229415:cluster/litellm-cluster",
            "configuration": [
              {
                "execute_command_configuration": [
                  {
                    "kms_key_id": "",
                    "log_configuration": [],
                    "logging": "DEFAULT"
                  }
                ],
                "managed_storage_configuration": []
              }
            ],
            "id": "arn:aws:ecs:us-east-1:376337229415:cluster/litellm-cluster",
            "name": "litellm-cluster",
            "region": "us-east-1",
            "service_connect_defaults": [],
            "setting": [
              {
                "name": "containerInsights",
                "value": "enabled"
              }
            ],
            "tags": {
              "Name": "litellm-cluster"
            },
            "tags_all": {
              "Name": "litellm-cluster"
            }
          },
          "sensitive_attributes": [],
          "identity_schema_version": 0,
          "private": "bnVsbA=="
        }
      ]
    },
    {
      "module": "module.ecs_litellm",
      "mode": "managed",
      "type": "aws_ecs_service",
      "name": "ecs_service",
      "provider": "provider[\"registry.terraform.io/hashicorp/aws\"]",
      "instances": [
        {
          "index_key": 0,
          "schema_version": 1,
          "attributes": {
            "alarms": [],
            "arn": "arn:aws:ecs:us-east-1:376337229415:service/litellm-cluster/litellm-service",
            "availability_zone_rebalancing": "ENABLED",
            "capacity_provider_strategy": [],
            "cluster": "arn:aws:ecs:us-east-1:376337229415:cluster/litellm-cluster",
            "deployment_circuit_breaker": [
              {
                "enable": true,
                "rollback": true
              }
            ],
            "deployment_configuration": [
              {
                "bake_time_in_minutes": "0",
                "canary_configuration": [],
                "lifecycle_hook": [],
                "linear_configuration": [],
                "strategy": "ROLLING"
              }
            ],
            "deployment_controller": [
              {
                "type": "ECS"
              }
            ],
            "deployment_maximum_percent": 200,
            "deployment_minimum_healthy_percent": 100,
            "desired_count": 1,
            "enable_ecs_managed_tags": false,
            "enable_execute_command": false,
            "force_delete": null,
            "force_new_deployment": false,
            "health_check_grace_period_seconds": 0,
            "iam_role": "/aws-service-role/ecs.amazonaws.com/AWSServiceRoleForECS",
            "id": "arn:aws:ecs:us-east-1:376337229415:service/litellm-cluster/litellm-service",
            "launch_type": "FARGATE",
            "load_balancer": [
              {
                "advanced_configuration": [],
                "container_name": "litellm-container",
                "container_port": 4000,
                "elb_name": "",
                "target_group_arn": "arn:aws:elasticloadbalancing:us-east-1:376337229415:targetgroup/litellm-target-group/9c3d8c8066197273"
              }
            ],
            "name": "litellm-service",
            "network_configuration": [
              {
                "assign_public_ip": true,
                "security_groups": [
                  "sg-048d64314bdae5e24"
                ],
                "subnets": [
                  "subnet-0b84a76c5e30c472a",
                  "subnet-0d52c6f2a1e754f4e"
                ]
              }
            ],
            "ordered_placement_strategy": [],
            "placement_constraints": [],
            "platform_version": "LATEST",
            "propagate_tags": "NONE",
            "region": "us-east-1",
            "scheduling_strategy": "REPLICA",
            "service_connect_configuration": [],
            "service_registries": [],
            "sigint_rollback": null,
            "tags": {},
            "tags_all": {},
            "task_definition": "arn:aws:ecs:us-east-1:376337229415:task-definition/litellm-service:2",
            "timeouts": null,
            "triggers": {},
            "volume_configuration": [],
            "vpc_lattice_configurations": [],
            "wait_for_steady_state": false
          },
          "sensitive_attributes": [],
          "identity_schema_version": 0,
          "private": "eyJlMmJmYjczMC1lY2FhLTExZTYtOGY4OC0zNDM2M2JjN2M0YzAiOnsiY3JlYXRlIjoxMjAwMDAwMDAwMDAwLCJkZWxldGUiOjEyMDAwMDAwMDAwMDAsInVwZGF0ZSI6MTIwMDAwMDAwMDAwMH0sInNjaGVtYV92ZXJzaW9uIjoiMSJ9",
          "dependencies": [
            "aws_bedrock_guardrail.content_filter",
            "aws_bedrock_guardrail_version.content_filter",
            "aws_db_subnet_group.aurora_subnet_group",
            "aws_kms_key.valkey_kms",
            "aws_secretsmanager_secret.litellm_aurora_secret",
            "aws_secretsmanager_secret.litellm_secrets",
            "data.aws_region.current",
            "data.aws_security_group.workload_security_group",
            "data.aws_subnets.private_subnets",
            "data.aws_vpc.main",
            "module.aurora_db.aws_cloudwatch_log_group.this",
            "module.aurora_db.aws_db_subnet_group.this",
            "module.aurora_db.aws_iam_role.rds_enhanced_monitoring",
            "module.aurora_db.aws_rds_cluster.this",
            "module.aurora_db.aws_rds_cluster_parameter_group.this",
            "module.aurora_db.aws_security_group.this",
            "module.aurora_db.data.aws_iam_policy_document.monitoring_rds_assume_role",
            "module.aurora_db.data.aws_service_principal.monitoring_rds",
            "module.ecs_litellm.aws_ecs_cluster.this",
            "module.ecs_litellm.aws_ecs_task_definition.ecs_task_definition",
            "module.ecs_litellm.aws_iam_role.ecs_execution_role",
            "module.ecs_litellm.aws_iam_role.ecs_task_role",
            "module.elasticache.aws_cloudwatch_log_group.this",
            "module.elasticache.aws_elasticache_parameter_group.this",
            "module.elasticache.aws_elasticache_replication_group.global",
            "module.elasticache.aws_elasticache_replication_group.this",
            "module.elasticache.aws_elasticache_subnet_group.this",
            "module.elasticache.aws_security_group.this",
            "module.elasticache.random_id.this",
            "module.load_balancer_litellm.aws_lb_target_group.ip",
            "random_password.aurora_password_main",
            "random_password.redis_password_main"
          ]
        }
      ]
    },
    {
      "module": "module.ecs_litellm",
      "mode": "managed",
      "type": "aws_ecs_task_definition",
      "name": "ecs_task_definition",
      "provider": "provider[\"registry.terraform.io/hashicorp/aws\"]",
      "instances": [
        {
          "index_key": 0,
          "schema_version": 1,
          "attributes": {
            "arn": "arn:aws:ecs:us-east-1:376337229415:task-definition/litellm-service:2",
            "arn_without_revision": "arn:aws:ecs:us-east-1:376337229415:task-definition/litellm-service",
            "container_definitions": "[{\"environment\":[{\"name\":\"AWS_REGION\",\"value\":\"us-east-1\"},{\"name\":\"BEDROCK_GUARDRAIL_ID\",\"value\":\"ydj1l5blfas4\"},{\"name\":\"BEDROCK_GUARDRAIL_VERSION\",\"value\":\"1\"},{\"name\":\"DATABASE_HOST\",\"value\":\"litellm-aurora-postgresql.cluster-cg9we74vymgv.us-east-1.rds.amazonaws.com\"},{\"name\":\"DATABASE_PORT\",\"value\":\"5432\"},{\"name\":\"DATABASE_USERNAME\",\"value\":\"postgres\"},{\"name\":\"LITELLM_LOG\",\"value\":\"DEBUG\"},{\"name\":\"PHOENIX_API_KEY\",\"value\":\"\"},{\"name\":\"PHOENIX_PROJECT_NAME\",\"value\":\"litellm-demo\"},{\"name\":\"REDIS_HOST\",\"value\":\"master.litellm-valkey.mus2ay.use1.cache.amazonaws.com\"},{\"name\":\"REDIS_PASSWORD\",\"value\":\"m2UjnYV66RUUDWLEFb\"},{\"name\":\"REDIS_PORT\",\"value\":\"6379\"},{\"name\":\"REDIS_SSL\",\"value\":\"True\"}],\"essential\":true,\"image\":\"376337229415.dkr.ecr.us-east-1.amazonaws.com/litellm-base:latest\",\"logConfiguration\":{\"logDriver\":\"awslogs\",\"options\":{\"awslogs-region\":\"us-east-1\",\"awslogs-stream-prefix\":\"ecs\",\"awslogs-group\":\"demo-litellm\",\"mode\":\"non-blocking\",\"awslogs-create-group\":\"true\"}},\"mountPoints\":[],\"name\":\"litellm-container\",\"portMappings\":[{\"appProtocol\":\"http\",\"containerPort\":4000,\"hostPort\":4000,\"protocol\":\"tcp\"}],\"secrets\":[{\"name\":\"DATABASE_URL\",\"valueFrom\":\"arn:aws:secretsmanager:us-east-1:376337229415:secret:litellm-aurora-secret-icCXcu:DATABASE_URL::\"},{\"name\":\"LITELLM_MASTER_KEY\",\"valueFrom\":\"arn:aws:secretsmanager:us-east-1:376337229415:secret:litellm-secrets-962fFs:LITELLM_MASTER_KEY::\"},{\"name\":\"LITELLM_SALT_KEY\",\"valueFrom\":\"arn:aws:secretsmanager:us-east-1:376337229415:secret:litellm-secrets-962fFs:LITELLM_SALT_KEY::\"},{\"name\":\"UI_PASSWORD\",\"valueFrom\":\"arn:aws:secretsmanager:us-east-1:376337229415:secret:litellm-secrets-962fFs:LITELLM_MASTER_KEY::\"}],\"systemControls\":[],\"volumesFrom\":[]}]",
            "cpu": "1024",
            "enable_fault_injection": false,
            "ephemeral_storage": [
              {
                "size_in_gib": 21
              }
            ],
            "execution_role_arn": "arn:aws:iam::376337229415:role/LitellmTaskExecutionRole",
            "family": "litellm-service",
            "id": "litellm-service",
            "ipc_mode": "",
            "memory": "4096",
            "network_mode": "awsvpc",
            "pid_mode": "",
            "placement_constraints": [],
            "proxy_configuration": [],
            "region": "us-east-1",
            "requires_compatibilities": [
              "FARGATE"
            ],
            "revision": 2,
            "runtime_platform": [
              {
                "cpu_architecture": "X86_64",
                "operating_system_family": "LINUX"
              }
            ],
            "skip_destroy": false,
            "tags": {},
            "tags_all": {},
            "task_role_arn": "arn:aws:iam::376337229415:role/LitellmTaskRole",
            "track_latest": false,
            "volume": []
          },
          "sensitive_attributes": [
            [
              {
                "type": "get_attr",
                "value": "container_definitions"
              }
            ]
          ],
          "identity_schema_version": 0,
          "private": "eyJzY2hlbWFfdmVyc2lvbiI6IjEifQ==",
          "dependencies": [
            "aws_bedrock_guardrail.content_filter",
            "aws_bedrock_guardrail_version.content_filter",
            "aws_db_subnet_group.aurora_subnet_group",
            "aws_kms_key.valkey_kms",
            "aws_secretsmanager_secret.litellm_aurora_secret",
            "aws_secretsmanager_secret.litellm_secrets",
            "data.aws_region.current",
            "data.aws_subnets.private_subnets",
            "data.aws_vpc.main",
            "module.aurora_db.aws_cloudwatch_log_group.this",
            "module.aurora_db.aws_db_subnet_group.this",
            "module.aurora_db.aws_iam_role.rds_enhanced_monitoring",
            "module.aurora_db.aws_rds_cluster.this",
            "module.aurora_db.aws_rds_cluster_parameter_group.this",
            "module.aurora_db.aws_security_group.this",
            "module.aurora_db.data.aws_iam_policy_document.monitoring_rds_assume_role",
            "module.aurora_db.data.aws_service_principal.monitoring_rds",
            "module.ecs_litellm.aws_iam_role.ecs_execution_role",
            "module.ecs_litellm.aws_iam_role.ecs_task_role",
            "module.elasticache.aws_cloudwatch_log_group.this",
            "module.elasticache.aws_elasticache_parameter_group.this",
            "module.elasticache.aws_elasticache_replication_group.global",
            "module.elasticache.aws_elasticache_replication_group.this",
            "module.elasticache.aws_elasticache_subnet_group.this",
            "module.elasticache.aws_security_group.this",
            "module.elasticache.random_id.this",
            "random_password.aurora_password_main",
            "random_password.redis_password_main"
          ]
        }
      ]
    },
    {
      "module": "module.ecs_litellm",
      "mode": "managed",
      "type": "aws_iam_role",
      "name": "ecs_execution_role",
      "provider": "provider[\"registry.terraform.io/hashicorp/aws\"]",
      "instances": [
        {
          "schema_version": 0,
          "attributes": {
            "arn": "arn:aws:iam::376337229415:role/LitellmTaskExecutionRole",
            "assume_role_policy": "{\"Statement\":[{\"Action\":\"sts:AssumeRole\",\"Effect\":\"Allow\",\"Principal\":{\"Service\":\"ecs-tasks.amazonaws.com\"}}],\"Version\":\"2012-10-17\"}",
            "create_date": "2026-01-06T03:40:37Z",
            "description": "Allows ECS tasks to call AWS services on your behalf.",
            "force_detach_policies": false,
            "id": "LitellmTaskExecutionRole",
            "inline_policy": [
              {
                "name": "ecs-execution-ecr-logs-policy",
                "policy": "{\"Version\":\"2012-10-17\",\"Statement\":[{\"Action\":[\"ecr:GetAuthorizationToken\",\"ecr:BatchCheckLayerAvailability\",\"ecr:GetDownloadUrlForLayer\",\"ecr:BatchGetImage\",\"logs:CreateLogStream\",\"logs:PutLogEvents\",\"logs:DescribeLogStreams\",\"logs:DescribeLogGroups\",\"logs:CreateLogGroup\"],\"Effect\":\"Allow\",\"Resource\":\"*\"}]}"
              }
            ],
            "managed_policy_arns": [],
            "max_session_duration": 3600,
            "name": "LitellmTaskExecutionRole",
            "name_prefix": "",
            "path": "/",
            "permissions_boundary": "",
            "tags": {},
            "tags_all": {},
            "unique_id": "AROAVPH3SMZTUUBEKWCKL"
          },
          "sensitive_attributes": [],
          "identity_schema_version": 0,
          "identity": {
            "account_id": "376337229415",
            "name": "LitellmTaskExecutionRole"
          },
          "private": "bnVsbA=="
        }
      ]
    },
    {
      "module": "module.ecs_litellm",
      "mode": "managed",
      "type": "aws_iam_role",
      "name": "ecs_task_role",
      "provider": "provider[\"registry.terraform.io/hashicorp/aws\"]",
      "instances": [
        {
          "schema_version": 0,
          "attributes": {
            "arn": "arn:aws:iam::376337229415:role/LitellmTaskRole",
            "assume_role_policy": "{\"Statement\":[{\"Action\":\"sts:AssumeRole\",\"Effect\":\"Allow\",\"Principal\":{\"Service\":\"ecs-tasks.amazonaws.com\"}}],\"Version\":\"2012-10-17\"}",
            "create_date": "2026-01-06T03:40:37Z",
            "description": "Allows ECS tasks to call AWS services on your behalf.",
            "force_detach_policies": false,
            "id": "LitellmTaskRole",
            "inline_policy": [
              {
                "name": "kms_policy",
                "policy": "{\"Version\":\"2012-10-17\",\"Statement\":[{\"Action\":[\"kms:*\"],\"Effect\":\"Allow\",\"Resource\":\"*\"}]}"
              }
            ],
            "managed_policy_arns": [
              "arn:aws:iam::aws:policy/AmazonS3FullAccess",
              "arn:aws:iam::aws:policy/SecretsManagerReadWrite",
              "arn:aws:iam::aws:policy/service-role/AmazonEC2ContainerServiceforEC2Role"
            ],
            "max_session_duration": 3600,
            "name": "LitellmTaskRole",
            "name_prefix": "",
            "path": "/",
            "permissions_boundary": "",
            "tags": {},
            "tags_all": {},
            "unique_id": "AROAVPH3SMZT5NFYZ2WIB"
          },
          "sensitive_attributes": [],
          "identity_schema_version": 0,
          "identity": {
            "account_id": "376337229415",
            "name": "LitellmTaskRole"
          },
          "private": "bnVsbA=="
        }
      ]
    },
    {
      "module": "module.elasticache",
      "mode": "managed",
      "type": "aws_cloudwatch_log_group",
      "name": "this",
      "provider": "provider[\"registry.terraform.io/hashicorp/aws\"]",
      "instances": [
        {
          "index_key": "slow-log",
          "schema_version": 0,
          "attributes": {
            "arn": "arn:aws:logs:us-east-1:376337229415:log-group:/aws/elasticache/litellm-valkey",
            "deletion_protection_enabled": false,
            "id": "/aws/elasticache/litellm-valkey",
            "kms_key_id": "",
            "log_group_class": "STANDARD",
            "name": "/aws/elasticache/litellm-valkey",
            "name_prefix": "",
            "region": "us-east-1",
            "retention_in_days": 14,
            "skip_destroy": false,
            "tags": {
              "Environment": "dev",
              "Project": "litellm-demo",
              "terraform-aws-modules": "elasticache"
            },
            "tags_all": {
              "Environment": "dev",
              "Project": "litellm-demo",
              "terraform-aws-modules": "elasticache"
            }
          },
          "sensitive_attributes": [],
          "identity_schema_version": 0,
          "identity": {
            "account_id": "376337229415",
            "name": "/aws/elasticache/litellm-valkey",
            "region": "us-east-1"
          },
          "private": "bnVsbA=="
        }
      ]
    },
    {
      "module": "module.elasticache",
      "mode": "managed",
      "type": "aws_elasticache_parameter_group",
      "name": "this",
      "provider": "provider[\"registry.terraform.io/hashicorp/aws\"]",
      "instances": [
        {
          "index_key": 0,
          "schema_version": 0,
          "attributes": {
            "arn": "arn:aws:elasticache:us-east-1:376337229415:parametergroup:litellm-valkey-valkey7-12b59c53bc2426ff",
            "description": "Valkey replication group parameter group for dev",
            "family": "valkey7",
            "id": "litellm-valkey-valkey7-12b59c53bc2426ff",
            "name": "litellm-valkey-valkey7-12b59c53bc2426ff",
            "parameter": [
              {
                "name": "maxmemory-policy",
                "value": "volatile-lru"
              }
            ],
            "region": "us-east-1",
            "tags": {
              "Environment": "dev",
              "Project": "litellm-demo",
              "terraform-aws-modules": "elasticache"
            },
            "tags_all": {
              "Environment": "dev",
              "Project": "litellm-demo",
              "terraform-aws-modules": "elasticache"
            }
          },
          "sensitive_attributes": [],
          "identity_schema_version": 0,
          "private": "bnVsbA==",
          "dependencies": [
            "module.elasticache.random_id.this"
          ],
          "create_before_destroy": true
        }
      ]
    },
    {
      "module": "module.elasticache",
      "mode": "managed",
      "type": "aws_elasticache_replication_group",
      "name": "this",
      "provider": "provider[\"registry.terraform.io/hashicorp/aws\"]",
      "instances": [
        {
          "index_key": 0,
          "schema_version": 3,
          "attributes": {
            "apply_immediately": false,
            "arn": "arn:aws:elasticache:us-east-1:376337229415:replicationgroup:litellm-valkey",
            "at_rest_encryption_enabled": "true",
            "auth_token": "m2UjnYV66RUUDWLEFb",
            "auth_token_update_strategy": null,
            "auto_minor_version_upgrade": "true",
            "automatic_failover_enabled": true,
            "cluster_enabled": false,
            "cluster_mode": "disabled",
            "configuration_endpoint_address": null,
            "data_tiering_enabled": false,
            "description": "Replication group",
            "engine": "valkey",
            "engine_version": "7.2",
            "engine_version_actual": "7.2.6",
            "final_snapshot_identifier": null,
            "global_replication_group_id": null,
            "id": "litellm-valkey",
            "ip_discovery": "ipv4",
            "kms_key_id": "arn:aws:kms:us-east-1:376337229415:key/0065591b-c462-4027-b57c-77e517342f6a",
            "log_delivery_configuration": [
              {
                "destination": "/aws/elasticache/litellm-valkey",
                "destination_type": "cloudwatch-logs",
                "log_format": "json",
                "log_type": "slow-log"
              }
            ],
            "maintenance_window": "sun:05:00-sun:09:00",
            "member_clusters": [
              "litellm-valkey-001",
              "litellm-valkey-002"
            ],
            "multi_az_enabled": true,
            "network_type": "ipv4",
            "node_group_configuration": [
              {
                "node_group_id": "0001",
                "primary_availability_zone": "us-east-1a",
                "primary_outpost_arn": "",
                "replica_availability_zones": [
                  "us-east-1b"
                ],
                "replica_count": 1,
                "replica_outpost_arns": [],
                "slots": ""
              }
            ],
            "node_type": "cache.t4g.small",
            "notification_topic_arn": null,
            "num_cache_clusters": 2,
            "num_node_groups": 1,
            "parameter_group_name": "litellm-valkey-valkey7-12b59c53bc2426ff",
            "port": 6379,
            "preferred_cache_cluster_azs": [],
            "primary_endpoint_address": "master.litellm-valkey.mus2ay.use1.cache.amazonaws.com",
            "reader_endpoint_address": "replica.litellm-valkey.mus2ay.use1.cache.amazonaws.com",
            "region": "us-east-1",
            "replicas_per_node_group": 1,
            "replication_group_id": "litellm-valkey",
            "security_group_ids": [
              "sg-0a2e1d2c3ff18cf37"
            ],
            "security_group_names": [],
            "snapshot_arns": null,
            "snapshot_name": null,
            "snapshot_retention_limit": 0,
            "snapshot_window": "09:30-10:30",
            "subnet_group_name": "litellm-valkey",
            "tags": {
              "Environment": "dev",
              "Project": "litellm-demo",
              "terraform-aws-modules": "elasticache"
            },
            "tags_all": {
              "Environment": "dev",
              "Project": "litellm-demo",
              "terraform-aws-modules": "elasticache"
            },
            "timeouts": null,
            "transit_encryption_enabled": true,
            "transit_encryption_mode": "required",
            "user_group_ids": []
          },
          "sensitive_attributes": [
            [
              {
                "type": "get_attr",
                "value": "auth_token"
              }
            ]
          ],
          "identity_schema_version": 0,
          "private": "eyJlMmJmYjczMC1lY2FhLTExZTYtOGY4OC0zNDM2M2JjN2M0YzAiOnsiY3JlYXRlIjozNjAwMDAwMDAwMDAwLCJkZWxldGUiOjI3MDAwMDAwMDAwMDAsInVwZGF0ZSI6MjQwMDAwMDAwMDAwMH0sInNjaGVtYV92ZXJzaW9uIjoiMyJ9",
          "dependencies": [
            "aws_kms_key.valkey_kms",
            "data.aws_subnets.private_subnets",
            "data.aws_vpc.main",
            "module.elasticache.aws_cloudwatch_log_group.this",
            "module.elasticache.aws_elasticache_parameter_group.this",
            "module.elasticache.aws_elasticache_subnet_group.this",
            "module.elasticache.aws_security_group.this",
            "module.elasticache.random_id.this",
            "random_password.redis_password_main"
          ]
        }
      ]
    },
    {
      "module": "module.elasticache",
      "mode": "managed",
      "type": "aws_elasticache_subnet_group",
      "name": "this",
      "provider": "provider[\"registry.terraform.io/hashicorp/aws\"]",
      "instances": [
        {
          "index_key": 0,
          "schema_version": 0,
          "attributes": {
            "arn": "arn:aws:elasticache:us-east-1:376337229415:subnetgroup:litellm-valkey",
            "description": "Valkey replication group subnet group for dev",
            "id": "litellm-valkey",
            "name": "litellm-valkey",
            "region": "us-east-1",
            "subnet_ids": [
              "subnet-0b84a76c5e30c472a",
              "subnet-0d52c6f2a1e754f4e"
            ],
            "tags": {
              "Environment": "dev",
              "Project": "litellm-demo",
              "terraform-aws-modules": "elasticache"
            },
            "tags_all": {
              "Environment": "dev",
              "Project": "litellm-demo",
              "terraform-aws-modules": "elasticache"
            },
            "vpc_id": "vpc-05c7628a7a70e7e0f"
          },
          "sensitive_attributes": [],
          "identity_schema_version": 0,
          "private": "bnVsbA==",
          "dependencies": [
            "data.aws_subnets.private_subnets",
            "data.aws_vpc.main"
          ],
          "create_before_destroy": true
        }
      ]
    },
    {
      "module": "module.elasticache",
      "mode": "managed",
      "type": "aws_security_group",
      "name": "this",
      "provider": "provider[\"registry.terraform.io/hashicorp/aws\"]",
      "instances": [
        {
          "index_key": 0,
          "schema_version": 1,
          "attributes": {
            "arn": "arn:aws:ec2:us-east-1:376337229415:security-group/sg-0a2e1d2c3ff18cf37",
            "description": "Managed by Terraform",
            "egress": [],
            "id": "sg-0a2e1d2c3ff18cf37",
            "ingress": [
              {
                "cidr_blocks": [
                  "10.0.0.0/8"
                ],
                "description": "VPC traffic",
                "from_port": 6379,
                "ipv6_cidr_blocks": [],
                "prefix_list_ids": [],
                "protocol": "tcp",
                "security_groups": [],
                "self": false,
                "to_port": 6379
              }
            ],
            "name": "litellm-valkey-20260106034037815200000001",
            "name_prefix": "litellm-valkey-",
            "owner_id": "376337229415",
            "region": "us-east-1",
            "revoke_rules_on_delete": false,
            "tags": {
              "Environment": "dev",
              "Project": "litellm-demo",
              "terraform-aws-modules": "elasticache"
            },
            "tags_all": {
              "Environment": "dev",
              "Project": "litellm-demo",
              "terraform-aws-modules": "elasticache"
            },
            "timeouts": null,
            "vpc_id": "vpc-05c7628a7a70e7e0f"
          },
          "sensitive_attributes": [],
          "identity_schema_version": 0,
          "identity": {
            "account_id": "376337229415",
            "id": "sg-0a2e1d2c3ff18cf37",
            "region": "us-east-1"
          },
          "private": "eyJlMmJmYjczMC1lY2FhLTExZTYtOGY4OC0zNDM2M2JjN2M0YzAiOnsiY3JlYXRlIjo2MDAwMDAwMDAwMDAsImRlbGV0ZSI6OTAwMDAwMDAwMDAwfSwic2NoZW1hX3ZlcnNpb24iOiIxIn0=",
          "dependencies": [
            "data.aws_vpc.main"
          ],
          "create_before_destroy": true
        }
      ]
    },
    {
      "module": "module.elasticache",
      "mode": "managed",
      "type": "random_id",
      "name": "this",
      "provider": "provider[\"registry.terraform.io/hashicorp/random\"]",
      "instances": [
        {
          "index_key": 0,
          "schema_version": 0,
          "attributes": {
            "b64_std": "ErWcU7wkJv8=",
            "b64_url": "ErWcU7wkJv8",
            "byte_length": 8,
            "dec": "1348155546920036095",
            "hex": "12b59c53bc2426ff",
            "id": "ErWcU7wkJv8",
            "keepers": null,
            "prefix": null
          },
          "sensitive_attributes": [],
          "identity_schema_version": 0,
          "create_before_destroy": true
        }
      ]
    },
    {
      "module": "module.load_balancer_litellm",
      "mode": "managed",
      "type": "aws_lb_target_group",
      "name": "ip",
      "provider": "provider[\"registry.terraform.io/hashicorp/aws\"]",
      "instances": [
        {
          "schema_version": 0,
          "attributes": {
            "arn": "arn:aws:elasticloadbalancing:us-east-1:376337229415:targetgroup/litellm-target-group/9c3d8c8066197273",
            "arn_suffix": "targetgroup/litellm-target-group/9c3d8c8066197273",
            "connection_termination": null,
            "deregistration_delay": "300",
            "health_check": [
              {
                "enabled": true,
                "healthy_threshold": 3,
                "interval": 30,
                "matcher": "200,403",
                "path": "/health/liveliness",
                "port": "traffic-port",
                "protocol": "HTTP",
                "timeout": 5,
                "unhealthy_threshold": 3
              }
            ],
            "id": "arn:aws:elasticloadbalancing:us-east-1:376337229415:targetgroup/litellm-target-group/9c3d8c8066197273",
            "ip_address_type": "ipv4",
            "lambda_multi_value_headers_enabled": false,
            "load_balancer_arns": [
              "arn:aws:elasticloadbalancing:us-east-1:376337229415:loadbalancer/app/litellm/53b7fd6e9abf1fbe"
            ],
            "load_balancing_algorithm_type": "round_robin",
            "load_balancing_anomaly_mitigation": "off",
            "load_balancing_cross_zone_enabled": "use_load_balancer_configuration",
            "name": "litellm-target-group",
            "name_prefix": "",
            "port": 4000,
            "preserve_client_ip": null,
            "protocol": "HTTP",
            "protocol_version": "HTTP1",
            "proxy_protocol_v2": false,
            "region": "us-east-1",
            "slow_start": 0,
            "stickiness": [
              {
                "cookie_duration": 86400,
                "cookie_name": "",
                "enabled": false,
                "type": "lb_cookie"
              }
            ],
            "tags": {},
            "tags_all": {},
            "target_control_port": 0,
            "target_failover": [
              {
                "on_deregistration": null,
                "on_unhealthy": null
              }
            ],
            "target_group_health": [
              {
                "dns_failover": [
                  {
                    "minimum_healthy_targets_count": "1",
                    "minimum_healthy_targets_percentage": "off"
                  }
                ],
                "unhealthy_state_routing": [
                  {
                    "minimum_healthy_targets_count": 1,
                    "minimum_healthy_targets_percentage": "off"
                  }
                ]
              }
            ],
            "target_health_state": [
              {
                "enable_unhealthy_connection_termination": null,
                "unhealthy_draining_interval": null
              }
            ],
            "target_type": "ip",
            "vpc_id": "vpc-05c7628a7a70e7e0f"
          },
          "sensitive_attributes": [],
          "identity_schema_version": 0,
          "identity": {
            "arn": "arn:aws:elasticloadbalancing:us-east-1:376337229415:targetgroup/litellm-target-group/9c3d8c8066197273"
          },
          "private": "bnVsbA==",
          "dependencies": [
            "data.aws_vpc.main"
          ],
          "create_before_destroy": true
        }
      ]
    },
    {
      "module": "module.load_balancer_litellm.module.load_balancer",
      "mode": "managed",
      "type": "aws_lb",
      "name": "internal",
      "provider": "provider[\"registry.terraform.io/hashicorp/aws\"]",
      "instances": [
        {
          "schema_version": 0,
          "attributes": {
            "access_logs": [
              {
                "bucket": "",
                "enabled": false,
                "prefix": ""
              }
            ],
            "arn": "arn:aws:elasticloadbalancing:us-east-1:376337229415:loadbalancer/app/litellm/53b7fd6e9abf1fbe",
            "arn_suffix": "app/litellm/53b7fd6e9abf1fbe",
            "client_keep_alive": 3600,
            "connection_logs": [
              {
                "bucket": "",
                "enabled": false,
                "prefix": ""
              }
            ],
            "customer_owned_ipv4_pool": "",
            "desync_mitigation_mode": "defensive",
            "dns_name": "internal-litellm-1915701886.us-east-1.elb.amazonaws.com",
            "dns_record_client_routing_policy": null,
            "drop_invalid_header_fields": true,
            "enable_cross_zone_load_balancing": true,
            "enable_deletion_protection": false,
            "enable_http2": true,
            "enable_tls_version_and_cipher_suite_headers": false,
            "enable_waf_fail_open": false,
            "enable_xff_client_port": false,
            "enable_zonal_shift": false,
            "enforce_security_group_inbound_rules_on_private_link_traffic": "",
            "health_check_logs": [
              {
                "bucket": "",
                "enabled": false,
                "prefix": ""
              }
            ],
            "id": "arn:aws:elasticloadbalancing:us-east-1:376337229415:loadbalancer/app/litellm/53b7fd6e9abf1fbe",
            "idle_timeout": 90,
            "internal": true,
            "ip_address_type": "ipv4",
            "ipam_pools": [],
            "load_balancer_type": "application",
            "minimum_load_balancer_capacity": [],
            "name": "litellm",
            "name_prefix": "",
            "preserve_host_header": false,
            "region": "us-east-1",
            "secondary_ips_auto_assigned_per_subnet": null,
            "security_groups": [
              "sg-048d64314bdae5e24"
            ],
            "subnet_mapping": [
              {
                "allocation_id": "",
                "ipv6_address": "",
                "outpost_id": "",
                "private_ipv4_address": "",
                "subnet_id": "subnet-04fd3ba1aa9d56cb0"
              },
              {
                "allocation_id": "",
                "ipv6_address": "",
                "outpost_id": "",
                "private_ipv4_address": "",
                "subnet_id": "subnet-0e165015f85692b36"
              }
            ],
            "subnets": [
              "subnet-04fd3ba1aa9d56cb0",
              "subnet-0e165015f85692b36"
            ],
            "tags": {},
            "tags_all": {},
            "timeouts": null,
            "vpc_id": "vpc-05c7628a7a70e7e0f",
            "xff_header_processing_mode": "append",
            "zone_id": "Z35SXDOTRQ7X7K"
          },
          "sensitive_attributes": [],
          "identity_schema_version": 0,
          "identity": {
            "arn": "arn:aws:elasticloadbalancing:us-east-1:376337229415:loadbalancer/app/litellm/53b7fd6e9abf1fbe"
          },
          "private": "eyJlMmJmYjczMC1lY2FhLTExZTYtOGY4OC0zNDM2M2JjN2M0YzAiOnsiY3JlYXRlIjo2MDAwMDAwMDAwMDAsImRlbGV0ZSI6NjAwMDAwMDAwMDAwLCJ1cGRhdGUiOjYwMDAwMDAwMDAwMH19",
          "dependencies": [
            "data.aws_security_group.workload_security_group",
            "data.aws_subnets.public_subnets",
            "data.aws_vpc.main"
          ]
        }
      ]
    }
  ],
  "check_results": null
}
