{
  "version": 4,
  "terraform_version": "1.14.3",
  "serial": 17,
  "lineage": "3a94beab-ecdb-ee0e-28a6-0ec279dd3fb4",
  "outputs": {
    "neptune_endpoint": {
      "value": "cv-matcher-neptune-dev.cluster-cg9we74vymgv.us-east-1.neptune.amazonaws.com",
      "type": "string"
    },
    "neptune_port": {
      "value": 8182,
      "type": "number"
    },
    "neptune_reader_endpoint": {
      "value": "cv-matcher-neptune-dev.cluster-ro-cg9we74vymgv.us-east-1.neptune.amazonaws.com",
      "type": "string"
    },
    "opensearch_collection_arn": {
      "value": "arn:aws:aoss:us-east-1:376337229415:collection/tfmcaeijoapbgqt7edc7",
      "type": "string"
    },
    "opensearch_dashboard_endpoint": {
      "value": "https://tfmcaeijoapbgqt7edc7.us-east-1.aoss.amazonaws.com/_dashboards",
      "type": "string"
    },
    "opensearch_endpoint": {
      "value": "https://tfmcaeijoapbgqt7edc7.us-east-1.aoss.amazonaws.com",
      "type": "string"
    }
  },
  "resources": [
    {
      "mode": "data",
      "type": "aws_caller_identity",
      "name": "current",
      "provider": "provider[\"registry.terraform.io/hashicorp/aws\"]",
      "instances": [
        {
          "schema_version": 0,
          "attributes": {
            "account_id": "376337229415",
            "arn": "arn:aws:iam::376337229415:user/ryankarlos",
            "id": "376337229415",
            "user_id": "AIDAVPH3SMZTWPJBBVECF"
          },
          "sensitive_attributes": [],
          "identity_schema_version": 0
        }
      ]
    },
    {
      "mode": "data",
      "type": "aws_region",
      "name": "current",
      "provider": "provider[\"registry.terraform.io/hashicorp/aws\"]",
      "instances": [
        {
          "schema_version": 0,
          "attributes": {
            "description": "US East (N. Virginia)",
            "endpoint": "ec2.us-east-1.amazonaws.com",
            "id": "us-east-1",
            "name": "us-east-1",
            "region": "us-east-1"
          },
          "sensitive_attributes": [],
          "identity_schema_version": 0
        }
      ]
    },
    {
      "mode": "managed",
      "type": "aws_iam_policy",
      "name": "neptune_access",
      "provider": "provider[\"registry.terraform.io/hashicorp/aws\"]",
      "instances": [
        {
          "schema_version": 0,
          "attributes": {
            "arn": "arn:aws:iam::376337229415:policy/cv-matcher-neptune-access-dev",
            "attachment_count": 0,
            "description": "Policy for accessing Neptune GraphRAG cluster",
            "id": "arn:aws:iam::376337229415:policy/cv-matcher-neptune-access-dev",
            "name": "cv-matcher-neptune-access-dev",
            "name_prefix": "",
            "path": "/",
            "policy": "{\"Statement\":[{\"Action\":[\"neptune-db:connect\",\"neptune-db:ReadDataViaQuery\",\"neptune-db:WriteDataViaQuery\",\"neptune-db:DeleteDataViaQuery\",\"neptune-db:GetQueryStatus\",\"neptune-db:CancelQuery\"],\"Effect\":\"Allow\",\"Resource\":\"arn:aws:rds:us-east-1:376337229415:cluster:cv-matcher-neptune-dev/*\"},{\"Action\":[\"kms:Decrypt\",\"kms:GenerateDataKey\"],\"Effect\":\"Allow\",\"Resource\":\"arn:aws:kms:us-east-1:376337229415:key/263a2a77-7456-4211-a90a-70cd30e7218d\"}],\"Version\":\"2012-10-17\"}",
            "policy_id": "ANPAVPH3SMZTRIH5ZWHUV",
            "tags": {},
            "tags_all": {
              "Environment": "dev",
              "ManagedBy": "terraform",
              "Project": "cv-matcher-graphrag"
            }
          },
          "sensitive_attributes": [],
          "identity_schema_version": 0,
          "identity": {
            "arn": "arn:aws:iam::376337229415:policy/cv-matcher-neptune-access-dev"
          },
          "private": "bnVsbA==",
          "dependencies": [
            "aws_neptune_cluster.graphrag",
            "aws_neptune_subnet_group.graphrag",
            "aws_security_group.neptune",
            "module.kms_neptune.aws_kms_external_key.this",
            "module.kms_neptune.aws_kms_key.this",
            "module.kms_neptune.aws_kms_replica_external_key.this",
            "module.kms_neptune.aws_kms_replica_key.this",
            "module.kms_neptune.data.aws_caller_identity.current",
            "module.kms_neptune.data.aws_iam_policy_document.this",
            "module.kms_neptune.data.aws_partition.current"
          ]
        }
      ]
    },
    {
      "mode": "managed",
      "type": "aws_iam_policy",
      "name": "opensearch_access",
      "provider": "provider[\"registry.terraform.io/hashicorp/aws\"]",
      "instances": [
        {
          "schema_version": 0,
          "attributes": {
            "arn": "arn:aws:iam::376337229415:policy/cv-matcher-opensearch-access-dev",
            "attachment_count": 0,
            "description": "Policy for accessing OpenSearch Serverless vector store",
            "id": "arn:aws:iam::376337229415:policy/cv-matcher-opensearch-access-dev",
            "name": "cv-matcher-opensearch-access-dev",
            "name_prefix": "",
            "path": "/",
            "policy": "{\"Statement\":[{\"Action\":[\"aoss:APIAccessAll\"],\"Effect\":\"Allow\",\"Resource\":\"arn:aws:aoss:us-east-1:376337229415:collection/tfmcaeijoapbgqt7edc7\"}],\"Version\":\"2012-10-17\"}",
            "policy_id": "ANPAVPH3SMZTVJZQ52YAK",
            "tags": null,
            "tags_all": {
              "Environment": "dev",
              "ManagedBy": "terraform",
              "Project": "cv-matcher-graphrag"
            }
          },
          "sensitive_attributes": [],
          "identity_schema_version": 0,
          "identity": {
            "arn": "arn:aws:iam::376337229415:policy/cv-matcher-opensearch-access-dev"
          },
          "private": "bnVsbA==",
          "dependencies": [
            "aws_opensearchserverless_access_policy.data",
            "aws_opensearchserverless_collection.vectors",
            "aws_opensearchserverless_security_policy.encryption",
            "aws_opensearchserverless_security_policy.network"
          ]
        }
      ]
    },
    {
      "mode": "managed",
      "type": "aws_neptune_cluster",
      "name": "graphrag",
      "provider": "provider[\"registry.terraform.io/hashicorp/aws\"]",
      "instances": [
        {
          "schema_version": 0,
          "attributes": {
            "allow_major_version_upgrade": null,
            "apply_immediately": null,
            "arn": "arn:aws:rds:us-east-1:376337229415:cluster:cv-matcher-neptune-dev",
            "availability_zones": [
              "us-east-1a",
              "us-east-1b",
              "us-east-1d"
            ],
            "backup_retention_period": 7,
            "cluster_identifier": "cv-matcher-neptune-dev",
            "cluster_identifier_prefix": "",
            "cluster_members": [
              "tf-20260106021017935800000004"
            ],
            "cluster_resource_id": "cluster-63C4KX7FYT4W3SHMCUDHGAC6EQ",
            "copy_tags_to_snapshot": false,
            "deletion_protection": false,
            "enable_cloudwatch_logs_exports": [],
            "endpoint": "cv-matcher-neptune-dev.cluster-cg9we74vymgv.us-east-1.neptune.amazonaws.com",
            "engine": "neptune",
            "engine_version": "1.3.1.0",
            "final_snapshot_identifier": null,
            "global_cluster_identifier": "",
            "hosted_zone_id": "ZUFXD4SLT2LS7",
            "iam_database_authentication_enabled": true,
            "iam_roles": [],
            "id": "cv-matcher-neptune-dev",
            "kms_key_arn": "arn:aws:kms:us-east-1:376337229415:key/263a2a77-7456-4211-a90a-70cd30e7218d",
            "neptune_cluster_parameter_group_name": "default.neptune1.3",
            "neptune_instance_parameter_group_name": null,
            "neptune_subnet_group_name": "cv-matcher-neptune-subnet-group",
            "port": 8182,
            "preferred_backup_window": "02:00-03:00",
            "preferred_maintenance_window": "wed:06:41-wed:07:11",
            "reader_endpoint": "cv-matcher-neptune-dev.cluster-ro-cg9we74vymgv.us-east-1.neptune.amazonaws.com",
            "region": "us-east-1",
            "replication_source_identifier": "",
            "serverless_v2_scaling_configuration": [
              {
                "max_capacity": 8,
                "min_capacity": 1
              }
            ],
            "skip_final_snapshot": true,
            "snapshot_identifier": null,
            "storage_encrypted": true,
            "storage_type": "",
            "tags": {
              "Environment": "dev",
              "Name": "cv-matcher-neptune",
              "Purpose": "GraphRAG lexical-graph store"
            },
            "tags_all": {
              "Environment": "dev",
              "ManagedBy": "terraform",
              "Name": "cv-matcher-neptune",
              "Project": "cv-matcher-graphrag",
              "Purpose": "GraphRAG lexical-graph store"
            },
            "timeouts": null,
            "vpc_security_group_ids": [
              "sg-0f93bb3c171c8965c"
            ]
          },
          "sensitive_attributes": [],
          "identity_schema_version": 0,
          "private": "eyJlMmJmYjczMC1lY2FhLTExZTYtOGY4OC0zNDM2M2JjN2M0YzAiOnsiY3JlYXRlIjo3MjAwMDAwMDAwMDAwLCJkZWxldGUiOjcyMDAwMDAwMDAwMDAsInVwZGF0ZSI6NzIwMDAwMDAwMDAwMH19",
          "dependencies": [
            "aws_neptune_subnet_group.graphrag",
            "aws_security_group.neptune",
            "module.kms_neptune.aws_kms_external_key.this",
            "module.kms_neptune.aws_kms_key.this",
            "module.kms_neptune.aws_kms_replica_external_key.this",
            "module.kms_neptune.aws_kms_replica_key.this",
            "module.kms_neptune.data.aws_caller_identity.current",
            "module.kms_neptune.data.aws_iam_policy_document.this",
            "module.kms_neptune.data.aws_partition.current"
          ]
        }
      ]
    },
    {
      "mode": "managed",
      "type": "aws_neptune_cluster_instance",
      "name": "graphrag",
      "provider": "provider[\"registry.terraform.io/hashicorp/aws\"]",
      "instances": [
        {
          "index_key": 0,
          "schema_version": 0,
          "attributes": {
            "address": "tf-20260106021017935800000004.cg9we74vymgv.us-east-1.neptune.amazonaws.com",
            "apply_immediately": null,
            "arn": "arn:aws:rds:us-east-1:376337229415:db:tf-20260106021017935800000004",
            "auto_minor_version_upgrade": true,
            "availability_zone": "us-east-1a",
            "cluster_identifier": "cv-matcher-neptune-dev",
            "dbi_resource_id": "db-BVSWVGB2237FBT3AKR4UJKAZEU",
            "endpoint": "tf-20260106021017935800000004.cg9we74vymgv.us-east-1.neptune.amazonaws.com:8182",
            "engine": "neptune",
            "engine_version": "1.3.1.0",
            "id": "tf-20260106021017935800000004",
            "identifier": "tf-20260106021017935800000004",
            "identifier_prefix": "tf-",
            "instance_class": "db.serverless",
            "kms_key_arn": "arn:aws:kms:us-east-1:376337229415:key/263a2a77-7456-4211-a90a-70cd30e7218d",
            "neptune_parameter_group_name": "default.neptune1.3",
            "neptune_subnet_group_name": "cv-matcher-neptune-subnet-group",
            "port": 8182,
            "preferred_backup_window": "02:00-03:00",
            "preferred_maintenance_window": "sun:05:28-sun:05:58",
            "promotion_tier": 0,
            "publicly_accessible": false,
            "region": "us-east-1",
            "skip_final_snapshot": null,
            "storage_encrypted": true,
            "storage_type": "standard",
            "tags": {
              "Environment": "dev",
              "Name": "cv-matcher-neptune-instance"
            },
            "tags_all": {
              "Environment": "dev",
              "ManagedBy": "terraform",
              "Name": "cv-matcher-neptune-instance",
              "Project": "cv-matcher-graphrag"
            },
            "timeouts": null,
            "writer": true
          },
          "sensitive_attributes": [],
          "identity_schema_version": 0,
          "private": "eyJlMmJmYjczMC1lY2FhLTExZTYtOGY4OC0zNDM2M2JjN2M0YzAiOnsiY3JlYXRlIjo1NDAwMDAwMDAwMDAwLCJkZWxldGUiOjU0MDAwMDAwMDAwMDAsInVwZGF0ZSI6NTQwMDAwMDAwMDAwMH19",
          "dependencies": [
            "aws_neptune_cluster.graphrag",
            "aws_neptune_subnet_group.graphrag",
            "aws_security_group.neptune",
            "module.kms_neptune.aws_kms_external_key.this",
            "module.kms_neptune.aws_kms_key.this",
            "module.kms_neptune.aws_kms_replica_external_key.this",
            "module.kms_neptune.aws_kms_replica_key.this",
            "module.kms_neptune.data.aws_caller_identity.current",
            "module.kms_neptune.data.aws_iam_policy_document.this",
            "module.kms_neptune.data.aws_partition.current"
          ]
        }
      ]
    },
    {
      "mode": "managed",
      "type": "aws_neptune_subnet_group",
      "name": "graphrag",
      "provider": "provider[\"registry.terraform.io/hashicorp/aws\"]",
      "instances": [
        {
          "schema_version": 0,
          "attributes": {
            "arn": "arn:aws:rds:us-east-1:376337229415:subgrp:cv-matcher-neptune-subnet-group",
            "description": "Managed by Terraform",
            "id": "cv-matcher-neptune-subnet-group",
            "name": "cv-matcher-neptune-subnet-group",
            "name_prefix": "",
            "region": "us-east-1",
            "subnet_ids": [
              "subnet-04fd3ba1aa9d56cb0",
              "subnet-0d52c6f2a1e754f4e"
            ],
            "tags": {
              "Environment": "dev",
              "Name": "cv-matcher-neptune-subnet-group"
            },
            "tags_all": {
              "Environment": "dev",
              "ManagedBy": "terraform",
              "Name": "cv-matcher-neptune-subnet-group",
              "Project": "cv-matcher-graphrag"
            }
          },
          "sensitive_attributes": [],
          "identity_schema_version": 0,
          "private": "bnVsbA=="
        }
      ]
    },
    {
      "mode": "managed",
      "type": "aws_opensearchserverless_access_policy",
      "name": "data",
      "provider": "provider[\"registry.terraform.io/hashicorp/aws\"]",
      "instances": [
        {
          "schema_version": 0,
          "attributes": {
            "description": null,
            "id": "cv-vectors-dev-access",
            "name": "cv-vectors-dev-access",
            "policy": "[{\"Principal\":[\"arn:aws:iam::376337229415:user/ryankarlos\"],\"Rules\":[{\"Permission\":[\"aoss:CreateCollectionItems\",\"aoss:DeleteCollectionItems\",\"aoss:UpdateCollectionItems\",\"aoss:DescribeCollectionItems\"],\"Resource\":[\"collection/cv-vectors-dev\"],\"ResourceType\":\"collection\"},{\"Permission\":[\"aoss:CreateIndex\",\"aoss:DeleteIndex\",\"aoss:UpdateIndex\",\"aoss:DescribeIndex\",\"aoss:ReadDocument\",\"aoss:WriteDocument\"],\"Resource\":[\"index/cv-vectors-dev/*\"],\"ResourceType\":\"index\"}]}]",
            "policy_version": "MTc2NzY2NTM2ODc3NF8x",
            "region": "us-east-1",
            "type": "data"
          },
          "sensitive_attributes": [],
          "identity_schema_version": 0
        }
      ]
    },
    {
      "mode": "managed",
      "type": "aws_opensearchserverless_collection",
      "name": "vectors",
      "provider": "provider[\"registry.terraform.io/hashicorp/aws\"]",
      "instances": [
        {
          "schema_version": 0,
          "attributes": {
            "arn": "arn:aws:aoss:us-east-1:376337229415:collection/tfmcaeijoapbgqt7edc7",
            "collection_endpoint": "https://tfmcaeijoapbgqt7edc7.us-east-1.aoss.amazonaws.com",
            "dashboard_endpoint": "https://tfmcaeijoapbgqt7edc7.us-east-1.aoss.amazonaws.com/_dashboards",
            "description": "Vector store for CV matcher GraphRAG",
            "id": "tfmcaeijoapbgqt7edc7",
            "kms_key_arn": "auto",
            "name": "cv-vectors-dev",
            "region": "us-east-1",
            "standby_replicas": "ENABLED",
            "tags": {
              "Environment": "dev",
              "Name": "cv-vectors-dev",
              "Purpose": "GraphRAG vector store"
            },
            "tags_all": {
              "Environment": "dev",
              "ManagedBy": "terraform",
              "Name": "cv-vectors-dev",
              "Project": "cv-matcher-graphrag",
              "Purpose": "GraphRAG vector store"
            },
            "timeouts": null,
            "type": "VECTORSEARCH"
          },
          "sensitive_attributes": [],
          "identity_schema_version": 0,
          "dependencies": [
            "aws_opensearchserverless_access_policy.data",
            "aws_opensearchserverless_security_policy.encryption",
            "aws_opensearchserverless_security_policy.network"
          ]
        }
      ]
    },
    {
      "mode": "managed",
      "type": "aws_opensearchserverless_security_policy",
      "name": "encryption",
      "provider": "provider[\"registry.terraform.io/hashicorp/aws\"]",
      "instances": [
        {
          "schema_version": 0,
          "attributes": {
            "description": null,
            "id": "cv-vectors-dev-encryption",
            "name": "cv-vectors-dev-encryption",
            "policy": "{\"AWSOwnedKey\":true,\"Rules\":[{\"Resource\":[\"collection/cv-vectors-dev\"],\"ResourceType\":\"collection\"}]}",
            "policy_version": "MTc2NzY2NTM2ODg0NF8x",
            "region": "us-east-1",
            "type": "encryption"
          },
          "sensitive_attributes": [],
          "identity_schema_version": 0
        }
      ]
    },
    {
      "mode": "managed",
      "type": "aws_opensearchserverless_security_policy",
      "name": "network",
      "provider": "provider[\"registry.terraform.io/hashicorp/aws\"]",
      "instances": [
        {
          "schema_version": 0,
          "attributes": {
            "description": null,
            "id": "cv-vectors-dev-network",
            "name": "cv-vectors-dev-network",
            "policy": "[{\"AllowFromPublic\":true,\"Rules\":[{\"Resource\":[\"collection/cv-vectors-dev\"],\"ResourceType\":\"collection\"}]}]",
            "policy_version": "MTc2NzY2NjA4NDc1NF8x",
            "region": "us-east-1",
            "type": "network"
          },
          "sensitive_attributes": [],
          "identity_schema_version": 0
        }
      ]
    },
    {
      "mode": "managed",
      "type": "aws_security_group",
      "name": "neptune",
      "provider": "provider[\"registry.terraform.io/hashicorp/aws\"]",
      "instances": [
        {
          "schema_version": 1,
          "attributes": {
            "arn": "arn:aws:ec2:us-east-1:376337229415:security-group/sg-0f93bb3c171c8965c",
            "description": "Security group for Neptune GraphRAG cluster",
            "egress": [
              {
                "cidr_blocks": [
                  "0.0.0.0/0"
                ],
                "description": "",
                "from_port": 0,
                "ipv6_cidr_blocks": [],
                "prefix_list_ids": [],
                "protocol": "-1",
                "security_groups": [],
                "self": false,
                "to_port": 0
              }
            ],
            "id": "sg-0f93bb3c171c8965c",
            "ingress": [
              {
                "cidr_blocks": [
                  "10.0.0.0/16"
                ],
                "description": "Neptune from VPC",
                "from_port": 8182,
                "ipv6_cidr_blocks": [],
                "prefix_list_ids": [],
                "protocol": "tcp",
                "security_groups": [],
                "self": false,
                "to_port": 8182
              }
            ],
            "name": "cv-matcher-neptune-sg",
            "name_prefix": "",
            "owner_id": "376337229415",
            "region": "us-east-1",
            "revoke_rules_on_delete": false,
            "tags": {
              "Environment": "dev",
              "Name": "cv-matcher-neptune-sg"
            },
            "tags_all": {
              "Environment": "dev",
              "ManagedBy": "terraform",
              "Name": "cv-matcher-neptune-sg",
              "Project": "cv-matcher-graphrag"
            },
            "timeouts": null,
            "vpc_id": "vpc-05c7628a7a70e7e0f"
          },
          "sensitive_attributes": [],
          "identity_schema_version": 0,
          "identity": {
            "account_id": "376337229415",
            "id": "sg-0f93bb3c171c8965c",
            "region": "us-east-1"
          },
          "private": "eyJlMmJmYjczMC1lY2FhLTExZTYtOGY4OC0zNDM2M2JjN2M0YzAiOnsiY3JlYXRlIjo2MDAwMDAwMDAwMDAsImRlbGV0ZSI6OTAwMDAwMDAwMDAwfSwic2NoZW1hX3ZlcnNpb24iOiIxIn0="
        }
      ]
    },
    {
      "mode": "managed",
      "type": "aws_ssm_parameter",
      "name": "neptune_endpoint",
      "provider": "provider[\"registry.terraform.io/hashicorp/aws\"]",
      "instances": [
        {
          "schema_version": 0,
          "attributes": {
            "allowed_pattern": "",
            "arn": "arn:aws:ssm:us-east-1:376337229415:parameter/neptune-endpoint-dev",
            "data_type": "text",
            "description": "",
            "has_value_wo": false,
            "id": "neptune-endpoint-dev",
            "insecure_value": null,
            "key_id": "",
            "name": "neptune-endpoint-dev",
            "overwrite": null,
            "region": "us-east-1",
            "tags": {},
            "tags_all": {
              "Environment": "dev",
              "ManagedBy": "terraform",
              "Project": "cv-matcher-graphrag"
            },
            "tier": "Standard",
            "type": "String",
            "value": "cv-matcher-neptune-dev.cluster-cg9we74vymgv.us-east-1.neptune.amazonaws.com",
            "value_wo": null,
            "value_wo_version": null,
            "version": 1
          },
          "sensitive_attributes": [
            [
              {
                "type": "get_attr",
                "value": "value"
              }
            ],
            [
              {
                "type": "get_attr",
                "value": "value_wo"
              }
            ]
          ],
          "identity_schema_version": 0,
          "identity": {
            "account_id": "376337229415",
            "name": "neptune-endpoint-dev",
            "region": "us-east-1"
          },
          "private": "bnVsbA==",
          "dependencies": [
            "aws_neptune_cluster.graphrag",
            "aws_neptune_subnet_group.graphrag",
            "aws_security_group.neptune",
            "module.kms_neptune.aws_kms_external_key.this",
            "module.kms_neptune.aws_kms_key.this",
            "module.kms_neptune.aws_kms_replica_external_key.this",
            "module.kms_neptune.aws_kms_replica_key.this",
            "module.kms_neptune.data.aws_caller_identity.current",
            "module.kms_neptune.data.aws_iam_policy_document.this",
            "module.kms_neptune.data.aws_partition.current"
          ]
        }
      ]
    },
    {
      "mode": "managed",
      "type": "aws_ssm_parameter",
      "name": "neptune_reader_endpoint",
      "provider": "provider[\"registry.terraform.io/hashicorp/aws\"]",
      "instances": [
        {
          "schema_version": 0,
          "attributes": {
            "allowed_pattern": "",
            "arn": "arn:aws:ssm:us-east-1:376337229415:parameter/neptune-reader-endpoint-dev",
            "data_type": "text",
            "description": "",
            "has_value_wo": false,
            "id": "neptune-reader-endpoint-dev",
            "insecure_value": null,
            "key_id": "",
            "name": "neptune-reader-endpoint-dev",
            "overwrite": null,
            "region": "us-east-1",
            "tags": {},
            "tags_all": {
              "Environment": "dev",
              "ManagedBy": "terraform",
              "Project": "cv-matcher-graphrag"
            },
            "tier": "Standard",
            "type": "String",
            "value": "cv-matcher-neptune-dev.cluster-ro-cg9we74vymgv.us-east-1.neptune.amazonaws.com",
            "value_wo": null,
            "value_wo_version": null,
            "version": 1
          },
          "sensitive_attributes": [
            [
              {
                "type": "get_attr",
                "value": "value"
              }
            ],
            [
              {
                "type": "get_attr",
                "value": "value_wo"
              }
            ]
          ],
          "identity_schema_version": 0,
          "identity": {
            "account_id": "376337229415",
            "name": "neptune-reader-endpoint-dev",
            "region": "us-east-1"
          },
          "private": "bnVsbA==",
          "dependencies": [
            "aws_neptune_cluster.graphrag",
            "aws_neptune_subnet_group.graphrag",
            "aws_security_group.neptune",
            "module.kms_neptune.aws_kms_external_key.this",
            "module.kms_neptune.aws_kms_key.this",
            "module.kms_neptune.aws_kms_replica_external_key.this",
            "module.kms_neptune.aws_kms_replica_key.this",
            "module.kms_neptune.data.aws_caller_identity.current",
            "module.kms_neptune.data.aws_iam_policy_document.this",
            "module.kms_neptune.data.aws_partition.current"
          ]
        }
      ]
    },
    {
      "module": "module.kms_neptune",
      "mode": "data",
      "type": "aws_caller_identity",
      "name": "current",
      "provider": "provider[\"registry.terraform.io/hashicorp/aws\"]",
      "instances": [
        {
          "index_key": 0,
          "schema_version": 0,
          "attributes": {
            "account_id": "376337229415",
            "arn": "arn:aws:iam::376337229415:user/ryankarlos",
            "id": "376337229415",
            "user_id": "AIDAVPH3SMZTWPJBBVECF"
          },
          "sensitive_attributes": [],
          "identity_schema_version": 0
        }
      ]
    },
    {
      "module": "module.kms_neptune",
      "mode": "data",
      "type": "aws_iam_policy_document",
      "name": "this",
      "provider": "provider[\"registry.terraform.io/hashicorp/aws\"]",
      "instances": [
        {
          "index_key": 0,
          "schema_version": 0,
          "attributes": {
            "id": "150152252",
            "json": "{\n  \"Version\": \"2012-10-17\",\n  \"Statement\": [\n    {\n      \"Sid\": \"Default\",\n      \"Effect\": \"Allow\",\n      \"Action\": \"kms:*\",\n      \"Resource\": \"*\",\n      \"Principal\": {\n        \"AWS\": \"arn:aws:iam::376337229415:root\"\n      }\n    },\n    {\n      \"Sid\": \"KeyAdministration\",\n      \"Effect\": \"Allow\",\n      \"Action\": [\n        \"kms:Update*\",\n        \"kms:UntagResource\",\n        \"kms:TagResource\",\n        \"kms:ScheduleKeyDeletion\",\n        \"kms:Revoke*\",\n        \"kms:ReplicateKey\",\n        \"kms:Put*\",\n        \"kms:List*\",\n        \"kms:ImportKeyMaterial\",\n        \"kms:Get*\",\n        \"kms:Enable*\",\n        \"kms:Disable*\",\n        \"kms:Describe*\",\n        \"kms:Delete*\",\n        \"kms:Create*\",\n        \"kms:CancelKeyDeletion\"\n      ],\n      \"Resource\": \"*\",\n      \"Principal\": {\n        \"AWS\": \"arn:aws:iam::376337229415:user/ryankarlos\"\n      }\n    },\n    {\n      \"Sid\": \"KeyUsage\",\n      \"Effect\": \"Allow\",\n      \"Action\": [\n        \"kms:ReEncrypt*\",\n        \"kms:GenerateDataKey*\",\n        \"kms:Encrypt\",\n        \"kms:DescribeKey\",\n        \"kms:Decrypt\"\n      ],\n      \"Resource\": \"*\",\n      \"Principal\": {\n        \"AWS\": \"arn:aws:iam::376337229415:user/ryankarlos\"\n      }\n    }\n  ]\n}",
            "minified_json": "{\"Version\":\"2012-10-17\",\"Statement\":[{\"Sid\":\"Default\",\"Effect\":\"Allow\",\"Action\":\"kms:*\",\"Resource\":\"*\",\"Principal\":{\"AWS\":\"arn:aws:iam::376337229415:root\"}},{\"Sid\":\"KeyAdministration\",\"Effect\":\"Allow\",\"Action\":[\"kms:Update*\",\"kms:UntagResource\",\"kms:TagResource\",\"kms:ScheduleKeyDeletion\",\"kms:Revoke*\",\"kms:ReplicateKey\",\"kms:Put*\",\"kms:List*\",\"kms:ImportKeyMaterial\",\"kms:Get*\",\"kms:Enable*\",\"kms:Disable*\",\"kms:Describe*\",\"kms:Delete*\",\"kms:Create*\",\"kms:CancelKeyDeletion\"],\"Resource\":\"*\",\"Principal\":{\"AWS\":\"arn:aws:iam::376337229415:user/ryankarlos\"}},{\"Sid\":\"KeyUsage\",\"Effect\":\"Allow\",\"Action\":[\"kms:ReEncrypt*\",\"kms:GenerateDataKey*\",\"kms:Encrypt\",\"kms:DescribeKey\",\"kms:Decrypt\"],\"Resource\":\"*\",\"Principal\":{\"AWS\":\"arn:aws:iam::376337229415:user/ryankarlos\"}}]}",
            "override_json": null,
            "override_policy_documents": null,
            "policy_id": null,
            "source_json": null,
            "source_policy_documents": null,
            "statement": [
              {
                "actions": [
                  "kms:*"
                ],
                "condition": [],
                "effect": "Allow",
                "not_actions": [],
                "not_principals": [],
                "not_resources": [],
                "principals": [
                  {
                    "identifiers": [
                      "arn:aws:iam::376337229415:root"
                    ],
                    "type": "AWS"
                  }
                ],
                "resources": [
                  "*"
                ],
                "sid": "Default"
              },
              {
                "actions": [
                  "kms:CancelKeyDeletion",
                  "kms:Create*",
                  "kms:Delete*",
                  "kms:Describe*",
                  "kms:Disable*",
                  "kms:Enable*",
                  "kms:Get*",
                  "kms:ImportKeyMaterial",
                  "kms:List*",
                  "kms:Put*",
                  "kms:ReplicateKey",
                  "kms:Revoke*",
                  "kms:ScheduleKeyDeletion",
                  "kms:TagResource",
                  "kms:UntagResource",
                  "kms:Update*"
                ],
                "condition": [],
                "effect": "Allow",
                "not_actions": [],
                "not_principals": [],
                "not_resources": [],
                "principals": [
                  {
                    "identifiers": [
                      "arn:aws:iam::376337229415:user/ryankarlos"
                    ],
                    "type": "AWS"
                  }
                ],
                "resources": [
                  "*"
                ],
                "sid": "KeyAdministration"
              },
              {
                "actions": [
                  "kms:Decrypt",
                  "kms:DescribeKey",
                  "kms:Encrypt",
                  "kms:GenerateDataKey*",
                  "kms:ReEncrypt*"
                ],
                "condition": [],
                "effect": "Allow",
                "not_actions": [],
                "not_principals": [],
                "not_resources": [],
                "principals": [
                  {
                    "identifiers": [
                      "arn:aws:iam::376337229415:user/ryankarlos"
                    ],
                    "type": "AWS"
                  }
                ],
                "resources": [
                  "*"
                ],
                "sid": "KeyUsage"
              }
            ],
            "version": "2012-10-17"
          },
          "sensitive_attributes": [],
          "identity_schema_version": 0
        }
      ]
    },
    {
      "module": "module.kms_neptune",
      "mode": "data",
      "type": "aws_partition",
      "name": "current",
      "provider": "provider[\"registry.terraform.io/hashicorp/aws\"]",
      "instances": [
        {
          "index_key": 0,
          "schema_version": 0,
          "attributes": {
            "dns_suffix": "amazonaws.com",
            "id": "aws",
            "partition": "aws",
            "reverse_dns_prefix": "com.amazonaws"
          },
          "sensitive_attributes": [],
          "identity_schema_version": 0
        }
      ]
    },
    {
      "module": "module.kms_neptune",
      "mode": "managed",
      "type": "aws_kms_alias",
      "name": "this",
      "provider": "provider[\"registry.terraform.io/hashicorp/aws\"]",
      "instances": [
        {
          "index_key": "cv-matcher-neptune-dev",
          "schema_version": 0,
          "attributes": {
            "arn": "arn:aws:kms:us-east-1:376337229415:alias/cv-matcher-neptune-dev",
            "id": "alias/cv-matcher-neptune-dev",
            "name": "alias/cv-matcher-neptune-dev",
            "name_prefix": "",
            "region": "us-east-1",
            "target_key_arn": "arn:aws:kms:us-east-1:376337229415:key/263a2a77-7456-4211-a90a-70cd30e7218d",
            "target_key_id": "263a2a77-7456-4211-a90a-70cd30e7218d"
          },
          "sensitive_attributes": [],
          "identity_schema_version": 0,
          "identity": {
            "account_id": "376337229415",
            "name": "alias/cv-matcher-neptune-dev",
            "region": "us-east-1"
          },
          "private": "bnVsbA==",
          "dependencies": [
            "module.kms_neptune.aws_kms_external_key.this",
            "module.kms_neptune.aws_kms_key.this",
            "module.kms_neptune.aws_kms_replica_external_key.this",
            "module.kms_neptune.aws_kms_replica_key.this",
            "module.kms_neptune.data.aws_caller_identity.current",
            "module.kms_neptune.data.aws_iam_policy_document.this",
            "module.kms_neptune.data.aws_partition.current"
          ]
        }
      ]
    },
    {
      "module": "module.kms_neptune",
      "mode": "managed",
      "type": "aws_kms_key",
      "name": "this",
      "provider": "provider[\"registry.terraform.io/hashicorp/aws\"]",
      "instances": [
        {
          "index_key": 0,
          "schema_version": 0,
          "attributes": {
            "arn": "arn:aws:kms:us-east-1:376337229415:key/263a2a77-7456-4211-a90a-70cd30e7218d",
            "bypass_policy_lockout_safety_check": false,
            "custom_key_store_id": "",
            "customer_master_key_spec": "SYMMETRIC_DEFAULT",
            "deletion_window_in_days": null,
            "description": "KMS key for Neptune cluster encryption",
            "enable_key_rotation": true,
            "id": "263a2a77-7456-4211-a90a-70cd30e7218d",
            "is_enabled": true,
            "key_id": "263a2a77-7456-4211-a90a-70cd30e7218d",
            "key_usage": "ENCRYPT_DECRYPT",
            "multi_region": false,
            "policy": "{\"Statement\":[{\"Action\":\"kms:*\",\"Effect\":\"Allow\",\"Principal\":{\"AWS\":\"arn:aws:iam::376337229415:root\"},\"Resource\":\"*\",\"Sid\":\"Default\"},{\"Action\":[\"kms:Update*\",\"kms:UntagResource\",\"kms:TagResource\",\"kms:ScheduleKeyDeletion\",\"kms:Revoke*\",\"kms:ReplicateKey\",\"kms:Put*\",\"kms:List*\",\"kms:ImportKeyMaterial\",\"kms:Get*\",\"kms:Enable*\",\"kms:Disable*\",\"kms:Describe*\",\"kms:Delete*\",\"kms:Create*\",\"kms:CancelKeyDeletion\"],\"Effect\":\"Allow\",\"Principal\":{\"AWS\":\"arn:aws:iam::376337229415:user/ryankarlos\"},\"Resource\":\"*\",\"Sid\":\"KeyAdministration\"},{\"Action\":[\"kms:ReEncrypt*\",\"kms:GenerateDataKey*\",\"kms:Encrypt\",\"kms:DescribeKey\",\"kms:Decrypt\"],\"Effect\":\"Allow\",\"Principal\":{\"AWS\":\"arn:aws:iam::376337229415:user/ryankarlos\"},\"Resource\":\"*\",\"Sid\":\"KeyUsage\"}],\"Version\":\"2012-10-17\"}",
            "region": "us-east-1",
            "rotation_period_in_days": 365,
            "tags": {
              "Environment": "dev"
            },
            "tags_all": {
              "Environment": "dev",
              "ManagedBy": "terraform",
              "Project": "cv-matcher-graphrag"
            },
            "timeouts": null,
            "xks_key_id": ""
          },
          "sensitive_attributes": [],
          "identity_schema_version": 0,
          "identity": {
            "account_id": "376337229415",
            "id": "263a2a77-7456-4211-a90a-70cd30e7218d",
            "region": "us-east-1"
          },
          "private": "eyJlMmJmYjczMC1lY2FhLTExZTYtOGY4OC0zNDM2M2JjN2M0YzAiOnsiY3JlYXRlIjoxMjAwMDAwMDAwMDB9fQ==",
          "dependencies": [
            "module.kms_neptune.data.aws_caller_identity.current",
            "module.kms_neptune.data.aws_iam_policy_document.this",
            "module.kms_neptune.data.aws_partition.current"
          ]
        }
      ]
    }
  ],
  "check_results": null
}
